<?xml version="1.0" encoding="utf-8"?>
<Project ToolsVersion="4.0" xmlns="http://schemas.microsoft.com/developer/msbuild/2003">
  <ItemGroup>
    <Filter Include="Source Files">
      <UniqueIdentifier>{4FC737F1-C7A5-4376-A066-2A32D752A2FF}</UniqueIdentifier>
      <Extensions>cpp;c;cc;cxx;def;odl;idl;hpj;bat;asm;asmx</Extensions>
    </Filter>
    <Filter Include="Header Files">
      <UniqueIdentifier>{93995380-89BD-4b04-88EB-625FBE52EBFB}</UniqueIdentifier>
      <Extensions>h;hh;hpp;hxx;hm;inl;inc;xsd</Extensions>
    </Filter>
    <Filter Include="Resource Files">
      <UniqueIdentifier>{67DA6AB6-F800-4c08-8B7A-83BB121AAD01}</UniqueIdentifier>
      <Extensions>rc;ico;cur;bmp;dlg;rc2;rct;bin;rgs;gif;jpg;jpeg;jpe;resx;tiff;tif;png;wav;mfcribbon-ms</Extensions>
    </Filter>
    <Filter Include="Header Files\freetype">
      <UniqueIdentifier>{2c086b77-6082-4088-8e9a-e05321fae6c6}</UniqueIdentifier>
    </Filter>
    <Filter Include="Source Files\freetype">
      <UniqueIdentifier>{d11ae2a7-a761-4792-952f-86e40fe90b23}</UniqueIdentifier>
    </Filter>
  </ItemGroup>
  <ItemGroup>
    <ClCompile Include="..\..\libs\photon\photon.c">
      <Filter>Source Files</Filter>
    </ClCompile>
    <ClCompile Include="..\..\libs\photon\adler32.c">
      <Filter>Source Files\freetype</Filter>
    </ClCompile>
    <ClCompile Include="..\..\libs\photon\afangles.c">
      <Filter>Source Files\freetype</Filter>
    </ClCompile>
    <ClCompile Include="..\..\libs\photon\afblue.c">
      <Filter>Source Files\freetype</Filter>
    </ClCompile>
    <ClCompile Include="..\..\libs\photon\afcjk.c">
      <Filter>Source Files\freetype</Filter>
    </ClCompile>
    <ClCompile Include="..\..\libs\photon\afdummy.c">
      <Filter>Source Files\freetype</Filter>
    </ClCompile>
    <ClCompile Include="..\..\libs\photon\afglobal.c">
      <Filter>Source Files\freetype</Filter>
    </ClCompile>
    <ClCompile Include="..\..\libs\photon\afhints.c">
      <Filter>Source Files\freetype</Filter>
    </ClCompile>
    <ClCompile Include="..\..\libs\photon\afindic.c">
      <Filter>Source Files\freetype</Filter>
    </ClCompile>
    <ClCompile Include="..\..\libs\photon\aflatin.c">
      <Filter>Source Files\freetype</Filter>
    </ClCompile>
    <ClCompile Include="..\..\libs\photon\aflatin2.c">
      <Filter>Source Files\freetype</Filter>
    </ClCompile>
    <ClCompile Include="..\..\libs\photon\afloader.c">
      <Filter>Source Files\freetype</Filter>
    </ClCompile>
    <ClCompile Include="..\..\libs\photon\afmodule.c">
      <Filter>Source Files\freetype</Filter>
    </ClCompile>
    <ClCompile Include="..\..\libs\photon\afmparse.c">
      <Filter>Source Files\freetype</Filter>
    </ClCompile>
    <ClCompile Include="..\..\libs\photon\afpic.c">
      <Filter>Source Files\freetype</Filter>
    </ClCompile>
    <ClCompile Include="..\..\libs\photon\afranges.c">
      <Filter>Source Files\freetype</Filter>
    </ClCompile>
    <ClCompile Include="..\..\libs\photon\afshaper.c">
      <Filter>Source Files\freetype</Filter>
    </ClCompile>
    <ClCompile Include="..\..\libs\photon\afwarp.c">
      <Filter>Source Files\freetype</Filter>
    </ClCompile>
    <ClCompile Include="..\..\libs\photon\basepic.c">
      <Filter>Source Files\freetype</Filter>
    </ClCompile>
    <ClCompile Include="..\..\libs\photon\bdfdrivr.c">
      <Filter>Source Files\freetype</Filter>
    </ClCompile>
    <ClCompile Include="..\..\libs\photon\bdflib.c">
      <Filter>Source Files\freetype</Filter>
    </ClCompile>
    <ClCompile Include="..\..\libs\photon\cf2arrst.c">
      <Filter>Source Files\freetype</Filter>
    </ClCompile>
    <ClCompile Include="..\..\libs\photon\cf2blues.c">
      <Filter>Source Files\freetype</Filter>
    </ClCompile>
    <ClCompile Include="..\..\libs\photon\cf2error.c">
      <Filter>Source Files\freetype</Filter>
    </ClCompile>
    <ClCompile Include="..\..\libs\photon\cf2font.c">
      <Filter>Source Files\freetype</Filter>
    </ClCompile>
    <ClCompile Include="..\..\libs\photon\cf2ft.c">
      <Filter>Source Files\freetype</Filter>
    </ClCompile>
    <ClCompile Include="..\..\libs\photon\cf2hints.c">
      <Filter>Source Files\freetype</Filter>
    </ClCompile>
    <ClCompile Include="..\..\libs\photon\cf2intrp.c">
      <Filter>Source Files\freetype</Filter>
    </ClCompile>
    <ClCompile Include="..\..\libs\photon\cf2read.c">
      <Filter>Source Files\freetype</Filter>
    </ClCompile>
    <ClCompile Include="..\..\libs\photon\cf2stack.c">
      <Filter>Source Files\freetype</Filter>
    </ClCompile>
    <ClCompile Include="..\..\libs\photon\cffcmap.c">
      <Filter>Source Files\freetype</Filter>
    </ClCompile>
    <ClCompile Include="..\..\libs\photon\cffdrivr.c">
      <Filter>Source Files\freetype</Filter>
    </ClCompile>
    <ClCompile Include="..\..\libs\photon\cffgload.c">
      <Filter>Source Files\freetype</Filter>
    </ClCompile>
    <ClCompile Include="..\..\libs\photon\cffload.c">
      <Filter>Source Files\freetype</Filter>
    </ClCompile>
    <ClCompile Include="..\..\libs\photon\cffobjs.c">
      <Filter>Source Files\freetype</Filter>
    </ClCompile>
    <ClCompile Include="..\..\libs\photon\cffparse.c">
      <Filter>Source Files\freetype</Filter>
    </ClCompile>
    <ClCompile Include="..\..\libs\photon\cffpic.c">
      <Filter>Source Files\freetype</Filter>
    </ClCompile>
    <ClCompile Include="..\..\libs\photon\cidgload.c">
      <Filter>Source Files\freetype</Filter>
    </ClCompile>
    <ClCompile Include="..\..\libs\photon\cidload.c">
      <Filter>Source Files\freetype</Filter>
    </ClCompile>
    <ClCompile Include="..\..\libs\photon\cidobjs.c">
      <Filter>Source Files\freetype</Filter>
    </ClCompile>
    <ClCompile Include="..\..\libs\photon\cidparse.c">
      <Filter>Source Files\freetype</Filter>
    </ClCompile>
    <ClCompile Include="..\..\libs\photon\cidriver.c">
      <Filter>Source Files\freetype</Filter>
    </ClCompile>
    <ClCompile Include="..\..\libs\photon\ftadvanc.c">
      <Filter>Source Files\freetype</Filter>
    </ClCompile>
    <ClCompile Include="..\..\libs\photon\ftapi.c">
      <Filter>Source Files\freetype</Filter>
    </ClCompile>
    <ClCompile Include="..\..\libs\photon\ftbbox.c">
      <Filter>Source Files\freetype</Filter>
    </ClCompile>
    <ClCompile Include="..\..\libs\photon\ftbdf.c">
      <Filter>Source Files\freetype</Filter>
    </ClCompile>
    <ClCompile Include="..\..\libs\photon\ftbitmap.c">
      <Filter>Source Files\freetype</Filter>
    </ClCompile>
    <ClCompile Include="..\..\libs\photon\ftcalc.c">
      <Filter>Source Files\freetype</Filter>
    </ClCompile>
    <ClCompile Include="..\..\libs\photon\ftcid.c">
      <Filter>Source Files\freetype</Filter>
    </ClCompile>
    <ClCompile Include="..\..\libs\photon\ftdbgmem.c">
      <Filter>Source Files\freetype</Filter>
    </ClCompile>
    <ClCompile Include="..\..\libs\photon\ftdebug.c">
      <Filter>Source Files\freetype</Filter>
    </ClCompile>
    <ClCompile Include="..\..\libs\photon\ftfntfmt.c">
      <Filter>Source Files\freetype</Filter>
    </ClCompile>
    <ClCompile Include="..\..\libs\photon\ftfstype.c">
      <Filter>Source Files\freetype</Filter>
    </ClCompile>
    <ClCompile Include="..\..\libs\photon\ftgasp.c">
      <Filter>Source Files\freetype</Filter>
    </ClCompile>
    <ClCompile Include="..\..\libs\photon\ftgloadr.c">
      <Filter>Source Files\freetype</Filter>
    </ClCompile>
    <ClCompile Include="..\..\libs\photon\ftglyph.c">
      <Filter>Source Files\freetype</Filter>
    </ClCompile>
    <ClCompile Include="..\..\libs\photon\ftgrays.c">
      <Filter>Source Files\freetype</Filter>
    </ClCompile>
    <ClCompile Include="..\..\libs\photon\ftgxval.c">
      <Filter>Source Files\freetype</Filter>
    </ClCompile>
    <ClCompile Include="..\..\libs\photon\ftgzip.c">
      <Filter>Source Files\freetype</Filter>
    </ClCompile>
    <ClCompile Include="..\..\libs\photon\fthash.c">
      <Filter>Source Files\freetype</Filter>
    </ClCompile>
    <ClCompile Include="..\..\libs\photon\ftinit.c">
      <Filter>Source Files\freetype</Filter>
    </ClCompile>
    <ClCompile Include="..\..\libs\photon\ftlcdfil.c">
      <Filter>Source Files\freetype</Filter>
    </ClCompile>
    <ClCompile Include="..\..\libs\photon\ftlzw.c">
      <Filter>Source Files\freetype</Filter>
    </ClCompile>
    <ClCompile Include="..\..\libs\photon\ftmm.c">
      <Filter>Source Files\freetype</Filter>
    </ClCompile>
    <ClCompile Include="..\..\libs\photon\ftobjs.c">
      <Filter>Source Files\freetype</Filter>
    </ClCompile>
    <ClCompile Include="..\..\libs\photon\ftotval.c">
      <Filter>Source Files\freetype</Filter>
    </ClCompile>
    <ClCompile Include="..\..\libs\photon\ftoutln.c">
      <Filter>Source Files\freetype</Filter>
    </ClCompile>
    <ClCompile Include="..\..\libs\photon\ftpatent.c">
      <Filter>Source Files\freetype</Filter>
    </ClCompile>
    <ClCompile Include="..\..\libs\photon\ftpfr.c">
      <Filter>Source Files\freetype</Filter>
    </ClCompile>
    <ClCompile Include="..\..\libs\photon\ftpic.c">
      <Filter>Source Files\freetype</Filter>
    </ClCompile>
    <ClCompile Include="..\..\libs\photon\ftraster.c">
      <Filter>Source Files\freetype</Filter>
    </ClCompile>
    <ClCompile Include="..\..\libs\photon\ftrend1.c">
      <Filter>Source Files\freetype</Filter>
    </ClCompile>
    <ClCompile Include="..\..\libs\photon\ftrfork.c">
      <Filter>Source Files\freetype</Filter>
    </ClCompile>
    <ClCompile Include="..\..\libs\photon\ftsmooth.c">
      <Filter>Source Files\freetype</Filter>
    </ClCompile>
    <ClCompile Include="..\..\libs\photon\ftsnames.c">
      <Filter>Source Files\freetype</Filter>
    </ClCompile>
    <ClCompile Include="..\..\libs\photon\ftspic.c">
      <Filter>Source Files\freetype</Filter>
    </ClCompile>
    <ClCompile Include="..\..\libs\photon\ftstream.c">
      <Filter>Source Files\freetype</Filter>
    </ClCompile>
    <ClCompile Include="..\..\libs\photon\ftstroke.c">
      <Filter>Source Files\freetype</Filter>
    </ClCompile>
    <ClCompile Include="..\..\libs\photon\ftsynth.c">
      <Filter>Source Files\freetype</Filter>
    </ClCompile>
    <ClCompile Include="..\..\libs\photon\ftsystem.c">
      <Filter>Source Files\freetype</Filter>
    </ClCompile>
    <ClCompile Include="..\..\libs\photon\fttrigon.c">
      <Filter>Source Files\freetype</Filter>
    </ClCompile>
    <ClCompile Include="..\..\libs\photon\fttype1.c">
      <Filter>Source Files\freetype</Filter>
    </ClCompile>
    <ClCompile Include="..\..\libs\photon\ftutil.c">
      <Filter>Source Files\freetype</Filter>
    </ClCompile>
    <ClCompile Include="..\..\libs\photon\ftwinfnt.c">
      <Filter>Source Files\freetype</Filter>
    </ClCompile>
    <ClCompile Include="..\..\libs\photon\infblock.c">
      <Filter>Source Files\freetype</Filter>
    </ClCompile>
    <ClCompile Include="..\..\libs\photon\infcodes.c">
      <Filter>Source Files\freetype</Filter>
    </ClCompile>
    <ClCompile Include="..\..\libs\photon\inflate.c">
      <Filter>Source Files\freetype</Filter>
    </ClCompile>
    <ClCompile Include="..\..\libs\photon\inftrees.c">
      <Filter>Source Files\freetype</Filter>
    </ClCompile>
    <ClCompile Include="..\..\libs\photon\infutil.c">
      <Filter>Source Files\freetype</Filter>
    </ClCompile>
    <ClCompile Include="..\..\libs\photon\md5.c">
      <Filter>Source Files\freetype</Filter>
    </ClCompile>
    <ClCompile Include="..\..\libs\photon\pcfdrivr.c">
      <Filter>Source Files\freetype</Filter>
    </ClCompile>
    <ClCompile Include="..\..\libs\photon\pcfread.c">
      <Filter>Source Files\freetype</Filter>
    </ClCompile>
    <ClCompile Include="..\..\libs\photon\pcfutil.c">
      <Filter>Source Files\freetype</Filter>
    </ClCompile>
    <ClCompile Include="..\..\libs\photon\pfrcmap.c">
      <Filter>Source Files\freetype</Filter>
    </ClCompile>
    <ClCompile Include="..\..\libs\photon\pfrdrivr.c">
      <Filter>Source Files\freetype</Filter>
    </ClCompile>
    <ClCompile Include="..\..\libs\photon\pfrgload.c">
      <Filter>Source Files\freetype</Filter>
    </ClCompile>
    <ClCompile Include="..\..\libs\photon\pfrload.c">
      <Filter>Source Files\freetype</Filter>
    </ClCompile>
    <ClCompile Include="..\..\libs\photon\pfrobjs.c">
      <Filter>Source Files\freetype</Filter>
    </ClCompile>
    <ClCompile Include="..\..\libs\photon\pfrsbit.c">
      <Filter>Source Files\freetype</Filter>
    </ClCompile>
    <ClCompile Include="..\..\libs\photon\pngshim.c">
      <Filter>Source Files\freetype</Filter>
    </ClCompile>
    <ClCompile Include="..\..\libs\photon\psauxmod.c">
      <Filter>Source Files\freetype</Filter>
    </ClCompile>
    <ClCompile Include="..\..\libs\photon\psconv.c">
      <Filter>Source Files\freetype</Filter>
    </ClCompile>
    <ClCompile Include="..\..\libs\photon\pshalgo.c">
      <Filter>Source Files\freetype</Filter>
    </ClCompile>
    <ClCompile Include="..\..\libs\photon\pshglob.c">
      <Filter>Source Files\freetype</Filter>
    </ClCompile>
    <ClCompile Include="..\..\libs\photon\pshmod.c">
      <Filter>Source Files\freetype</Filter>
    </ClCompile>
    <ClCompile Include="..\..\libs\photon\pshpic.c">
      <Filter>Source Files\freetype</Filter>
    </ClCompile>
    <ClCompile Include="..\..\libs\photon\pshrec.c">
      <Filter>Source Files\freetype</Filter>
    </ClCompile>
    <ClCompile Include="..\..\libs\photon\psmodule.c">
      <Filter>Source Files\freetype</Filter>
    </ClCompile>
    <ClCompile Include="..\..\libs\photon\psnames.c">
      <Filter>Source Files\freetype</Filter>
    </ClCompile>
    <ClCompile Include="..\..\libs\photon\psobjs.c">
      <Filter>Source Files\freetype</Filter>
    </ClCompile>
    <ClCompile Include="..\..\libs\photon\pspic.c">
      <Filter>Source Files\freetype</Filter>
    </ClCompile>
    <ClCompile Include="..\..\libs\photon\rastpic.c">
      <Filter>Source Files\freetype</Filter>
    </ClCompile>
    <ClCompile Include="..\..\libs\photon\sfdriver.c">
      <Filter>Source Files\freetype</Filter>
    </ClCompile>
    <ClCompile Include="..\..\libs\photon\sfntpic.c">
      <Filter>Source Files\freetype</Filter>
    </ClCompile>
    <ClCompile Include="..\..\libs\photon\sfobjs.c">
      <Filter>Source Files\freetype</Filter>
    </ClCompile>
    <ClCompile Include="..\..\libs\photon\t1afm.c">
      <Filter>Source Files\freetype</Filter>
    </ClCompile>
    <ClCompile Include="..\..\libs\photon\t1cmap.c">
      <Filter>Source Files\freetype</Filter>
    </ClCompile>
    <ClCompile Include="..\..\libs\photon\t1decode.c">
      <Filter>Source Files\freetype</Filter>
    </ClCompile>
    <ClCompile Include="..\..\libs\photon\t1driver.c">
      <Filter>Source Files\freetype</Filter>
    </ClCompile>
    <ClCompile Include="..\..\libs\photon\t1gload.c">
      <Filter>Source Files\freetype</Filter>
    </ClCompile>
    <ClCompile Include="..\..\libs\photon\t1load.c">
      <Filter>Source Files\freetype</Filter>
    </ClCompile>
    <ClCompile Include="..\..\libs\photon\t1objs.c">
      <Filter>Source Files\freetype</Filter>
    </ClCompile>
    <ClCompile Include="..\..\libs\photon\t1parse.c">
      <Filter>Source Files\freetype</Filter>
    </ClCompile>
    <ClCompile Include="..\..\libs\photon\t42drivr.c">
      <Filter>Source Files\freetype</Filter>
    </ClCompile>
    <ClCompile Include="..\..\libs\photon\t42objs.c">
      <Filter>Source Files\freetype</Filter>
    </ClCompile>
    <ClCompile Include="..\..\libs\photon\t42parse.c">
      <Filter>Source Files\freetype</Filter>
    </ClCompile>
    <ClCompile Include="..\..\libs\photon\ttbdf.c">
      <Filter>Source Files\freetype</Filter>
    </ClCompile>
    <ClCompile Include="..\..\libs\photon\ttcmap.c">
      <Filter>Source Files\freetype</Filter>
    </ClCompile>
    <ClCompile Include="..\..\libs\photon\ttdriver.c">
      <Filter>Source Files\freetype</Filter>
    </ClCompile>
    <ClCompile Include="..\..\libs\photon\ttgload.c">
      <Filter>Source Files\freetype</Filter>
    </ClCompile>
    <ClCompile Include="..\..\libs\photon\ttgxvar.c">
      <Filter>Source Files\freetype</Filter>
    </ClCompile>
    <ClCompile Include="..\..\libs\photon\ttinterp.c">
      <Filter>Source Files\freetype</Filter>
    </ClCompile>
    <ClCompile Include="..\..\libs\photon\ttkern.c">
      <Filter>Source Files\freetype</Filter>
    </ClCompile>
    <ClCompile Include="..\..\libs\photon\ttload.c">
      <Filter>Source Files\freetype</Filter>
    </ClCompile>
    <ClCompile Include="..\..\libs\photon\ttmtx.c">
      <Filter>Source Files\freetype</Filter>
    </ClCompile>
    <ClCompile Include="..\..\libs\photon\ttobjs.c">
      <Filter>Source Files\freetype</Filter>
    </ClCompile>
    <ClCompile Include="..\..\libs\photon\ttpic.c">
      <Filter>Source Files\freetype</Filter>
    </ClCompile>
    <ClCompile Include="..\..\libs\photon\ttpload.c">
      <Filter>Source Files\freetype</Filter>
    </ClCompile>
    <ClCompile Include="..\..\libs\photon\ttpost.c">
      <Filter>Source Files\freetype</Filter>
    </ClCompile>
    <ClCompile Include="..\..\libs\photon\ttsbit.c">
      <Filter>Source Files\freetype</Filter>
    </ClCompile>
    <ClCompile Include="..\..\libs\photon\ttsubpix.c">
      <Filter>Source Files\freetype</Filter>
    </ClCompile>
    <ClCompile Include="..\..\libs\photon\winfnt.c">
      <Filter>Source Files\freetype</Filter>
    </ClCompile>
    <ClCompile Include="..\..\libs\photon\zutil.c">
      <Filter>Source Files\freetype</Filter>
    </ClCompile>
    <ClCompile Include="..\..\libs\photon\ftzopen.c">
      <Filter>Source Files\freetype</Filter>
    </ClCompile>
    <ClCompile Include="..\..\libs\photon\ftcbasic.c">
      <Filter>Source Files\freetype</Filter>
    </ClCompile>
    <ClCompile Include="..\..\libs\photon\ftccmap.c">
      <Filter>Source Files\freetype</Filter>
    </ClCompile>
    <ClCompile Include="..\..\libs\photon\ftcglyph.c">
      <Filter>Source Files\freetype</Filter>
    </ClCompile>
    <ClCompile Include="..\..\libs\photon\ftcimage.c">
      <Filter>Source Files\freetype</Filter>
    </ClCompile>
    <ClCompile Include="..\..\libs\photon\ftcmanag.c">
      <Filter>Source Files\freetype</Filter>
    </ClCompile>
    <ClCompile Include="..\..\libs\photon\ftcmru.c">
      <Filter>Source Files\freetype</Filter>
    </ClCompile>
    <ClCompile Include="..\..\libs\photon\ftcsbits.c">
      <Filter>Source Files\freetype</Filter>
    </ClCompile>
  </ItemGroup>
  <ItemGroup>
    <ClInclude Include="..\..\libs\photon\photon.h">
      <Filter>Header Files</Filter>
    </ClInclude>
    <ClInclude Include="..\..\libs\photon\afangles.h">
      <Filter>Header Files\freetype</Filter>
    </ClInclude>
    <ClInclude Include="..\..\libs\photon\afblue.h">
      <Filter>Header Files\freetype</Filter>
    </ClInclude>
    <ClInclude Include="..\..\libs\photon\afcjk.h">
      <Filter>Header Files\freetype</Filter>
    </ClInclude>
    <ClInclude Include="..\..\libs\photon\afcover.h">
      <Filter>Header Files\freetype</Filter>
    </ClInclude>
    <ClInclude Include="..\..\libs\photon\afdummy.h">
      <Filter>Header Files\freetype</Filter>
    </ClInclude>
    <ClInclude Include="..\..\libs\photon\aferrors.h">
      <Filter>Header Files\freetype</Filter>
    </ClInclude>
    <ClInclude Include="..\..\libs\photon\afglobal.h">
      <Filter>Header Files\freetype</Filter>
    </ClInclude>
    <ClInclude Include="..\..\libs\photon\afhints.h">
      <Filter>Header Files\freetype</Filter>
    </ClInclude>
    <ClInclude Include="..\..\libs\photon\afindic.h">
      <Filter>Header Files\freetype</Filter>
    </ClInclude>
    <ClInclude Include="..\..\libs\photon\aflatin.h">
      <Filter>Header Files\freetype</Filter>
    </ClInclude>
    <ClInclude Include="..\..\libs\photon\aflatin2.h">
      <Filter>Header Files\freetype</Filter>
    </ClInclude>
    <ClInclude Include="..\..\libs\photon\afloader.h">
      <Filter>Header Files\freetype</Filter>
    </ClInclude>
    <ClInclude Include="..\..\libs\photon\afmodule.h">
      <Filter>Header Files\freetype</Filter>
    </ClInclude>
    <ClInclude Include="..\..\libs\photon\afmparse.h">
      <Filter>Header Files\freetype</Filter>
    </ClInclude>
    <ClInclude Include="..\..\libs\photon\afpic.h">
      <Filter>Header Files\freetype</Filter>
    </ClInclude>
    <ClInclude Include="..\..\libs\photon\afranges.h">
      <Filter>Header Files\freetype</Filter>
    </ClInclude>
    <ClInclude Include="..\..\libs\photon\afscript.h">
      <Filter>Header Files\freetype</Filter>
    </ClInclude>
    <ClInclude Include="..\..\libs\photon\afshaper.h">
      <Filter>Header Files\freetype</Filter>
    </ClInclude>
    <ClInclude Include="..\..\libs\photon\afstyles.h">
      <Filter>Header Files\freetype</Filter>
    </ClInclude>
    <ClInclude Include="..\..\libs\photon\aftypes.h">
      <Filter>Header Files\freetype</Filter>
    </ClInclude>
    <ClInclude Include="..\..\libs\photon\afwarp.h">
      <Filter>Header Files\freetype</Filter>
    </ClInclude>
    <ClInclude Include="..\..\libs\photon\afwrtsys.h">
      <Filter>Header Files\freetype</Filter>
    </ClInclude>
    <ClInclude Include="..\..\libs\photon\autohint.h">
      <Filter>Header Files\freetype</Filter>
    </ClInclude>
    <ClInclude Include="..\..\libs\photon\basepic.h">
      <Filter>Header Files\freetype</Filter>
    </ClInclude>
    <ClInclude Include="..\..\libs\photon\bdf.h">
      <Filter>Header Files\freetype</Filter>
    </ClInclude>
    <ClInclude Include="..\..\libs\photon\bdfdrivr.h">
      <Filter>Header Files\freetype</Filter>
    </ClInclude>
    <ClInclude Include="..\..\libs\photon\bdferror.h">
      <Filter>Header Files\freetype</Filter>
    </ClInclude>
    <ClInclude Include="..\..\libs\photon\cf2arrst.h">
      <Filter>Header Files\freetype</Filter>
    </ClInclude>
    <ClInclude Include="..\..\libs\photon\cf2blues.h">
      <Filter>Header Files\freetype</Filter>
    </ClInclude>
    <ClInclude Include="..\..\libs\photon\cf2error.h">
      <Filter>Header Files\freetype</Filter>
    </ClInclude>
    <ClInclude Include="..\..\libs\photon\cf2fixed.h">
      <Filter>Header Files\freetype</Filter>
    </ClInclude>
    <ClInclude Include="..\..\libs\photon\cf2font.h">
      <Filter>Header Files\freetype</Filter>
    </ClInclude>
    <ClInclude Include="..\..\libs\photon\cf2ft.h">
      <Filter>Header Files\freetype</Filter>
    </ClInclude>
    <ClInclude Include="..\..\libs\photon\cf2glue.h">
      <Filter>Header Files\freetype</Filter>
    </ClInclude>
    <ClInclude Include="..\..\libs\photon\cf2hints.h">
      <Filter>Header Files\freetype</Filter>
    </ClInclude>
    <ClInclude Include="..\..\libs\photon\cf2intrp.h">
      <Filter>Header Files\freetype</Filter>
    </ClInclude>
    <ClInclude Include="..\..\libs\photon\cf2read.h">
      <Filter>Header Files\freetype</Filter>
    </ClInclude>
    <ClInclude Include="..\..\libs\photon\cf2stack.h">
      <Filter>Header Files\freetype</Filter>
    </ClInclude>
    <ClInclude Include="..\..\libs\photon\cf2types.h">
      <Filter>Header Files\freetype</Filter>
    </ClInclude>
    <ClInclude Include="..\..\libs\photon\cffcmap.h">
      <Filter>Header Files\freetype</Filter>
    </ClInclude>
    <ClInclude Include="..\..\libs\photon\cffdrivr.h">
      <Filter>Header Files\freetype</Filter>
    </ClInclude>
    <ClInclude Include="..\..\libs\photon\cfferrs.h">
      <Filter>Header Files\freetype</Filter>
    </ClInclude>
    <ClInclude Include="..\..\libs\photon\cffgload.h">
      <Filter>Header Files\freetype</Filter>
    </ClInclude>
    <ClInclude Include="..\..\libs\photon\cffload.h">
      <Filter>Header Files\freetype</Filter>
    </ClInclude>
    <ClInclude Include="..\..\libs\photon\cffobjs.h">
      <Filter>Header Files\freetype</Filter>
    </ClInclude>
    <ClInclude Include="..\..\libs\photon\cffparse.h">
      <Filter>Header Files\freetype</Filter>
    </ClInclude>
    <ClInclude Include="..\..\libs\photon\cffpic.h">
      <Filter>Header Files\freetype</Filter>
    </ClInclude>
    <ClInclude Include="..\..\libs\photon\cfftoken.h">
      <Filter>Header Files\freetype</Filter>
    </ClInclude>
    <ClInclude Include="..\..\libs\photon\cfftypes.h">
      <Filter>Header Files\freetype</Filter>
    </ClInclude>
    <ClInclude Include="..\..\libs\photon\ciderrs.h">
      <Filter>Header Files\freetype</Filter>
    </ClInclude>
    <ClInclude Include="..\..\libs\photon\cidgload.h">
      <Filter>Header Files\freetype</Filter>
    </ClInclude>
    <ClInclude Include="..\..\libs\photon\cidload.h">
      <Filter>Header Files\freetype</Filter>
    </ClInclude>
    <ClInclude Include="..\..\libs\photon\cidobjs.h">
      <Filter>Header Files\freetype</Filter>
    </ClInclude>
    <ClInclude Include="..\..\libs\photon\cidparse.h">
      <Filter>Header Files\freetype</Filter>
    </ClInclude>
    <ClInclude Include="..\..\libs\photon\cidriver.h">
      <Filter>Header Files\freetype</Filter>
    </ClInclude>
    <ClInclude Include="..\..\libs\photon\cidtoken.h">
      <Filter>Header Files\freetype</Filter>
    </ClInclude>
    <ClInclude Include="..\..\libs\photon\fnterrs.h">
      <Filter>Header Files\freetype</Filter>
    </ClInclude>
    <ClInclude Include="..\..\libs\photon\freetype.h">
      <Filter>Header Files\freetype</Filter>
    </ClInclude>
    <ClInclude Include="..\..\libs\photon\ft2build.h">
      <Filter>Header Files\freetype</Filter>
    </ClInclude>
    <ClInclude Include="..\..\libs\photon\ftadvanc.h">
      <Filter>Header Files\freetype</Filter>
    </ClInclude>
    <ClInclude Include="..\..\libs\photon\ftautoh.h">
      <Filter>Header Files\freetype</Filter>
    </ClInclude>
    <ClInclude Include="..\..\libs\photon\ftbase.h">
      <Filter>Header Files\freetype</Filter>
    </ClInclude>
    <ClInclude Include="..\..\libs\photon\ftbbox.h">
      <Filter>Header Files\freetype</Filter>
    </ClInclude>
    <ClInclude Include="..\..\libs\photon\ftbdf.h">
      <Filter>Header Files\freetype</Filter>
    </ClInclude>
    <ClInclude Include="..\..\libs\photon\ftbitmap.h">
      <Filter>Header Files\freetype</Filter>
    </ClInclude>
    <ClInclude Include="..\..\libs\photon\ftbzip2.h">
      <Filter>Header Files\freetype</Filter>
    </ClInclude>
    <ClInclude Include="..\..\libs\photon\ftcache.h">
      <Filter>Header Files\freetype</Filter>
    </ClInclude>
    <ClInclude Include="..\..\libs\photon\ftcalc.h">
      <Filter>Header Files\freetype</Filter>
    </ClInclude>
    <ClInclude Include="..\..\libs\photon\ftcffdrv.h">
      <Filter>Header Files\freetype</Filter>
    </ClInclude>
    <ClInclude Include="..\..\libs\photon\ftchapters.h">
      <Filter>Header Files\freetype</Filter>
    </ClInclude>
    <ClInclude Include="..\..\libs\photon\ftcid.h">
      <Filter>Header Files\freetype</Filter>
    </ClInclude>
    <ClInclude Include="..\..\libs\photon\ftconfig.h">
      <Filter>Header Files\freetype</Filter>
    </ClInclude>
    <ClInclude Include="..\..\libs\photon\ftdebug.h">
      <Filter>Header Files\freetype</Filter>
    </ClInclude>
    <ClInclude Include="..\..\libs\photon\ftdriver.h">
      <Filter>Header Files\freetype</Filter>
    </ClInclude>
    <ClInclude Include="..\..\libs\photon\fterrdef.h">
      <Filter>Header Files\freetype</Filter>
    </ClInclude>
    <ClInclude Include="..\..\libs\photon\fterrors.h">
      <Filter>Header Files\freetype</Filter>
    </ClInclude>
    <ClInclude Include="..\..\libs\photon\ftfntfmt.h">
      <Filter>Header Files\freetype</Filter>
    </ClInclude>
    <ClInclude Include="..\..\libs\photon\ftgasp.h">
      <Filter>Header Files\freetype</Filter>
    </ClInclude>
    <ClInclude Include="..\..\libs\photon\ftgloadr.h">
      <Filter>Header Files\freetype</Filter>
    </ClInclude>
    <ClInclude Include="..\..\libs\photon\ftglyph.h">
      <Filter>Header Files\freetype</Filter>
    </ClInclude>
    <ClInclude Include="..\..\libs\photon\ftgrays.h">
      <Filter>Header Files\freetype</Filter>
    </ClInclude>
    <ClInclude Include="..\..\libs\photon\ftgxval.h">
      <Filter>Header Files\freetype</Filter>
    </ClInclude>
    <ClInclude Include="..\..\libs\photon\ftgzip.h">
      <Filter>Header Files\freetype</Filter>
    </ClInclude>
    <ClInclude Include="..\..\libs\photon\fthash.h">
      <Filter>Header Files\freetype</Filter>
    </ClInclude>
    <ClInclude Include="..\..\libs\photon\ftheader.h">
      <Filter>Header Files\freetype</Filter>
    </ClInclude>
    <ClInclude Include="..\..\libs\photon\ftimage.h">
      <Filter>Header Files\freetype</Filter>
    </ClInclude>
    <ClInclude Include="..\..\libs\photon\ftincrem.h">
      <Filter>Header Files\freetype</Filter>
    </ClInclude>
    <ClInclude Include="..\..\libs\photon\ftlcdfil.h">
      <Filter>Header Files\freetype</Filter>
    </ClInclude>
    <ClInclude Include="..\..\libs\photon\ftlist.h">
      <Filter>Header Files\freetype</Filter>
    </ClInclude>
    <ClInclude Include="..\..\libs\photon\ftlzw.h">
      <Filter>Header Files\freetype</Filter>
    </ClInclude>
    <ClInclude Include="..\..\libs\photon\ftmemory.h">
      <Filter>Header Files\freetype</Filter>
    </ClInclude>
    <ClInclude Include="..\..\libs\photon\ftmisc.h">
      <Filter>Header Files\freetype</Filter>
    </ClInclude>
    <ClInclude Include="..\..\libs\photon\ftmm.h">
      <Filter>Header Files\freetype</Filter>
    </ClInclude>
    <ClInclude Include="..\..\libs\photon\ftmodapi.h">
      <Filter>Header Files\freetype</Filter>
    </ClInclude>
    <ClInclude Include="..\..\libs\photon\ftmoderr.h">
      <Filter>Header Files\freetype</Filter>
    </ClInclude>
    <ClInclude Include="..\..\libs\photon\ftmodule.h">
      <Filter>Header Files\freetype</Filter>
    </ClInclude>
    <ClInclude Include="..\..\libs\photon\ftobjs.h">
      <Filter>Header Files\freetype</Filter>
    </ClInclude>
    <ClInclude Include="..\..\libs\photon\ftoption.h">
      <Filter>Header Files\freetype</Filter>
    </ClInclude>
    <ClInclude Include="..\..\libs\photon\ftotval.h">
      <Filter>Header Files\freetype</Filter>
    </ClInclude>
    <ClInclude Include="..\..\libs\photon\ftoutln.h">
      <Filter>Header Files\freetype</Filter>
    </ClInclude>
    <ClInclude Include="..\..\libs\photon\ftpcfdrv.h">
      <Filter>Header Files\freetype</Filter>
    </ClInclude>
    <ClInclude Include="..\..\libs\photon\ftpfr.h">
      <Filter>Header Files\freetype</Filter>
    </ClInclude>
    <ClInclude Include="..\..\libs\photon\ftpic.h">
      <Filter>Header Files\freetype</Filter>
    </ClInclude>
    <ClInclude Include="..\..\libs\photon\ftraster.h">
      <Filter>Header Files\freetype</Filter>
    </ClInclude>
    <ClInclude Include="..\..\libs\photon\ftrend1.h">
      <Filter>Header Files\freetype</Filter>
    </ClInclude>
    <ClInclude Include="..\..\libs\photon\ftrender.h">
      <Filter>Header Files\freetype</Filter>
    </ClInclude>
    <ClInclude Include="..\..\libs\photon\ftrfork.h">
      <Filter>Header Files\freetype</Filter>
    </ClInclude>
    <ClInclude Include="..\..\libs\photon\ftserv.h">
      <Filter>Header Files\freetype</Filter>
    </ClInclude>
    <ClInclude Include="..\..\libs\photon\ftsizes.h">
      <Filter>Header Files\freetype</Filter>
    </ClInclude>
    <ClInclude Include="..\..\libs\photon\ftsmerrs.h">
      <Filter>Header Files\freetype</Filter>
    </ClInclude>
    <ClInclude Include="..\..\libs\photon\ftsmooth.h">
      <Filter>Header Files\freetype</Filter>
    </ClInclude>
    <ClInclude Include="..\..\libs\photon\ftsnames.h">
      <Filter>Header Files\freetype</Filter>
    </ClInclude>
    <ClInclude Include="..\..\libs\photon\ftspic.h">
      <Filter>Header Files\freetype</Filter>
    </ClInclude>
    <ClInclude Include="..\..\libs\photon\ftstdlib.h">
      <Filter>Header Files\freetype</Filter>
    </ClInclude>
    <ClInclude Include="..\..\libs\photon\ftstream.h">
      <Filter>Header Files\freetype</Filter>
    </ClInclude>
    <ClInclude Include="..\..\libs\photon\ftstroke.h">
      <Filter>Header Files\freetype</Filter>
    </ClInclude>
    <ClInclude Include="..\..\libs\photon\ftsynth.h">
      <Filter>Header Files\freetype</Filter>
    </ClInclude>
    <ClInclude Include="..\..\libs\photon\ftsystem.h">
      <Filter>Header Files\freetype</Filter>
    </ClInclude>
    <ClInclude Include="..\..\libs\photon\fttrace.h">
      <Filter>Header Files\freetype</Filter>
    </ClInclude>
    <ClInclude Include="..\..\libs\photon\fttrigon.h">
      <Filter>Header Files\freetype</Filter>
    </ClInclude>
    <ClInclude Include="..\..\libs\photon\ftttdrv.h">
      <Filter>Header Files\freetype</Filter>
    </ClInclude>
    <ClInclude Include="..\..\libs\photon\fttypes.h">
      <Filter>Header Files\freetype</Filter>
    </ClInclude>
    <ClInclude Include="..\..\libs\photon\ftvalid.h">
      <Filter>Header Files\freetype</Filter>
    </ClInclude>
    <ClInclude Include="..\..\libs\photon\ftwinfnt.h">
      <Filter>Header Files\freetype</Filter>
    </ClInclude>
    <ClInclude Include="..\..\libs\photon\ftzconf.h">
      <Filter>Header Files\freetype</Filter>
    </ClInclude>
    <ClInclude Include="..\..\libs\photon\infblock.h">
      <Filter>Header Files\freetype</Filter>
    </ClInclude>
    <ClInclude Include="..\..\libs\photon\infcodes.h">
      <Filter>Header Files\freetype</Filter>
    </ClInclude>
    <ClInclude Include="..\..\libs\photon\inffixed.h">
      <Filter>Header Files\freetype</Filter>
    </ClInclude>
    <ClInclude Include="..\..\libs\photon\inftrees.h">
      <Filter>Header Files\freetype</Filter>
    </ClInclude>
    <ClInclude Include="..\..\libs\photon\infutil.h">
      <Filter>Header Files\freetype</Filter>
    </ClInclude>
    <ClInclude Include="..\..\libs\photon\internal.h">
      <Filter>Header Files\freetype</Filter>
    </ClInclude>
    <ClInclude Include="..\..\libs\photon\md5.h">
      <Filter>Header Files\freetype</Filter>
    </ClInclude>
    <ClInclude Include="..\..\libs\photon\pcf.h">
      <Filter>Header Files\freetype</Filter>
    </ClInclude>
    <ClInclude Include="..\..\libs\photon\pcfdrivr.h">
      <Filter>Header Files\freetype</Filter>
    </ClInclude>
    <ClInclude Include="..\..\libs\photon\pcferror.h">
      <Filter>Header Files\freetype</Filter>
    </ClInclude>
    <ClInclude Include="..\..\libs\photon\pcfread.h">
      <Filter>Header Files\freetype</Filter>
    </ClInclude>
    <ClInclude Include="..\..\libs\photon\pcfutil.h">
      <Filter>Header Files\freetype</Filter>
    </ClInclude>
    <ClInclude Include="..\..\libs\photon\pfrcmap.h">
      <Filter>Header Files\freetype</Filter>
    </ClInclude>
    <ClInclude Include="..\..\libs\photon\pfrdrivr.h">
      <Filter>Header Files\freetype</Filter>
    </ClInclude>
    <ClInclude Include="..\..\libs\photon\pfrerror.h">
      <Filter>Header Files\freetype</Filter>
    </ClInclude>
    <ClInclude Include="..\..\libs\photon\pfrgload.h">
      <Filter>Header Files\freetype</Filter>
    </ClInclude>
    <ClInclude Include="..\..\libs\photon\pfrload.h">
      <Filter>Header Files\freetype</Filter>
    </ClInclude>
    <ClInclude Include="..\..\libs\photon\pfrobjs.h">
      <Filter>Header Files\freetype</Filter>
    </ClInclude>
    <ClInclude Include="..\..\libs\photon\pfrsbit.h">
      <Filter>Header Files\freetype</Filter>
    </ClInclude>
    <ClInclude Include="..\..\libs\photon\pfrtypes.h">
      <Filter>Header Files\freetype</Filter>
    </ClInclude>
    <ClInclude Include="..\..\libs\photon\pngshim.h">
      <Filter>Header Files\freetype</Filter>
    </ClInclude>
    <ClInclude Include="..\..\libs\photon\psaux.h">
      <Filter>Header Files\freetype</Filter>
    </ClInclude>
    <ClInclude Include="..\..\libs\photon\psauxerr.h">
      <Filter>Header Files\freetype</Filter>
    </ClInclude>
    <ClInclude Include="..\..\libs\photon\psauxmod.h">
      <Filter>Header Files\freetype</Filter>
    </ClInclude>
    <ClInclude Include="..\..\libs\photon\psconv.h">
      <Filter>Header Files\freetype</Filter>
    </ClInclude>
    <ClInclude Include="..\..\libs\photon\pshalgo.h">
      <Filter>Header Files\freetype</Filter>
    </ClInclude>
    <ClInclude Include="..\..\libs\photon\pshglob.h">
      <Filter>Header Files\freetype</Filter>
    </ClInclude>
    <ClInclude Include="..\..\libs\photon\pshints.h">
      <Filter>Header Files\freetype</Filter>
    </ClInclude>
    <ClInclude Include="..\..\libs\photon\pshmod.h">
      <Filter>Header Files\freetype</Filter>
    </ClInclude>
    <ClInclude Include="..\..\libs\photon\pshnterr.h">
      <Filter>Header Files\freetype</Filter>
    </ClInclude>
    <ClInclude Include="..\..\libs\photon\pshpic.h">
      <Filter>Header Files\freetype</Filter>
    </ClInclude>
    <ClInclude Include="..\..\libs\photon\pshrec.h">
      <Filter>Header Files\freetype</Filter>
    </ClInclude>
    <ClInclude Include="..\..\libs\photon\psmodule.h">
      <Filter>Header Files\freetype</Filter>
    </ClInclude>
    <ClInclude Include="..\..\libs\photon\psnamerr.h">
      <Filter>Header Files\freetype</Filter>
    </ClInclude>
    <ClInclude Include="..\..\libs\photon\psobjs.h">
      <Filter>Header Files\freetype</Filter>
    </ClInclude>
    <ClInclude Include="..\..\libs\photon\pspic.h">
      <Filter>Header Files\freetype</Filter>
    </ClInclude>
    <ClInclude Include="..\..\libs\photon\pstables.h">
      <Filter>Header Files\freetype</Filter>
    </ClInclude>
    <ClInclude Include="..\..\libs\photon\rasterrs.h">
      <Filter>Header Files\freetype</Filter>
    </ClInclude>
    <ClInclude Include="..\..\libs\photon\rastpic.h">
      <Filter>Header Files\freetype</Filter>
    </ClInclude>
    <ClInclude Include="..\..\libs\photon\sfdriver.h">
      <Filter>Header Files\freetype</Filter>
    </ClInclude>
    <ClInclude Include="..\..\libs\photon\sferrors.h">
      <Filter>Header Files\freetype</Filter>
    </ClInclude>
    <ClInclude Include="..\..\libs\photon\sfnt.h">
      <Filter>Header Files\freetype</Filter>
    </ClInclude>
    <ClInclude Include="..\..\libs\photon\sfntpic.h">
      <Filter>Header Files\freetype</Filter>
    </ClInclude>
    <ClInclude Include="..\..\libs\photon\sfobjs.h">
      <Filter>Header Files\freetype</Filter>
    </ClInclude>
    <ClInclude Include="..\..\libs\photon\svbdf.h">
      <Filter>Header Files\freetype</Filter>
    </ClInclude>
    <ClInclude Include="..\..\libs\photon\svcid.h">
      <Filter>Header Files\freetype</Filter>
    </ClInclude>
    <ClInclude Include="..\..\libs\photon\svfntfmt.h">
      <Filter>Header Files\freetype</Filter>
    </ClInclude>
    <ClInclude Include="..\..\libs\photon\svgldict.h">
      <Filter>Header Files\freetype</Filter>
    </ClInclude>
    <ClInclude Include="..\..\libs\photon\svgxval.h">
      <Filter>Header Files\freetype</Filter>
    </ClInclude>
    <ClInclude Include="..\..\libs\photon\svkern.h">
      <Filter>Header Files\freetype</Filter>
    </ClInclude>
    <ClInclude Include="..\..\libs\photon\svmetric.h">
      <Filter>Header Files\freetype</Filter>
    </ClInclude>
    <ClInclude Include="..\..\libs\photon\svmm.h">
      <Filter>Header Files\freetype</Filter>
    </ClInclude>
    <ClInclude Include="..\..\libs\photon\svotval.h">
      <Filter>Header Files\freetype</Filter>
    </ClInclude>
    <ClInclude Include="..\..\libs\photon\svpfr.h">
      <Filter>Header Files\freetype</Filter>
    </ClInclude>
    <ClInclude Include="..\..\libs\photon\svpostnm.h">
      <Filter>Header Files\freetype</Filter>
    </ClInclude>
    <ClInclude Include="..\..\libs\photon\svprop.h">
      <Filter>Header Files\freetype</Filter>
    </ClInclude>
    <ClInclude Include="..\..\libs\photon\svpscmap.h">
      <Filter>Header Files\freetype</Filter>
    </ClInclude>
    <ClInclude Include="..\..\libs\photon\svpsinfo.h">
      <Filter>Header Files\freetype</Filter>
    </ClInclude>
    <ClInclude Include="..\..\libs\photon\svsfnt.h">
      <Filter>Header Files\freetype</Filter>
    </ClInclude>
    <ClInclude Include="..\..\libs\photon\svttcmap.h">
      <Filter>Header Files\freetype</Filter>
    </ClInclude>
    <ClInclude Include="..\..\libs\photon\svtteng.h">
      <Filter>Header Files\freetype</Filter>
    </ClInclude>
    <ClInclude Include="..\..\libs\photon\svttglyf.h">
      <Filter>Header Files\freetype</Filter>
    </ClInclude>
    <ClInclude Include="..\..\libs\photon\svwinfnt.h">
      <Filter>Header Files\freetype</Filter>
    </ClInclude>
    <ClInclude Include="..\..\libs\photon\t1afm.h">
      <Filter>Header Files\freetype</Filter>
    </ClInclude>
    <ClInclude Include="..\..\libs\photon\t1cmap.h">
      <Filter>Header Files\freetype</Filter>
    </ClInclude>
    <ClInclude Include="..\..\libs\photon\t1decode.h">
      <Filter>Header Files\freetype</Filter>
    </ClInclude>
    <ClInclude Include="..\..\libs\photon\t1driver.h">
      <Filter>Header Files\freetype</Filter>
    </ClInclude>
    <ClInclude Include="..\..\libs\photon\t1errors.h">
      <Filter>Header Files\freetype</Filter>
    </ClInclude>
    <ClInclude Include="..\..\libs\photon\t1gload.h">
      <Filter>Header Files\freetype</Filter>
    </ClInclude>
    <ClInclude Include="..\..\libs\photon\t1load.h">
      <Filter>Header Files\freetype</Filter>
    </ClInclude>
    <ClInclude Include="..\..\libs\photon\t1objs.h">
      <Filter>Header Files\freetype</Filter>
    </ClInclude>
    <ClInclude Include="..\..\libs\photon\t1parse.h">
      <Filter>Header Files\freetype</Filter>
    </ClInclude>
    <ClInclude Include="..\..\libs\photon\t1tables.h">
      <Filter>Header Files\freetype</Filter>
    </ClInclude>
    <ClInclude Include="..\..\libs\photon\t1tokens.h">
      <Filter>Header Files\freetype</Filter>
    </ClInclude>
    <ClInclude Include="..\..\libs\photon\t1types.h">
      <Filter>Header Files\freetype</Filter>
    </ClInclude>
    <ClInclude Include="..\..\libs\photon\t42drivr.h">
      <Filter>Header Files\freetype</Filter>
    </ClInclude>
    <ClInclude Include="..\..\libs\photon\t42error.h">
      <Filter>Header Files\freetype</Filter>
    </ClInclude>
    <ClInclude Include="..\..\libs\photon\t42objs.h">
      <Filter>Header Files\freetype</Filter>
    </ClInclude>
    <ClInclude Include="..\..\libs\photon\t42parse.h">
      <Filter>Header Files\freetype</Filter>
    </ClInclude>
    <ClInclude Include="..\..\libs\photon\t42types.h">
      <Filter>Header Files\freetype</Filter>
    </ClInclude>
    <ClInclude Include="..\..\libs\photon\ttbdf.h">
      <Filter>Header Files\freetype</Filter>
    </ClInclude>
    <ClInclude Include="..\..\libs\photon\ttcmap.h">
      <Filter>Header Files\freetype</Filter>
    </ClInclude>
    <ClInclude Include="..\..\libs\photon\ttcmapc.h">
      <Filter>Header Files\freetype</Filter>
    </ClInclude>
    <ClInclude Include="..\..\libs\photon\ttdriver.h">
      <Filter>Header Files\freetype</Filter>
    </ClInclude>
    <ClInclude Include="..\..\libs\photon\tterrors.h">
      <Filter>Header Files\freetype</Filter>
    </ClInclude>
    <ClInclude Include="..\..\libs\photon\ttgload.h">
      <Filter>Header Files\freetype</Filter>
    </ClInclude>
    <ClInclude Include="..\..\libs\photon\ttgxvar.h">
      <Filter>Header Files\freetype</Filter>
    </ClInclude>
    <ClInclude Include="..\..\libs\photon\ttinterp.h">
      <Filter>Header Files\freetype</Filter>
    </ClInclude>
    <ClInclude Include="..\..\libs\photon\ttkern.h">
      <Filter>Header Files\freetype</Filter>
    </ClInclude>
    <ClInclude Include="..\..\libs\photon\ttload.h">
      <Filter>Header Files\freetype</Filter>
    </ClInclude>
    <ClInclude Include="..\..\libs\photon\ttmtx.h">
      <Filter>Header Files\freetype</Filter>
    </ClInclude>
    <ClInclude Include="..\..\libs\photon\ttnameid.h">
      <Filter>Header Files\freetype</Filter>
    </ClInclude>
    <ClInclude Include="..\..\libs\photon\ttobjs.h">
      <Filter>Header Files\freetype</Filter>
    </ClInclude>
    <ClInclude Include="..\..\libs\photon\ttpic.h">
      <Filter>Header Files\freetype</Filter>
    </ClInclude>
    <ClInclude Include="..\..\libs\photon\ttpload.h">
      <Filter>Header Files\freetype</Filter>
    </ClInclude>
    <ClInclude Include="..\..\libs\photon\ttpost.h">
      <Filter>Header Files\freetype</Filter>
    </ClInclude>
    <ClInclude Include="..\..\libs\photon\ttsbit.h">
      <Filter>Header Files\freetype</Filter>
    </ClInclude>
    <ClInclude Include="..\..\libs\photon\ttsubpix.h">
      <Filter>Header Files\freetype</Filter>
    </ClInclude>
    <ClInclude Include="..\..\libs\photon\tttables.h">
      <Filter>Header Files\freetype</Filter>
    </ClInclude>
    <ClInclude Include="..\..\libs\photon\tttags.h">
      <Filter>Header Files\freetype</Filter>
    </ClInclude>
    <ClInclude Include="..\..\libs\photon\tttypes.h">
      <Filter>Header Files\freetype</Filter>
    </ClInclude>
    <ClInclude Include="..\..\libs\photon\ttunpat.h">
      <Filter>Header Files\freetype</Filter>
    </ClInclude>
    <ClInclude Include="..\..\libs\photon\winfnt.h">
      <Filter>Header Files\freetype</Filter>
    </ClInclude>
    <ClInclude Include="..\..\libs\photon\zlib.h">
      <Filter>Header Files\freetype</Filter>
    </ClInclude>
    <ClInclude Include="..\..\libs\photon\zutil.h">
      <Filter>Header Files\freetype</Filter>
    </ClInclude>
    <ClInclude Include="..\..\libs\photon\ftzopen.h">
      <Filter>Header Files\freetype</Filter>
    </ClInclude>
    <ClInclude Include="..\..\libs\photon\ftccache.h">
      <Filter>Header Files\freetype</Filter>
    </ClInclude>
    <ClInclude Include="..\..\libs\photon\ftccback.h">
      <Filter>Header Files\freetype</Filter>
    </ClInclude>
    <ClInclude Include="..\..\libs\photon\ftcerror.h">
      <Filter>Header Files\freetype</Filter>
    </ClInclude>
    <ClInclude Include="..\..\libs\photon\ftcglyph.h">
      <Filter>Header Files\freetype</Filter>
    </ClInclude>
    <ClInclude Include="..\..\libs\photon\ftcimage.h">
      <Filter>Header Files\freetype</Filter>
    </ClInclude>
    <ClInclude Include="..\..\libs\photon\ftcmanag.h">
      <Filter>Header Files\freetype</Filter>
    </ClInclude>
    <ClInclude Include="..\..\libs\photon\ftcmru.h">
      <Filter>Header Files\freetype</Filter>
    </ClInclude>
    <ClInclude Include="..\..\libs\photon\ftcsbits.h">
      <Filter>Header Files\freetype</Filter>
    </ClInclude>
  </ItemGroup>
  <ItemGroup>
    <None Include="..\..\libs\photon\afblue.hin">
      <Filter>Header Files\freetype</Filter>
    </None>
    <None Include="..\..\libs\photon\afblue.cin">
      <Filter>Source Files\freetype</Filter>
    </None>
  </ItemGroup>
</Project>