
Microsoft Visual Studio Solution File, Format Version 11.00
# Visual Studio 2010
Project("{8BC9CEB8-8B4A-11D0-8D11-00A0C91BC942}") = "gdi-lib", "vfc\vfc.vcxproj", "{DA2A99B1-6B82-4F12-B27F-396DCDEF285F}"
EndProject
Project("{8BC9CEB8-8B4A-11D0-8D11-00A0C91BC942}") = "widgets", "widgets\widgets.vcxproj", "{1046DE3D-4D9A-412B-9515-133A8DDFA260}"
	ProjectSection(ProjectDependencies) = postProject
		{DA2A99B1-6B82-4F12-B27F-396DCDEF285F} = {DA2A99B1-6B82-4F12-B27F-396DCDEF285F}
	EndProjectSection
EndProject
Project("{FAE04EC0-301F-11D3-BF4B-00C04F79EFBC}") = "CanFly", "..\CanFly\CanFly\CanFly.csproj", "{37B22EC3-ADE0-4939-81F1-FA5844BF78AF}"
EndProject
Project("{8BC9CEB8-8B4A-11D0-8D11-00A0C91BC942}") = "efis", "efis\efis.vcxproj", "{A9A774B7-B5D2-4712-A03A-7CBF8E41E0EC}"
	ProjectSection(ProjectDependencies) = postProject
		{1046DE3D-4D9A-412B-9515-133A8DDFA260} = {1046DE3D-4D9A-412B-9515-133A8DDFA260}
		{DA2A99B1-6B82-4F12-B27F-396DCDEF285F} = {DA2A99B1-6B82-4F12-B27F-396DCDEF285F}
	EndProjectSection
EndProject
Project("{2150E333-8FDC-42A3-9474-1A3956D46DE8}") = "Solution Items", "Solution Items", "{321385D7-16A7-477C-8CB3-FD236642855E}"
	ProjectSection(SolutionItems) = preProject
		..\configs\efis.ini = ..\configs\efis.ini
	EndProjectSection
EndProject
Project("{8BC9CEB8-8B4A-11D0-8D11-00A0C91BC942}") = "BitmapGen", "..\tools\BitmapGen\BitmapGen.vcxproj", "{A8052858-771E-42FA-9FCD-9F2ED29FF867}"
EndProject
Global
	GlobalSection(SolutionConfigurationPlatforms) = preSolution
		Debug|Any CPU = Debug|Any CPU
		Debug|Mixed Platforms = Debug|Mixed Platforms
		Debug|Win32 = Debug|Win32
		Debug|x86 = Debug|x86
		Release|Any CPU = Release|Any CPU
		Release|Mixed Platforms = Release|Mixed Platforms
		Release|Win32 = Release|Win32
		Release|x86 = Release|x86
	EndGlobalSection
	GlobalSection(ProjectConfigurationPlatforms) = postSolution
		{DA2A99B1-6B82-4F12-B27F-396DCDEF285F}.Debug|Any CPU.ActiveCfg = Debug|Win32
		{DA2A99B1-6B82-4F12-B27F-396DCDEF285F}.Debug|Mixed Platforms.ActiveCfg = Debug|Win32
		{DA2A99B1-6B82-4F12-B27F-396DCDEF285F}.Debug|Mixed Platforms.Build.0 = Debug|Win32
		{DA2A99B1-6B82-4F12-B27F-396DCDEF285F}.Debug|Win32.ActiveCfg = Debug|Win32
		{DA2A99B1-6B82-4F12-B27F-396DCDEF285F}.Debug|Win32.Build.0 = Debug|Win32
		{DA2A99B1-6B82-4F12-B27F-396DCDEF285F}.Debug|x86.ActiveCfg = Debug|Win32
		{DA2A99B1-6B82-4F12-B27F-396DCDEF285F}.Release|Any CPU.ActiveCfg = Release|Win32
		{DA2A99B1-6B82-4F12-B27F-396DCDEF285F}.Release|Mixed Platforms.ActiveCfg = Release|Win32
		{DA2A99B1-6B82-4F12-B27F-396DCDEF285F}.Release|Mixed Platforms.Build.0 = Release|Win32
		{DA2A99B1-6B82-4F12-B27F-396DCDEF285F}.Release|Win32.ActiveCfg = Release|Win32
		{DA2A99B1-6B82-4F12-B27F-396DCDEF285F}.Release|Win32.Build.0 = Release|Win32
		{DA2A99B1-6B82-4F12-B27F-396DCDEF285F}.Release|x86.ActiveCfg = Release|Win32
		{1046DE3D-4D9A-412B-9515-133A8DDFA260}.Debug|Any CPU.ActiveCfg = Debug|Win32
		{1046DE3D-4D9A-412B-9515-133A8DDFA260}.Debug|Mixed Platforms.ActiveCfg = Debug|Win32
		{1046DE3D-4D9A-412B-9515-133A8DDFA260}.Debug|Mixed Platforms.Build.0 = Debug|Win32
		{1046DE3D-4D9A-412B-9515-133A8DDFA260}.Debug|Win32.ActiveCfg = Debug|Win32
		{1046DE3D-4D9A-412B-9515-133A8DDFA260}.Debug|Win32.Build.0 = Debug|Win32
		{1046DE3D-4D9A-412B-9515-133A8DDFA260}.Debug|x86.ActiveCfg = Debug|Win32
		{1046DE3D-4D9A-412B-9515-133A8DDFA260}.Release|Any CPU.ActiveCfg = Release|Win32
		{1046DE3D-4D9A-412B-9515-133A8DDFA260}.Release|Mixed Platforms.ActiveCfg = Release|Win32
		{1046DE3D-4D9A-412B-9515-133A8DDFA260}.Release|Mixed Platforms.Build.0 = Release|Win32
		{1046DE3D-4D9A-412B-9515-133A8DDFA260}.Release|Win32.ActiveCfg = Release|Win32
		{1046DE3D-4D9A-412B-9515-133A8DDFA260}.Release|Win32.Build.0 = Release|Win32
		{1046DE3D-4D9A-412B-9515-133A8DDFA260}.Release|x86.ActiveCfg = Release|Win32
		{37B22EC3-ADE0-4939-81F1-FA5844BF78AF}.Debug|Any CPU.ActiveCfg = Debug|Any CPU
		{37B22EC3-ADE0-4939-81F1-FA5844BF78AF}.Debug|Any CPU.Build.0 = Debug|Any CPU
		{37B22EC3-ADE0-4939-81F1-FA5844BF78AF}.Debug|Mixed Platforms.ActiveCfg = Debug|Any CPU
		{37B22EC3-ADE0-4939-81F1-FA5844BF78AF}.Debug|Mixed Platforms.Build.0 = Debug|Any CPU
		{37B22EC3-ADE0-4939-81F1-FA5844BF78AF}.Debug|Win32.ActiveCfg = Debug|Any CPU
		{37B22EC3-ADE0-4939-81F1-FA5844BF78AF}.Debug|x86.ActiveCfg = Debug|x86
		{37B22EC3-ADE0-4939-81F1-FA5844BF78AF}.Debug|x86.Build.0 = Debug|x86
		{37B22EC3-ADE0-4939-81F1-FA5844BF78AF}.Release|Any CPU.ActiveCfg = Release|Any CPU
		{37B22EC3-ADE0-4939-81F1-FA5844BF78AF}.Release|Any CPU.Build.0 = Release|Any CPU
		{37B22EC3-ADE0-4939-81F1-FA5844BF78AF}.Release|Mixed Platforms.ActiveCfg = Release|Any CPU
		{37B22EC3-ADE0-4939-81F1-FA5844BF78AF}.Release|Mixed Platforms.Build.0 = Release|Any CPU
		{37B22EC3-ADE0-4939-81F1-FA5844BF78AF}.Release|Win32.ActiveCfg = Release|Any CPU
		{37B22EC3-ADE0-4939-81F1-FA5844BF78AF}.Release|x86.ActiveCfg = Release|x86
		{37B22EC3-ADE0-4939-81F1-FA5844BF78AF}.Release|x86.Build.0 = Release|x86
		{A9A774B7-B5D2-4712-A03A-7CBF8E41E0EC}.Debug|Any CPU.ActiveCfg = Debug|Win32
		{A9A774B7-B5D2-4712-A03A-7CBF8E41E0EC}.Debug|Mixed Platforms.ActiveCfg = Debug|Win32
		{A9A774B7-B5D2-4712-A03A-7CBF8E41E0EC}.Debug|Mixed Platforms.Build.0 = Debug|Win32
		{A9A774B7-B5D2-4712-A03A-7CBF8E41E0EC}.Debug|Win32.ActiveCfg = Debug|Win32
		{A9A774B7-B5D2-4712-A03A-7CBF8E41E0EC}.Debug|Win32.Build.0 = Debug|Win32
		{A9A774B7-B5D2-4712-A03A-7CBF8E41E0EC}.Debug|x86.ActiveCfg = Debug|Win32
		{A9A774B7-B5D2-4712-A03A-7CBF8E41E0EC}.Release|Any CPU.ActiveCfg = Release|Win32
		{A9A774B7-B5D2-4712-A03A-7CBF8E41E0EC}.Release|Mixed Platforms.ActiveCfg = Release|Win32
		{A9A774B7-B5D2-4712-A03A-7CBF8E41E0EC}.Release|Mixed Platforms.Build.0 = Release|Win32
		{A9A774B7-B5D2-4712-A03A-7CBF8E41E0EC}.Release|Win32.ActiveCfg = Release|Win32
		{A9A774B7-B5D2-4712-A03A-7CBF8E41E0EC}.Release|Win32.Build.0 = Release|Win32
		{A9A774B7-B5D2-4712-A03A-7CBF8E41E0EC}.Release|x86.ActiveCfg = Release|Win32
		{A8052858-771E-42FA-9FCD-9F2ED29FF867}.Debug|Any CPU.ActiveCfg = Debug|Win32
		{A8052858-771E-42FA-9FCD-9F2ED29FF867}.Debug|Mixed Platforms.ActiveCfg = Debug|Win32
		{A8052858-771E-42FA-9FCD-9F2ED29FF867}.Debug|Mixed Platforms.Build.0 = Debug|Win32
		{A8052858-771E-42FA-9FCD-9F2ED29FF867}.Debug|Win32.ActiveCfg = Debug|Win32
		{A8052858-771E-42FA-9FCD-9F2ED29FF867}.Debug|Win32.Build.0 = Debug|Win32
		{A8052858-771E-42FA-9FCD-9F2ED29FF867}.Debug|x86.ActiveCfg = Debug|Win32
		{A8052858-771E-42FA-9FCD-9F2ED29FF867}.Release|Any CPU.ActiveCfg = Release|Win32
		{A8052858-771E-42FA-9FCD-9F2ED29FF867}.Release|Mixed Platforms.ActiveCfg = Release|Win32
		{A8052858-771E-42FA-9FCD-9F2ED29FF867}.Release|Mixed Platforms.Build.0 = Release|Win32
		{A8052858-771E-42FA-9FCD-9F2ED29FF867}.Release|Win32.ActiveCfg = Release|Win32
		{A8052858-771E-42FA-9FCD-9F2ED29FF867}.Release|Win32.Build.0 = Release|Win32
		{A8052858-771E-42FA-9FCD-9F2ED29FF867}.Release|x86.ActiveCfg = Release|Win32
	EndGlobalSection
	GlobalSection(SolutionProperties) = preSolution
		HideSolutionNode = FALSE
	EndGlobalSection
EndGlobal
