<?xml version="1.0" encoding="utf-8"?>
<Project ToolsVersion="4.0" xmlns="http://schemas.microsoft.com/developer/msbuild/2003">
  <ItemGroup>
    <Filter Include="Source Files">
      <UniqueIdentifier>{4FC737F1-C7A5-4376-A066-2A32D752A2FF}</UniqueIdentifier>
      <Extensions>cpp;c;cxx;def;odl;idl;hpj;bat;asm;asmx</Extensions>
    </Filter>
    <Filter Include="Header Files">
      <UniqueIdentifier>{93995380-89BD-4b04-88EB-625FBE52EBFB}</UniqueIdentifier>
      <Extensions>h;hpp;hxx;hm;inl;inc;xsd</Extensions>
    </Filter>
    <Filter Include="Resource Files">
      <UniqueIdentifier>{67DA6AB6-F800-4c08-8B7A-83BB121AAD01}</UniqueIdentifier>
      <Extensions>rc;ico;cur;bmp;dlg;rc2;rct;bin;rgs;gif;jpg;jpeg;jpe;resx</Extensions>
    </Filter>
    <Filter Include="Resource Files\Docs">
      <UniqueIdentifier>{98a77f53-cc7a-4624-a99e-506994413cf4}</UniqueIdentifier>
    </Filter>
  </ItemGroup>
  <ItemGroup>
    <ClCompile Include="..\CUnit\Sources\Automated\Automated.c">
      <Filter>Source Files</Filter>
    </ClCompile>
    <ClCompile Include="..\CUnit\Sources\Basic\Basic.c">
      <Filter>Source Files</Filter>
    </ClCompile>
    <ClCompile Include="..\CUnit\Sources\Console\Console.c">
      <Filter>Source Files</Filter>
    </ClCompile>
    <ClCompile Include="..\CUnit\Sources\Framework\CUError.c">
      <Filter>Source Files</Filter>
    </ClCompile>
    <ClCompile Include="..\CUnit\Sources\Framework\MyMem.c">
      <Filter>Source Files</Filter>
    </ClCompile>
    <ClCompile Include="..\CUnit\Sources\Framework\TestDB.c">
      <Filter>Source Files</Filter>
    </ClCompile>
    <ClCompile Include="..\CUnit\Sources\Framework\TestRun.c">
      <Filter>Source Files</Filter>
    </ClCompile>
    <ClCompile Include="..\CUnit\Sources\Framework\Util.c">
      <Filter>Source Files</Filter>
    </ClCompile>
  </ItemGroup>
  <ItemGroup>
    <ClInclude Include="..\CUnit\Headers\Automated.h">
      <Filter>Header Files</Filter>
    </ClInclude>
    <ClInclude Include="..\CUnit\Headers\Basic.h">
      <Filter>Header Files</Filter>
    </ClInclude>
    <ClInclude Include="..\CUnit\Headers\Console.h">
      <Filter>Header Files</Filter>
    </ClInclude>
    <ClInclude Include="..\CUnit\Headers\CUCurses.h">
      <Filter>Header Files</Filter>
    </ClInclude>
    <ClInclude Include="..\CUnit\Headers\CUError.h">
      <Filter>Header Files</Filter>
    </ClInclude>
    <ClInclude Include="..\CUnit\Headers\CUnit.h">
      <Filter>Header Files</Filter>
    </ClInclude>
    <ClInclude Include="..\CUnit\Headers\CUnit_intl.h">
      <Filter>Header Files</Filter>
    </ClInclude>
    <ClInclude Include="..\CUnit\Headers\MyMem.h">
      <Filter>Header Files</Filter>
    </ClInclude>
    <ClInclude Include="..\CUnit\Headers\TestDB.h">
      <Filter>Header Files</Filter>
    </ClInclude>
    <ClInclude Include="..\CUnit\Headers\TestRun.h">
      <Filter>Header Files</Filter>
    </ClInclude>
    <ClInclude Include="..\CUnit\Headers\Util.h">
      <Filter>Header Files</Filter>
    </ClInclude>
  </ItemGroup>
  <ItemGroup>
    <None Include="..\INSTALL">
      <Filter>Resource Files</Filter>
    </None>
  </ItemGroup>
  <ItemGroup>
    <CustomBuild Include="..\AUTHORS">
      <Filter>Resource Files</Filter>
    </CustomBuild>
    <CustomBuild Include="..\ChangeLog">
      <Filter>Resource Files</Filter>
    </CustomBuild>
    <CustomBuild Include="..\config.h.in">
      <Filter>Resource Files</Filter>
    </CustomBuild>
    <CustomBuild Include="..\configure.in">
      <Filter>Resource Files</Filter>
    </CustomBuild>
    <CustomBuild Include="..\Share\CUnit-List.dtd">
      <Filter>Resource Files</Filter>
    </CustomBuild>
    <CustomBuild Include="..\Share\CUnit-List.xsl">
      <Filter>Resource Files</Filter>
    </CustomBuild>
    <CustomBuild Include="..\Share\CUnit-Run.dtd">
      <Filter>Resource Files</Filter>
    </CustomBuild>
    <CustomBuild Include="..\Share\CUnit-Run.xsl">
      <Filter>Resource Files</Filter>
    </CustomBuild>
    <CustomBuild Include="..\CUnit.spec.in">
      <Filter>Resource Files</Filter>
    </CustomBuild>
    <CustomBuild Include="..\Jambase">
      <Filter>Resource Files</Filter>
    </CustomBuild>
    <CustomBuild Include="..\Jamfile">
      <Filter>Resource Files</Filter>
    </CustomBuild>
    <CustomBuild Include="..\CUnit\Jamfile">
      <Filter>Resource Files</Filter>
    </CustomBuild>
    <CustomBuild Include="..\Jamrules">
      <Filter>Resource Files</Filter>
    </CustomBuild>
    <CustomBuild Include="..\Jamrules.in">
      <Filter>Resource Files</Filter>
    </CustomBuild>
    <CustomBuild Include="..\libcunit_dll.def">
      <Filter>Resource Files</Filter>
    </CustomBuild>
    <CustomBuild Include="..\Share\Memory-Dump.dtd">
      <Filter>Resource Files</Filter>
    </CustomBuild>
    <CustomBuild Include="..\Share\Memory-Dump.xsl">
      <Filter>Resource Files</Filter>
    </CustomBuild>
    <CustomBuild Include="..\PACKAGE">
      <Filter>Resource Files</Filter>
    </CustomBuild>
    <CustomBuild Include="..\README">
      <Filter>Resource Files</Filter>
    </CustomBuild>
    <CustomBuild Include="..\TODO">
      <Filter>Resource Files</Filter>
    </CustomBuild>
    <CustomBuild Include="..\VERSION">
      <Filter>Resource Files</Filter>
    </CustomBuild>
    <CustomBuild Include="..\Man\man3\CUnit.3">
      <Filter>Resource Files\Docs</Filter>
    </CustomBuild>
    <CustomBuild Include="..\doc\CUnit_doc.css">
      <Filter>Resource Files\Docs</Filter>
    </CustomBuild>
    <CustomBuild Include="..\doc\error_handling.html">
      <Filter>Resource Files\Docs</Filter>
    </CustomBuild>
    <CustomBuild Include="..\doc\fdl.html">
      <Filter>Resource Files\Docs</Filter>
    </CustomBuild>
    <CustomBuild Include="..\doc\index.html">
      <Filter>Resource Files\Docs</Filter>
    </CustomBuild>
    <CustomBuild Include="..\doc\introduction.html">
      <Filter>Resource Files\Docs</Filter>
    </CustomBuild>
    <CustomBuild Include="..\doc\managing_tests.html">
      <Filter>Resource Files\Docs</Filter>
    </CustomBuild>
    <CustomBuild Include="..\doc\running_tests.html">
      <Filter>Resource Files\Docs</Filter>
    </CustomBuild>
    <CustomBuild Include="..\doc\test_registry.html">
      <Filter>Resource Files\Docs</Filter>
    </CustomBuild>
    <CustomBuild Include="..\doc\writing_tests.html">
      <Filter>Resource Files\Docs</Filter>
    </CustomBuild>
  </ItemGroup>
</Project>