<?xml version="1.0" encoding="utf-8"?>
<Project ToolsVersion="4.0" xmlns="http://schemas.microsoft.com/developer/msbuild/2003">
  <ItemGroup>
    <Filter Include="CLR">
      <UniqueIdentifier>{0c62607f-2db6-4065-b3fb-7cf5a3fa62cc}</UniqueIdentifier>
    </Filter>
    <Filter Include="CLR\Core">
      <UniqueIdentifier>{40b05800-ccb2-4418-bd44-20ed027b16e5}</UniqueIdentifier>
    </Filter>
    <Filter Include="CLR\Core\RPC">
      <UniqueIdentifier>{38a94ae9-0b48-4e4d-b394-2a15bfb6647b}</UniqueIdentifier>
    </Filter>
    <Filter Include="CLR\Core\Serialization">
      <UniqueIdentifier>{f1878644-ed6e-49f0-bac1-a20d68bc8d20}</UniqueIdentifier>
    </Filter>
    <Filter Include="CLR\CoreLib">
      <UniqueIdentifier>{d8075c41-3bec-4c8f-9a91-8cd8dcda6e9b}</UniqueIdentifier>
    </Filter>
    <Filter Include="CLR\Debugger">
      <UniqueIdentifier>{0bac2651-3da2-42f4-b290-c2768651d449}</UniqueIdentifier>
    </Filter>
    <Filter Include="CLR\Diagnostics">
      <UniqueIdentifier>{cb92250f-355a-49c3-93a5-2a299070d571}</UniqueIdentifier>
    </Filter>
    <Filter Include="CLR\Helpers">
      <UniqueIdentifier>{3acf514f-1bee-40f7-a790-efbeb91facd4}</UniqueIdentifier>
    </Filter>
    <Filter Include="CLR\Helpers\Base64">
      <UniqueIdentifier>{5a5f40c3-5178-44d1-a57c-f219c4d5b3f5}</UniqueIdentifier>
    </Filter>
    <Filter Include="CLR\Helpers\TinyPrintf">
      <UniqueIdentifier>{0940b80f-8e9b-4fd7-a6e5-d420418da4fb}</UniqueIdentifier>
    </Filter>
    <Filter Include="CLR\Include">
      <UniqueIdentifier>{94f93731-4480-4bb4-a338-229cf5cda100}</UniqueIdentifier>
    </Filter>
    <Filter Include="CLR\Messaging">
      <UniqueIdentifier>{9a8ef8a0-88d4-4ed8-9d86-540a781a88fa}</UniqueIdentifier>
    </Filter>
    <Filter Include="CLR\Startup">
      <UniqueIdentifier>{77bd65f3-394c-415b-946b-a48467174053}</UniqueIdentifier>
    </Filter>
    <Filter Include="CLR\System.Math">
      <UniqueIdentifier>{4ee5348f-786c-467f-b13a-9b667086cb30}</UniqueIdentifier>
    </Filter>
    <Filter Include="CLR\WireProtocol">
      <UniqueIdentifier>{8f379517-8272-49d3-90b3-1b53dd134bfa}</UniqueIdentifier>
    </Filter>
    <Filter Include="HAL">
      <UniqueIdentifier>{aab1e98b-a427-46b1-92ea-c29ff4fb64bd}</UniqueIdentifier>
    </Filter>
    <Filter Include="HAL\Include">
      <UniqueIdentifier>{1aa56ee8-5018-4768-96ed-7a83b3b9835c}</UniqueIdentifier>
    </Filter>
    <Filter Include="PAL">
      <UniqueIdentifier>{6dce5bad-4a8a-4d6b-a6f1-8f905976a61f}</UniqueIdentifier>
    </Filter>
    <Filter Include="PAL\AsyncProcCall">
      <UniqueIdentifier>{c01dda1e-980c-40c3-972a-8cdb17596172}</UniqueIdentifier>
    </Filter>
    <Filter Include="PAL\COM">
      <UniqueIdentifier>{e351d4ba-d73f-4bff-b8d7-b19ae26b11a0}</UniqueIdentifier>
    </Filter>
    <Filter Include="PAL\Double">
      <UniqueIdentifier>{8755c7b2-9d55-4d48-82b3-f98d5be17755}</UniqueIdentifier>
    </Filter>
    <Filter Include="PAL\Include">
      <UniqueIdentifier>{696347dc-0136-45ca-a2d8-9379297860f6}</UniqueIdentifier>
    </Filter>
    <Filter Include="System.Collections">
      <UniqueIdentifier>{f0de1504-4bfb-4dbd-a8dc-b0d6c9113e6f}</UniqueIdentifier>
    </Filter>
    <Filter Include="System.Text">
      <UniqueIdentifier>{db8e22fa-901c-4128-9623-8fcd7d2ba1ca}</UniqueIdentifier>
    </Filter>
    <Filter Include="CLR\CoreLib\mscorlib">
      <UniqueIdentifier>{1fd4906d-7821-4084-8089-de1cd1ee29d4}</UniqueIdentifier>
    </Filter>
  </ItemGroup>
  <ItemGroup>
    <ClCompile Include="..\..\libs\nano\CLR\Core\Serialization\BinaryFormatter.cpp">
      <Filter>CLR\Core\Serialization</Filter>
    </ClCompile>
    <ClCompile Include="..\..\libs\nano\CLR\Core\RPC\CLR_RT_HeapBlock_EndPoint.cpp">
      <Filter>CLR\Core\RPC</Filter>
    </ClCompile>
    <ClCompile Include="..\..\libs\nano\CLR\Core\Cache.cpp">
      <Filter>CLR\Core</Filter>
    </ClCompile>
    <ClCompile Include="..\..\libs\nano\CLR\Core\Checks.cpp">
      <Filter>CLR\Core</Filter>
    </ClCompile>
    <ClCompile Include="..\..\libs\nano\CLR\Core\CLR_RT_DblLinkedList.cpp">
      <Filter>CLR\Core</Filter>
    </ClCompile>
    <ClCompile Include="..\..\libs\nano\CLR\Core\CLR_RT_HeapBlock.cpp">
      <Filter>CLR\Core</Filter>
    </ClCompile>
    <ClCompile Include="..\..\libs\nano\CLR\Core\CLR_RT_HeapBlock_Array.cpp">
      <Filter>CLR\Core</Filter>
    </ClCompile>
    <ClCompile Include="..\..\libs\nano\CLR\Core\CLR_RT_HeapBlock_ArrayList.cpp">
      <Filter>CLR\Core</Filter>
    </ClCompile>
    <ClCompile Include="..\..\libs\nano\CLR\Core\CLR_RT_HeapBlock_BinaryBlob.cpp">
      <Filter>CLR\Core</Filter>
    </ClCompile>
    <ClCompile Include="..\..\libs\nano\CLR\Core\CLR_RT_HeapBlock_Delegate.cpp">
      <Filter>CLR\Core</Filter>
    </ClCompile>
    <ClCompile Include="..\..\libs\nano\CLR\Core\CLR_RT_HeapBlock_Delegate_List.cpp">
      <Filter>CLR\Core</Filter>
    </ClCompile>
    <ClCompile Include="..\..\libs\nano\CLR\Core\CLR_RT_HeapBlock_Finalizer.cpp">
      <Filter>CLR\Core</Filter>
    </ClCompile>
    <ClCompile Include="..\..\libs\nano\CLR\Core\CLR_RT_HeapBlock_Lock.cpp">
      <Filter>CLR\Core</Filter>
    </ClCompile>
    <ClCompile Include="..\..\libs\nano\CLR\Core\CLR_RT_HeapBlock_LockRequest.cpp">
      <Filter>CLR\Core</Filter>
    </ClCompile>
    <ClCompile Include="..\..\libs\nano\CLR\Core\CLR_RT_HeapBlock_Node.cpp">
      <Filter>CLR\Core</Filter>
    </ClCompile>
    <ClCompile Include="..\..\libs\nano\CLR\Core\CLR_RT_HeapBlock_Queue.cpp">
      <Filter>CLR\Core</Filter>
    </ClCompile>
    <ClCompile Include="..\..\libs\nano\CLR\Core\CLR_RT_HeapBlock_Stack.cpp">
      <Filter>CLR\Core</Filter>
    </ClCompile>
    <ClCompile Include="..\..\libs\nano\CLR\Core\CLR_RT_HeapBlock_String.cpp">
      <Filter>CLR\Core</Filter>
    </ClCompile>
    <ClCompile Include="..\..\libs\nano\CLR\Core\CLR_RT_HeapBlock_Timer.cpp">
      <Filter>CLR\Core</Filter>
    </ClCompile>
    <ClCompile Include="..\..\libs\nano\CLR\Core\CLR_RT_HeapBlock_WaitForObject.cpp">
      <Filter>CLR\Core</Filter>
    </ClCompile>
    <ClCompile Include="..\..\libs\nano\CLR\Core\CLR_RT_HeapCluster.cpp">
      <Filter>CLR\Core</Filter>
    </ClCompile>
    <ClCompile Include="..\..\libs\nano\CLR\Core\CLR_RT_Interop.cpp">
      <Filter>CLR\Core</Filter>
    </ClCompile>
    <ClCompile Include="..\..\libs\nano\CLR\Core\CLR_RT_Memory.cpp">
      <Filter>CLR\Core</Filter>
    </ClCompile>
    <ClCompile Include="..\..\libs\nano\CLR\Core\CLR_RT_ObjectToEvent_Destination.cpp">
      <Filter>CLR\Core</Filter>
    </ClCompile>
    <ClCompile Include="..\..\libs\nano\CLR\Core\CLR_RT_ObjectToEvent_Source.cpp">
      <Filter>CLR\Core</Filter>
    </ClCompile>
    <ClCompile Include="..\..\libs\nano\CLR\Core\CLR_RT_RuntimeMemory.cpp">
      <Filter>CLR\Core</Filter>
    </ClCompile>
    <ClCompile Include="..\..\libs\nano\CLR\Core\CLR_RT_StackFrame.cpp">
      <Filter>CLR\Core</Filter>
    </ClCompile>
    <ClCompile Include="..\..\libs\nano\CLR\Core\CLR_RT_SystemAssembliesTable.cpp">
      <Filter>CLR\Core</Filter>
    </ClCompile>
    <ClCompile Include="..\..\libs\nano\CLR\Core\CLR_RT_UnicodeHelper.cpp">
      <Filter>CLR\Core</Filter>
    </ClCompile>
    <ClCompile Include="..\..\libs\nano\CLR\Core\Execution.cpp">
      <Filter>CLR\Core</Filter>
    </ClCompile>
    <ClCompile Include="..\..\libs\nano\CLR\Core\GarbageCollector.cpp">
      <Filter>CLR\Core</Filter>
    </ClCompile>
    <ClCompile Include="..\..\libs\nano\CLR\Core\GarbageCollector_Compaction.cpp">
      <Filter>CLR\Core</Filter>
    </ClCompile>
    <ClCompile Include="..\..\libs\nano\CLR\Core\GarbageCollector_ComputeReachabilityGraph.cpp">
      <Filter>CLR\Core</Filter>
    </ClCompile>
    <ClCompile Include="..\..\libs\nano\CLR\Core\GarbageCollector_Info.cpp">
      <Filter>CLR\Core</Filter>
    </ClCompile>
    <ClCompile Include="..\..\libs\nano\CLR\Core\Interpreter.cpp">
      <Filter>CLR\Core</Filter>
    </ClCompile>
    <ClCompile Include="..\..\libs\nano\CLR\Core\nanoSupport_CRC32.c">
      <Filter>CLR\Core</Filter>
    </ClCompile>
    <ClCompile Include="..\..\libs\nano\CLR\Core\Random.cpp">
      <Filter>CLR\Core</Filter>
    </ClCompile>
    <ClCompile Include="..\..\libs\nano\CLR\Core\Streams.cpp">
      <Filter>CLR\Core</Filter>
    </ClCompile>
    <ClCompile Include="..\..\libs\nano\CLR\Core\StringTable.cpp">
      <Filter>CLR\Core</Filter>
    </ClCompile>
    <ClCompile Include="..\..\libs\nano\CLR\Core\StringTableData.cpp">
      <Filter>CLR\Core</Filter>
    </ClCompile>
    <ClCompile Include="..\..\libs\nano\CLR\Core\Thread.cpp">
      <Filter>CLR\Core</Filter>
    </ClCompile>
    <ClCompile Include="..\..\libs\nano\CLR\Core\TypeSystem.cpp">
      <Filter>CLR\Core</Filter>
    </ClCompile>
    <ClCompile Include="..\..\libs\nano\CLR\Core\TypeSystemLookup.cpp">
      <Filter>CLR\Core</Filter>
    </ClCompile>
    <ClCompile Include="..\..\libs\nano\CLR\Core\Various.cpp">
      <Filter>CLR\Core</Filter>
    </ClCompile>
    <ClCompile Include="..\..\libs\nano\CLR\CorLib\corlib_native_System_Array.cpp">
      <Filter>CLR\CoreLib</Filter>
    </ClCompile>
    <ClCompile Include="..\..\libs\nano\CLR\CorLib\corlib_native_System_BitConverter.cpp">
      <Filter>CLR\CoreLib</Filter>
    </ClCompile>
    <ClCompile Include="..\..\libs\nano\CLR\CorLib\corlib_native_System_Collections_ArrayList.cpp">
      <Filter>CLR\CoreLib</Filter>
    </ClCompile>
    <ClCompile Include="..\..\libs\nano\CLR\CorLib\corlib_native_System_Console.cpp">
      <Filter>CLR\CoreLib</Filter>
    </ClCompile>
    <ClCompile Include="..\..\libs\nano\CLR\CorLib\corlib_native_System_Convert.cpp">
      <Filter>CLR\CoreLib</Filter>
    </ClCompile>
    <ClCompile Include="..\..\libs\nano\CLR\CorLib\corlib_native_System_DateTime.cpp">
      <Filter>CLR\CoreLib</Filter>
    </ClCompile>
    <ClCompile Include="..\..\libs\nano\CLR\CorLib\corlib_native_System_Delegate.cpp">
      <Filter>CLR\CoreLib</Filter>
    </ClCompile>
    <ClCompile Include="..\..\libs\nano\CLR\CorLib\corlib_native_System_Diagnostics_Debugger.cpp">
      <Filter>CLR\CoreLib</Filter>
    </ClCompile>
    <ClCompile Include="..\..\libs\nano\CLR\CorLib\corlib_native_System_Double.cpp">
      <Filter>CLR\CoreLib</Filter>
    </ClCompile>
    <ClCompile Include="..\..\libs\nano\CLR\CorLib\corlib_native_System_Enum.cpp">
      <Filter>CLR\CoreLib</Filter>
    </ClCompile>
    <ClCompile Include="..\..\libs\nano\CLR\CorLib\corlib_native_System_Exception.cpp">
      <Filter>CLR\CoreLib</Filter>
    </ClCompile>
    <ClCompile Include="..\..\libs\nano\CLR\CorLib\corlib_native_System_GC.cpp">
      <Filter>CLR\CoreLib</Filter>
    </ClCompile>
    <ClCompile Include="..\..\libs\nano\CLR\CorLib\corlib_native_System_Globalization_CultureInfo.cpp">
      <Filter>CLR\CoreLib</Filter>
    </ClCompile>
    <ClCompile Include="..\..\libs\nano\CLR\CorLib\corlib_native_System_Globalization_DateTimeFormat.cpp">
      <Filter>CLR\CoreLib</Filter>
    </ClCompile>
    <ClCompile Include="..\..\libs\nano\CLR\CorLib\corlib_native_System_Guid.cpp">
      <Filter>CLR\CoreLib</Filter>
    </ClCompile>
    <ClCompile Include="..\..\libs\nano\CLR\CorLib\corlib_native_System_MathInternal.cpp">
      <Filter>CLR\CoreLib</Filter>
    </ClCompile>
    <ClCompile Include="..\..\libs\nano\CLR\CorLib\corlib_native_System_MulticastDelegate.cpp">
      <Filter>CLR\CoreLib</Filter>
    </ClCompile>
    <ClCompile Include="..\..\libs\nano\CLR\CorLib\corlib_native_System_Number.cpp">
      <Filter>CLR\CoreLib</Filter>
    </ClCompile>
    <ClCompile Include="..\..\libs\nano\CLR\CorLib\corlib_native_System_Object.cpp">
      <Filter>CLR\CoreLib</Filter>
    </ClCompile>
    <ClCompile Include="..\..\libs\nano\CLR\CorLib\corlib_native_System_Random.cpp">
      <Filter>CLR\CoreLib</Filter>
    </ClCompile>
    <ClCompile Include="..\..\libs\nano\CLR\CorLib\corlib_native_System_String.cpp">
      <Filter>CLR\CoreLib</Filter>
    </ClCompile>
    <ClCompile Include="..\..\libs\nano\CLR\CorLib\corlib_native_System_Threading_AutoResetEvent.cpp">
      <Filter>CLR\CoreLib</Filter>
    </ClCompile>
    <ClCompile Include="..\..\libs\nano\CLR\CorLib\corlib_native_System_Threading_Interlocked.cpp">
      <Filter>CLR\CoreLib</Filter>
    </ClCompile>
    <ClCompile Include="..\..\libs\nano\CLR\CorLib\corlib_native_System_Threading_ManualResetEvent.cpp">
      <Filter>CLR\CoreLib</Filter>
    </ClCompile>
    <ClCompile Include="..\..\libs\nano\CLR\CorLib\corlib_native_System_Threading_Monitor.cpp">
      <Filter>CLR\CoreLib</Filter>
    </ClCompile>
    <ClCompile Include="..\..\libs\nano\CLR\CorLib\corlib_native_System_Threading_Thread.cpp">
      <Filter>CLR\CoreLib</Filter>
    </ClCompile>
    <ClCompile Include="..\..\libs\nano\CLR\CorLib\corlib_native_System_Threading_Timer.cpp">
      <Filter>CLR\CoreLib</Filter>
    </ClCompile>
    <ClCompile Include="..\..\libs\nano\CLR\CorLib\corlib_native_System_Threading_WaitHandle.cpp">
      <Filter>CLR\CoreLib</Filter>
    </ClCompile>
    <ClCompile Include="..\..\libs\nano\CLR\CorLib\corlib_native_System_ValueType.cpp">
      <Filter>CLR\CoreLib</Filter>
    </ClCompile>
    <ClCompile Include="..\..\libs\nano\CLR\CorLib\corlib_native_System_WeakReference.cpp">
      <Filter>CLR\CoreLib</Filter>
    </ClCompile>
    <ClCompile Include="..\..\libs\nano\CLR\Debugger\Debugger.cpp">
      <Filter>CLR\Debugger</Filter>
    </ClCompile>
    <ClCompile Include="..\..\libs\nano\CLR\Debugger\Debugger_full.cpp">
      <Filter>CLR\Debugger</Filter>
    </ClCompile>
    <ClCompile Include="..\..\libs\nano\CLR\Diagnostics\Info.cpp">
      <Filter>CLR\Diagnostics</Filter>
    </ClCompile>
    <ClCompile Include="..\..\libs\nano\CLR\Diagnostics\Profile.cpp">
      <Filter>CLR\Diagnostics</Filter>
    </ClCompile>
    <ClCompile Include="..\..\libs\nano\CLR\Diagnostics\Profiler.cpp">
      <Filter>CLR\Diagnostics</Filter>
    </ClCompile>
    <ClCompile Include="..\..\libs\nano\CLR\Helpers\Base64\base64.c">
      <Filter>CLR\Helpers\Base64</Filter>
    </ClCompile>
    <ClCompile Include="..\..\libs\nano\CLR\Helpers\TinyPrintf\printf.c">
      <Filter>CLR\Helpers\TinyPrintf</Filter>
    </ClCompile>
    <ClCompile Include="..\..\libs\nano\CLR\Messaging\Messaging.cpp">
      <Filter>CLR\Messaging</Filter>
    </ClCompile>
    <ClCompile Include="..\..\libs\nano\CLR\Startup\CLRStartup.cpp">
      <Filter>CLR\Startup</Filter>
    </ClCompile>
    <ClCompile Include="..\..\libs\nano\CLR\System.Math\nf_native_system_math.cpp">
      <Filter>CLR\System.Math</Filter>
    </ClCompile>
    <ClCompile Include="..\..\libs\nano\CLR\System.Math\nf_native_system_math_System_Math.cpp">
      <Filter>CLR\System.Math</Filter>
    </ClCompile>
    <ClCompile Include="..\..\libs\nano\CLR\WireProtocol\WireProtocol_App_Interface.c">
      <Filter>CLR\WireProtocol</Filter>
    </ClCompile>
    <ClCompile Include="..\..\libs\nano\CLR\WireProtocol\WireProtocol_Message.c">
      <Filter>CLR\WireProtocol</Filter>
    </ClCompile>
    <ClCompile Include="..\..\libs\nano\HAL\nanoHAL_Time.cpp">
      <Filter>HAL</Filter>
    </ClCompile>
    <ClCompile Include="..\..\libs\nano\PAL\AsyncProcCall\AsyncCompletions.cpp">
      <Filter>PAL\AsyncProcCall</Filter>
    </ClCompile>
    <ClCompile Include="..\..\libs\nano\PAL\AsyncProcCall\AsyncContinuations.cpp">
      <Filter>PAL\AsyncProcCall</Filter>
    </ClCompile>
    <ClCompile Include="..\..\libs\nano\PAL\COM\ComDirector.cpp">
      <Filter>PAL\COM</Filter>
    </ClCompile>
    <ClCompile Include="..\..\libs\nano\PAL\Double\nanoPAL_NativeDouble.cpp">
      <Filter>PAL\Double</Filter>
    </ClCompile>
    <ClCompile Include="..\..\libs\nano\System.Collections\nf_system_collections_System_Collections_Queue.cpp">
      <Filter>System.Collections</Filter>
    </ClCompile>
    <ClCompile Include="..\..\libs\nano\System.Collections\nf_system_collections_System_Collections_Stack.cpp">
      <Filter>System.Collections</Filter>
    </ClCompile>
    <ClCompile Include="..\..\libs\nano\System.Collections\nf_system_collections.cpp">
      <Filter>System.Collections</Filter>
    </ClCompile>
    <ClCompile Include="..\..\libs\nano\System.Text\nf_system_text_System_Text_UTF8Decoder.cpp">
      <Filter>System.Text</Filter>
    </ClCompile>
    <ClCompile Include="..\..\libs\nano\System.Text\nf_system_text_System_Text_UTF8Encoding.cpp">
      <Filter>System.Text</Filter>
    </ClCompile>
    <ClCompile Include="..\..\libs\nano\System.Text\nf_system_text.cpp">
      <Filter>System.Text</Filter>
    </ClCompile>
    <ClCompile Include="..\..\libs\nano\CLR\CorLib\corlib_native_System_Runtime_CompilerServices_RuntimeHelpers.cpp">
      <Filter>CLR\CoreLib</Filter>
    </ClCompile>
    <ClCompile Include="..\..\libs\nano\CLR\CorLib\corlib_native_System_Runtime_Remoting_RemotingServices.cpp">
      <Filter>CLR\CoreLib</Filter>
    </ClCompile>
    <ClCompile Include="..\..\libs\nano\HAL\nanoHAL_SystemInformation.cpp">
      <Filter>HAL</Filter>
    </ClCompile>
    <ClCompile Include="..\..\libs\nano\CLR\CorLib\mscorlib\corlib_native.cpp">
      <Filter>CLR\CoreLib\mscorlib</Filter>
    </ClCompile>
  </ItemGroup>
  <ItemGroup>
    <ClInclude Include="..\..\libs\nano\CLR\Core\Core.h">
      <Filter>CLR\Core</Filter>
    </ClInclude>
    <ClInclude Include="..\..\libs\nano\CLR\Core\corhdr_private.h">
      <Filter>CLR\Core</Filter>
    </ClInclude>
    <ClInclude Include="..\..\libs\nano\CLR\CorLib\CorLib.h">
      <Filter>CLR\CoreLib</Filter>
    </ClInclude>
    <ClInclude Include="..\..\libs\nano\CLR\Debugger\Debugger.h">
      <Filter>CLR\Debugger</Filter>
    </ClInclude>
    <ClInclude Include="..\..\libs\nano\CLR\Diagnostics\Diagnostics.h">
      <Filter>CLR\Diagnostics</Filter>
    </ClInclude>
    <ClInclude Include="..\..\libs\nano\CLR\Helpers\Base64\base64.h">
      <Filter>CLR\Helpers\Base64</Filter>
    </ClInclude>
    <ClInclude Include="..\..\libs\nano\CLR\Helpers\TinyPrintf\printf.h">
      <Filter>CLR\Helpers\TinyPrintf</Filter>
    </ClInclude>
    <ClInclude Include="..\..\libs\nano\CLR\Include\nanoCLR_Application.h">
      <Filter>CLR\Include</Filter>
    </ClInclude>
    <ClInclude Include="..\..\libs\nano\CLR\Include\nanoCLR_Checks.h">
      <Filter>CLR\Include</Filter>
    </ClInclude>
    <ClInclude Include="..\..\libs\nano\CLR\Include\nanoCLR_Debugging.h">
      <Filter>CLR\Include</Filter>
    </ClInclude>
    <ClInclude Include="..\..\libs\nano\CLR\Include\nanoCLR_ErrorCodes.h">
      <Filter>CLR\Include</Filter>
    </ClInclude>
    <ClInclude Include="..\..\libs\nano\CLR\Include\nanoCLR_Hardware.h">
      <Filter>CLR\Include</Filter>
    </ClInclude>
    <ClInclude Include="..\..\libs\nano\CLR\Include\nanoCLR_Headers.h">
      <Filter>CLR\Include</Filter>
    </ClInclude>
    <ClInclude Include="..\..\libs\nano\CLR\Include\nanoCLR_Interop.h">
      <Filter>CLR\Include</Filter>
    </ClInclude>
    <ClInclude Include="..\..\libs\nano\CLR\Include\nanoCLR_Messaging.h">
      <Filter>CLR\Include</Filter>
    </ClInclude>
    <ClInclude Include="..\..\libs\nano\CLR\Include\nanoCLR_ParseOptions.h">
      <Filter>CLR\Include</Filter>
    </ClInclude>
    <ClInclude Include="..\..\libs\nano\CLR\Include\nanoCLR_PlatformDef.h">
      <Filter>CLR\Include</Filter>
    </ClInclude>
    <ClInclude Include="..\..\libs\nano\CLR\Include\nanoCLR_Profiling.h">
      <Filter>CLR\Include</Filter>
    </ClInclude>
    <ClInclude Include="..\..\libs\nano\CLR\Include\nanoCLR_Runtime.h">
      <Filter>CLR\Include</Filter>
    </ClInclude>
    <ClInclude Include="..\..\libs\nano\CLR\Include\nanoCLR_Runtime__HeapBlock.h">
      <Filter>CLR\Include</Filter>
    </ClInclude>
    <ClInclude Include="..\..\libs\nano\CLR\Include\nanoCLR_Runtime__Serialization.h">
      <Filter>CLR\Include</Filter>
    </ClInclude>
    <ClInclude Include="..\..\libs\nano\CLR\Include\nanoCLR_Types.h">
      <Filter>CLR\Include</Filter>
    </ClInclude>
    <ClInclude Include="..\..\libs\nano\CLR\Include\nanoCLR_Win32.h">
      <Filter>CLR\Include</Filter>
    </ClInclude>
    <ClInclude Include="..\..\libs\nano\CLR\Include\nanoPackStruct.h">
      <Filter>CLR\Include</Filter>
    </ClInclude>
    <ClInclude Include="..\..\libs\nano\CLR\Include\nanoSupport.h">
      <Filter>CLR\Include</Filter>
    </ClInclude>
    <ClInclude Include="..\..\libs\nano\CLR\Include\nanoVersion.h">
      <Filter>CLR\Include</Filter>
    </ClInclude>
    <ClInclude Include="..\..\libs\nano\CLR\Include\nanoWeak.h">
      <Filter>CLR\Include</Filter>
    </ClInclude>
    <ClInclude Include="..\..\libs\nano\CLR\Include\nf_errors_exceptions.h">
      <Filter>CLR\Include</Filter>
    </ClInclude>
    <ClInclude Include="..\..\libs\nano\CLR\Include\WireProtocol.h">
      <Filter>CLR\Include</Filter>
    </ClInclude>
    <ClInclude Include="..\..\libs\nano\CLR\Include\WireProtocol_App_Interface.h">
      <Filter>CLR\Include</Filter>
    </ClInclude>
    <ClInclude Include="..\..\libs\nano\CLR\Include\WireProtocol_HAL_Interface.h">
      <Filter>CLR\Include</Filter>
    </ClInclude>
    <ClInclude Include="..\..\libs\nano\CLR\Include\WireProtocol_Message.h">
      <Filter>CLR\Include</Filter>
    </ClInclude>
    <ClInclude Include="..\..\libs\nano\CLR\Include\WireProtocol_MonitorCommands.h">
      <Filter>CLR\Include</Filter>
    </ClInclude>
    <ClInclude Include="..\..\libs\nano\CLR\Startup\CLRStartup.h">
      <Filter>CLR\Startup</Filter>
    </ClInclude>
    <ClInclude Include="..\..\libs\nano\CLR\System.Math\nf_native_system_math.h">
      <Filter>CLR\System.Math</Filter>
    </ClInclude>
    <ClInclude Include="..\..\libs\nano\HAL\Include\nanoHAL_ReleaseInfo.h">
      <Filter>HAL\Include</Filter>
    </ClInclude>
    <ClInclude Include="..\..\libs\nano\HAL\Include\nanoHAL_Time.h">
      <Filter>HAL\Include</Filter>
    </ClInclude>
    <ClInclude Include="..\..\libs\nano\HAL\Include\nanoHAL_Types.h">
      <Filter>HAL\Include</Filter>
    </ClInclude>
    <ClInclude Include="..\..\libs\nano\HAL\Include\nanoHAL_v2.h">
      <Filter>HAL\Include</Filter>
    </ClInclude>
    <ClInclude Include="..\..\libs\nano\HAL\Include\nanoHAL.h">
      <Filter>HAL\Include</Filter>
    </ClInclude>
    <ClInclude Include="..\..\libs\nano\PAL\Include\nanoCRT.h">
      <Filter>PAL\Include</Filter>
    </ClInclude>
    <ClInclude Include="..\..\libs\nano\PAL\Include\nanoPAL.h">
      <Filter>PAL\Include</Filter>
    </ClInclude>
    <ClInclude Include="..\..\libs\nano\PAL\Include\nanoPAL_AsyncProcCalls_decl.h">
      <Filter>PAL\Include</Filter>
    </ClInclude>
    <ClInclude Include="..\..\libs\nano\PAL\Include\nanoPAL_COM.h">
      <Filter>PAL\Include</Filter>
    </ClInclude>
    <ClInclude Include="..\..\libs\nano\PAL\Include\nanoPAL_NativeDouble.h">
      <Filter>PAL\Include</Filter>
    </ClInclude>
    <ClInclude Include="..\..\libs\nano\PAL\Include\nanoPAL_PerformanceCounters.h">
      <Filter>PAL\Include</Filter>
    </ClInclude>
    <ClInclude Include="..\..\libs\nano\PAL\Include\nanoPAL_Time.h">
      <Filter>PAL\Include</Filter>
    </ClInclude>
    <ClInclude Include="..\..\libs\nano\PAL\Include\CPU_GPIO_decl.h">
      <Filter>PAL\Include</Filter>
    </ClInclude>
    <ClInclude Include="..\..\libs\nano\PAL\Include\CPU_SPI_decl.h">
      <Filter>PAL\Include</Filter>
    </ClInclude>
    <ClInclude Include="..\..\libs\nano\System.Collections\nf_system_collections.h">
      <Filter>System.Collections</Filter>
    </ClInclude>
    <ClInclude Include="..\..\libs\nano\System.Text\nf_system_text.h">
      <Filter>System.Text</Filter>
    </ClInclude>
    <ClInclude Include="..\..\libs\nano\CLR\CorLib\mscorlib\corlib_native.h">
      <Filter>CLR\CoreLib\mscorlib</Filter>
    </ClInclude>
  </ItemGroup>
  <ItemGroup>
    <None Include="..\..\libs\nano\CLR\Include\opcode.def">
      <Filter>CLR\Include</Filter>
    </None>
  </ItemGroup>
</Project>