<?xml version="1.0" encoding="utf-8"?>
<Project ToolsVersion="4.0" xmlns="http://schemas.microsoft.com/developer/msbuild/2003">
  <ItemGroup>
    <ClCompile Include="cargs.cpp" />
    <ClCompile Include="arinc_entities.cpp" />
    <ClCompile Include="line.cpp">
      <Filter>arinc424</Filter>
    </ClCompile>
    <ClCompile Include="schema.cpp">
      <Filter>arinc424</Filter>
    </ClCompile>
  </ItemGroup>
  <ItemGroup>
    <ClInclude Include="cargs.h" />
    <ClInclude Include="string.h" />
    <ClInclude Include="arinc_entities.h" />
    <ClInclude Include="rapidjson\allocators.h">
      <Filter>rapidjson</Filter>
    </ClInclude>
    <ClInclude Include="rapidjson\cursorstreamwrapper.h">
      <Filter>rapidjson</Filter>
    </ClInclude>
    <ClInclude Include="rapidjson\internal\biginteger.h">
      <Filter>rapidjson\internal</Filter>
    </ClInclude>
    <ClInclude Include="rapidjson\internal\clzll.h">
      <Filter>rapidjson\internal</Filter>
    </ClInclude>
    <ClInclude Include="rapidjson\internal\diyfp.h">
      <Filter>rapidjson\internal</Filter>
    </ClInclude>
    <ClInclude Include="rapidjson\internal\dtoa.h">
      <Filter>rapidjson\internal</Filter>
    </ClInclude>
    <ClInclude Include="rapidjson\internal\ieee754.h">
      <Filter>rapidjson\internal</Filter>
    </ClInclude>
    <ClInclude Include="rapidjson\internal\itoa.h">
      <Filter>rapidjson\internal</Filter>
    </ClInclude>
    <ClInclude Include="rapidjson\internal\meta.h">
      <Filter>rapidjson\internal</Filter>
    </ClInclude>
    <ClInclude Include="rapidjson\internal\pow10.h">
      <Filter>rapidjson\internal</Filter>
    </ClInclude>
    <ClInclude Include="rapidjson\internal\regex.h">
      <Filter>rapidjson\internal</Filter>
    </ClInclude>
    <ClInclude Include="rapidjson\internal\stack.h">
      <Filter>rapidjson\internal</Filter>
    </ClInclude>
    <ClInclude Include="rapidjson\internal\strfunc.h">
      <Filter>rapidjson\internal</Filter>
    </ClInclude>
    <ClInclude Include="rapidjson\internal\strtod.h">
      <Filter>rapidjson\internal</Filter>
    </ClInclude>
    <ClInclude Include="rapidjson\internal\swap.h">
      <Filter>rapidjson\internal</Filter>
    </ClInclude>
    <ClInclude Include="rapidjson\error\en.h">
      <Filter>rapidjson\error</Filter>
    </ClInclude>
    <ClInclude Include="rapidjson\error\error.h">
      <Filter>rapidjson\error</Filter>
    </ClInclude>
    <ClInclude Include="rapidjson\msinttypes\inttypes.h">
      <Filter>rapidjson\msintypes</Filter>
    </ClInclude>
    <ClInclude Include="rapidjson\msinttypes\stdint.h">
      <Filter>rapidjson\msintypes</Filter>
    </ClInclude>
    <ClInclude Include="rapidjson\document.h">
      <Filter>rapidjson</Filter>
    </ClInclude>
    <ClInclude Include="rapidjson\encodedstream.h">
      <Filter>rapidjson</Filter>
    </ClInclude>
    <ClInclude Include="rapidjson\encodings.h">
      <Filter>rapidjson</Filter>
    </ClInclude>
    <ClInclude Include="rapidjson\filereadstream.h">
      <Filter>rapidjson</Filter>
    </ClInclude>
    <ClInclude Include="rapidjson\filewritestream.h">
      <Filter>rapidjson</Filter>
    </ClInclude>
    <ClInclude Include="rapidjson\fwd.h">
      <Filter>rapidjson</Filter>
    </ClInclude>
    <ClInclude Include="rapidjson\istreamwrapper.h">
      <Filter>rapidjson</Filter>
    </ClInclude>
    <ClInclude Include="rapidjson\memorybuffer.h">
      <Filter>rapidjson</Filter>
    </ClInclude>
    <ClInclude Include="rapidjson\memorystream.h">
      <Filter>rapidjson</Filter>
    </ClInclude>
    <ClInclude Include="rapidjson\ostreamwrapper.h">
      <Filter>rapidjson</Filter>
    </ClInclude>
    <ClInclude Include="rapidjson\pointer.h">
      <Filter>rapidjson</Filter>
    </ClInclude>
    <ClInclude Include="rapidjson\prettywriter.h">
      <Filter>rapidjson</Filter>
    </ClInclude>
    <ClInclude Include="rapidjson\rapidjson.h">
      <Filter>rapidjson</Filter>
    </ClInclude>
    <ClInclude Include="rapidjson\reader.h">
      <Filter>rapidjson</Filter>
    </ClInclude>
    <ClInclude Include="line.h">
      <Filter>arinc424</Filter>
    </ClInclude>
    <ClInclude Include="schema.h">
      <Filter>arinc424</Filter>
    </ClInclude>
    <ClInclude Include="rapidjson\writer.h">
      <Filter>rapidjson</Filter>
    </ClInclude>
    <ClInclude Include="rapidjson\uri.h">
      <Filter>rapidjson</Filter>
    </ClInclude>
    <ClInclude Include="rapidjson\stringbuffer.h">
      <Filter>rapidjson</Filter>
    </ClInclude>
    <ClInclude Include="rapidjson\stream.h">
      <Filter>rapidjson</Filter>
    </ClInclude>
    <ClInclude Include="rapidjson\schema.h">
      <Filter>rapidjson</Filter>
    </ClInclude>
  </ItemGroup>
  <ItemGroup>
    <Filter Include="rapidjson">
      <UniqueIdentifier>{b7ba6f90-67fe-46f1-a394-30a27e1670d4}</UniqueIdentifier>
    </Filter>
    <Filter Include="rapidjson\error">
      <UniqueIdentifier>{0188679a-26ba-4845-9af3-821c2f631f31}</UniqueIdentifier>
    </Filter>
    <Filter Include="rapidjson\internal">
      <UniqueIdentifier>{21750b8d-7af9-4d22-b39f-99504e9baee7}</UniqueIdentifier>
    </Filter>
    <Filter Include="rapidjson\msintypes">
      <UniqueIdentifier>{20c1c254-597a-4698-954f-3c3a96e1dc03}</UniqueIdentifier>
    </Filter>
    <Filter Include="arinc424">
      <UniqueIdentifier>{93565e28-e29f-4116-ba1b-c0c0c260a92b}</UniqueIdentifier>
    </Filter>
  </ItemGroup>
</Project>