<?xml version="1.0" encoding="utf-8"?>
<Project ToolsVersion="4.0" xmlns="http://schemas.microsoft.com/developer/msbuild/2003">
  <ItemGroup>
    <Filter Include="Source Files">
      <UniqueIdentifier>{4FC737F1-C7A5-4376-A066-2A32D752A2FF}</UniqueIdentifier>
      <Extensions>cpp;c;cc;cxx;def;odl;idl;hpj;bat;asm;asmx</Extensions>
    </Filter>
    <Filter Include="Header Files">
      <UniqueIdentifier>{93995380-89BD-4b04-88EB-625FBE52EBFB}</UniqueIdentifier>
      <Extensions>h;hh;hpp;hxx;hm;inl;inc;xsd</Extensions>
    </Filter>
    <Filter Include="Resource Files">
      <UniqueIdentifier>{67DA6AB6-F800-4c08-8B7A-83BB121AAD01}</UniqueIdentifier>
      <Extensions>rc;ico;cur;bmp;dlg;rc2;rct;bin;rgs;gif;jpg;jpeg;jpe;resx;tiff;tif;png;wav;mfcribbon-ms</Extensions>
    </Filter>
    <Filter Include="canflylib">
      <UniqueIdentifier>{daa61ea8-894f-4be7-b06c-24839f7dcbf5}</UniqueIdentifier>
    </Filter>
    <Filter Include="runtime">
      <UniqueIdentifier>{59bc259c-f689-433a-b8e5-ce83ac717344}</UniqueIdentifier>
    </Filter>
  </ItemGroup>
  <ItemGroup>
    <ClCompile Include="..\..\libs\ion\ion_cli_impl.c">
      <Filter>Source Files</Filter>
    </ClCompile>
    <ClCompile Include="..\..\libs\ion\ion_cli.c">
      <Filter>Source Files</Filter>
    </ClCompile>
    <ClCompile Include="..\..\libs\ion\nanoCRT.cpp">
      <Filter>Source Files</Filter>
    </ClCompile>
    <ClCompile Include="..\..\libs\ion\targetHAL.c">
      <Filter>Source Files</Filter>
    </ClCompile>
    <ClCompile Include="..\..\libs\ion\canflylib\CanFly_CoreLibrary.cpp">
      <Filter>canflylib</Filter>
    </ClCompile>
    <ClCompile Include="..\..\libs\ion\runtime\CanFlyEventDispatcher.cpp">
      <Filter>runtime</Filter>
    </ClCompile>
    <ClCompile Include="..\..\libs\ion\runtime\CanFlyMsg.cpp">
      <Filter>runtime</Filter>
    </ClCompile>
    <ClCompile Include="..\..\libs\ion\runtime\CanFlyMsgSink.cpp">
      <Filter>runtime</Filter>
    </ClCompile>
    <ClCompile Include="..\..\libs\ion\runtime\Font.cpp">
      <Filter>runtime</Filter>
    </ClCompile>
    <ClCompile Include="..\..\libs\ion\runtime\Neutron.cpp">
      <Filter>runtime</Filter>
    </ClCompile>
    <ClCompile Include="..\..\libs\ion\runtime\Photon.cpp">
      <Filter>runtime</Filter>
    </ClCompile>
    <ClCompile Include="..\..\libs\ion\runtime\PointArray.cpp">
      <Filter>runtime</Filter>
    </ClCompile>
    <ClCompile Include="..\..\libs\ion\runtime\CLR_Message.cpp">
      <Filter>runtime</Filter>
    </ClCompile>
    <ClCompile Include="..\..\libs\ion\comm_service.c">
      <Filter>Source Files</Filter>
    </ClCompile>
    <ClCompile Include="..\..\libs\ion\debug_service.c">
      <Filter>Source Files</Filter>
    </ClCompile>
    <ClCompile Include="..\..\libs\ion\targetHAL_Time.c">
      <Filter>Source Files</Filter>
    </ClCompile>
    <ClCompile Include="..\..\libs\ion\ion.cpp">
      <Filter>Source Files</Filter>
    </ClCompile>
    <ClCompile Include="..\..\libs\ion\neo.c">
      <Filter>Source Files</Filter>
    </ClCompile>
    <ClCompile Include="..\..\libs\ion\runtime\DirectoryEnumerator.cpp">
      <Filter>runtime</Filter>
    </ClCompile>
    <ClCompile Include="..\..\libs\ion\runtime\RegistryStream.cpp">
      <Filter>runtime</Filter>
    </ClCompile>
    <ClCompile Include="..\..\libs\ion\runtime\Stream.cpp">
      <Filter>runtime</Filter>
    </ClCompile>
    <ClCompile Include="..\..\libs\ion\runtime\FileStream.cpp">
      <Filter>runtime</Filter>
    </ClCompile>
  </ItemGroup>
  <ItemGroup>
    <ClInclude Include="..\..\libs\ion\ion_cli_impl.h">
      <Filter>Header Files</Filter>
    </ClInclude>
    <ClInclude Include="..\..\libs\ion\ion.h">
      <Filter>Header Files</Filter>
    </ClInclude>
    <ClInclude Include="..\..\libs\ion\ion_cli.h">
      <Filter>Header Files</Filter>
    </ClInclude>
    <ClInclude Include="..\..\libs\ion\targetHAL.h">
      <Filter>Header Files</Filter>
    </ClInclude>
    <ClInclude Include="..\..\libs\ion\target_os.h">
      <Filter>Header Files</Filter>
    </ClInclude>
    <ClInclude Include="..\..\libs\ion\canflylib\CanFly_CoreLibrary.h">
      <Filter>canflylib</Filter>
    </ClInclude>
    <ClInclude Include="..\..\libs\ion\runtime\CLR_Message.h">
      <Filter>runtime</Filter>
    </ClInclude>
    <ClInclude Include="..\..\libs\ion\runtime\CanFlyEventDispatcher.h">
      <Filter>runtime</Filter>
    </ClInclude>
  </ItemGroup>
  <ItemGroup>
    <None Include="..\..\libs\ion\ion.cli" />
  </ItemGroup>
</Project>