
Microsoft Visual Studio Solution File, Format Version 12.00
# Visual Studio 15
VisualStudioVersion = 15.0.27130.2027
MinimumVisualStudioVersion = 10.0.40219.1
Project("{8BC9CEB8-8B4A-11D0-8D11-00A0C91BC942}") = "msh", "msh.vcxproj", "{4B662258-EE25-4B87-AC06-3F4324BD4EAF}"
EndProject
Project("{8BC9CEB8-8B4A-11D0-8D11-00A0C91BC942}") = "krypton", "..\..\libs\krypton\krypton.vcxproj", "{8AD714BB-EF78-441B-BC81-0B5ABDB41FA5}"
EndProject
Project("{8BC9CEB8-8B4A-11D0-8D11-00A0C91BC942}") = "muon", "..\muon\muon.vcxproj", "{4692AF85-E696-481E-8FFB-5135BDCE2326}"
EndProject
Project("{8BC9CEB8-8B4A-11D0-8D11-00A0C91BC942}") = "proton", "..\proton\proton.vcxproj", "{EB965C9F-0179-46CE-9F33-F2991B423515}"
EndProject
Project("{8BC9CEB8-8B4A-11D0-8D11-00A0C91BC942}") = "cli", "..\cli\cli.vcxproj", "{120B37D4-9F37-4FCB-9746-0FF887CE408B}"
EndProject
Project("{8BC9CEB8-8B4A-11D0-8D11-00A0C91BC942}") = "neutron", "..\neutron\neutron.vcxproj", "{EACCCFA7-BD61-449F-BA60-F398FF0780AE}"
EndProject
Project("{8BC9CEB8-8B4A-11D0-8D11-00A0C91BC942}") = "ion", "..\ion\ion.vcxproj", "{3424CA68-F0AF-48A9-80A3-E441C11DE3E9}"
EndProject
Project("{8BC9CEB8-8B4A-11D0-8D11-00A0C91BC942}") = "photon", "..\photon\photon.vcxproj", "{943F213F-305D-4476-8B00-4E18BC7E0E16}"
EndProject
Project("{8BC9CEB8-8B4A-11D0-8D11-00A0C91BC942}") = "FontGen", "..\FontGen\FontGen.vcxproj", "{9C884165-DCBF-4262-8754-E59B30088C56}"
EndProject
Project("{2150E333-8FDC-42A3-9474-1A3956D46DE8}") = "tests", "tests", "{A03DF32A-E609-4026-B956-012340A1A216}"
EndProject
Project("{2150E333-8FDC-42A3-9474-1A3956D46DE8}") = "libs", "libs", "{CADEAC62-E28F-4545-83B3-2D7CA8EF0CBD}"
EndProject
Project("{2150E333-8FDC-42A3-9474-1A3956D46DE8}") = "tools", "tools", "{6438D13E-3FAE-4D8F-9E4F-4E6EE70E4346}"
EndProject
Project("{8BC9CEB8-8B4A-11D0-8D11-00A0C91BC942}") = "cunit", "..\..\tests\cunit\cunit.vcxproj.vcxproj", "{E88E5D8B-FAA8-41FA-B0A5-77C924300C0E}"
EndProject
Project("{8BC9CEB8-8B4A-11D0-8D11-00A0C91BC942}") = "unit_tests", "..\..\tests\publisher\publisher.vcxproj", "{D06597D3-5DEA-4B57-B05A-F827DD25D2DC}"
EndProject
Project("{8BC9CEB8-8B4A-11D0-8D11-00A0C91BC942}") = "gluon", "..\gluon\gluon.vcxproj", "{9EAD2275-597A-4672-A837-987B63E9DED0}"
EndProject
Global
	GlobalSection(SolutionConfigurationPlatforms) = preSolution
		Debug - DLL|x64 = Debug - DLL|x64
		Debug - DLL|x86 = Debug - DLL|x86
		Debug - Static Lib with MEMTRACE|x64 = Debug - Static Lib with MEMTRACE|x64
		Debug - Static Lib with MEMTRACE|x86 = Debug - Static Lib with MEMTRACE|x86
		Debug - Static Lib|x64 = Debug - Static Lib|x64
		Debug - Static Lib|x86 = Debug - Static Lib|x86
		Debug Multithreaded|x64 = Debug Multithreaded|x64
		Debug Multithreaded|x86 = Debug Multithreaded|x86
		Debug Singlethreaded|x64 = Debug Singlethreaded|x64
		Debug Singlethreaded|x86 = Debug Singlethreaded|x86
		Debug|x64 = Debug|x64
		Debug|x86 = Debug|x86
		Release - DLL|x64 = Release - DLL|x64
		Release - DLL|x86 = Release - DLL|x86
		Release - Static Lib|x64 = Release - Static Lib|x64
		Release - Static Lib|x86 = Release - Static Lib|x86
		Release Multithreaded|x64 = Release Multithreaded|x64
		Release Multithreaded|x86 = Release Multithreaded|x86
		Release Singlethreaded|x64 = Release Singlethreaded|x64
		Release Singlethreaded|x86 = Release Singlethreaded|x86
		Release|x64 = Release|x64
		Release|x86 = Release|x86
	EndGlobalSection
	GlobalSection(ProjectConfigurationPlatforms) = postSolution
		{4B662258-EE25-4B87-AC06-3F4324BD4EAF}.Debug - DLL|x64.ActiveCfg = Debug|x64
		{4B662258-EE25-4B87-AC06-3F4324BD4EAF}.Debug - DLL|x64.Build.0 = Debug|x64
		{4B662258-EE25-4B87-AC06-3F4324BD4EAF}.Debug - DLL|x86.ActiveCfg = Debug|Win32
		{4B662258-EE25-4B87-AC06-3F4324BD4EAF}.Debug - DLL|x86.Build.0 = Debug|Win32
		{4B662258-EE25-4B87-AC06-3F4324BD4EAF}.Debug - Static Lib with MEMTRACE|x64.ActiveCfg = Debug|x64
		{4B662258-EE25-4B87-AC06-3F4324BD4EAF}.Debug - Static Lib with MEMTRACE|x64.Build.0 = Debug|x64
		{4B662258-EE25-4B87-AC06-3F4324BD4EAF}.Debug - Static Lib with MEMTRACE|x86.ActiveCfg = Debug|Win32
		{4B662258-EE25-4B87-AC06-3F4324BD4EAF}.Debug - Static Lib with MEMTRACE|x86.Build.0 = Debug|Win32
		{4B662258-EE25-4B87-AC06-3F4324BD4EAF}.Debug - Static Lib|x64.ActiveCfg = Debug|x64
		{4B662258-EE25-4B87-AC06-3F4324BD4EAF}.Debug - Static Lib|x64.Build.0 = Debug|x64
		{4B662258-EE25-4B87-AC06-3F4324BD4EAF}.Debug - Static Lib|x86.ActiveCfg = Debug|Win32
		{4B662258-EE25-4B87-AC06-3F4324BD4EAF}.Debug - Static Lib|x86.Build.0 = Debug|Win32
		{4B662258-EE25-4B87-AC06-3F4324BD4EAF}.Debug Multithreaded|x64.ActiveCfg = Debug|x64
		{4B662258-EE25-4B87-AC06-3F4324BD4EAF}.Debug Multithreaded|x64.Build.0 = Debug|x64
		{4B662258-EE25-4B87-AC06-3F4324BD4EAF}.Debug Multithreaded|x86.ActiveCfg = Debug|Win32
		{4B662258-EE25-4B87-AC06-3F4324BD4EAF}.Debug Multithreaded|x86.Build.0 = Debug|Win32
		{4B662258-EE25-4B87-AC06-3F4324BD4EAF}.Debug Singlethreaded|x64.ActiveCfg = Debug|x64
		{4B662258-EE25-4B87-AC06-3F4324BD4EAF}.Debug Singlethreaded|x64.Build.0 = Debug|x64
		{4B662258-EE25-4B87-AC06-3F4324BD4EAF}.Debug Singlethreaded|x86.ActiveCfg = Debug|Win32
		{4B662258-EE25-4B87-AC06-3F4324BD4EAF}.Debug Singlethreaded|x86.Build.0 = Debug|Win32
		{4B662258-EE25-4B87-AC06-3F4324BD4EAF}.Debug|x64.ActiveCfg = Debug|x64
		{4B662258-EE25-4B87-AC06-3F4324BD4EAF}.Debug|x64.Build.0 = Debug|x64
		{4B662258-EE25-4B87-AC06-3F4324BD4EAF}.Debug|x86.ActiveCfg = Debug|Win32
		{4B662258-EE25-4B87-AC06-3F4324BD4EAF}.Debug|x86.Build.0 = Debug|Win32
		{4B662258-EE25-4B87-AC06-3F4324BD4EAF}.Release - DLL|x64.ActiveCfg = Release|x64
		{4B662258-EE25-4B87-AC06-3F4324BD4EAF}.Release - DLL|x64.Build.0 = Release|x64
		{4B662258-EE25-4B87-AC06-3F4324BD4EAF}.Release - DLL|x86.ActiveCfg = Release|Win32
		{4B662258-EE25-4B87-AC06-3F4324BD4EAF}.Release - DLL|x86.Build.0 = Release|Win32
		{4B662258-EE25-4B87-AC06-3F4324BD4EAF}.Release - Static Lib|x64.ActiveCfg = Release|x64
		{4B662258-EE25-4B87-AC06-3F4324BD4EAF}.Release - Static Lib|x64.Build.0 = Release|x64
		{4B662258-EE25-4B87-AC06-3F4324BD4EAF}.Release - Static Lib|x86.ActiveCfg = Release|Win32
		{4B662258-EE25-4B87-AC06-3F4324BD4EAF}.Release - Static Lib|x86.Build.0 = Release|Win32
		{4B662258-EE25-4B87-AC06-3F4324BD4EAF}.Release Multithreaded|x64.ActiveCfg = Release|x64
		{4B662258-EE25-4B87-AC06-3F4324BD4EAF}.Release Multithreaded|x64.Build.0 = Release|x64
		{4B662258-EE25-4B87-AC06-3F4324BD4EAF}.Release Multithreaded|x86.ActiveCfg = Release|Win32
		{4B662258-EE25-4B87-AC06-3F4324BD4EAF}.Release Multithreaded|x86.Build.0 = Release|Win32
		{4B662258-EE25-4B87-AC06-3F4324BD4EAF}.Release Singlethreaded|x64.ActiveCfg = Release|x64
		{4B662258-EE25-4B87-AC06-3F4324BD4EAF}.Release Singlethreaded|x64.Build.0 = Release|x64
		{4B662258-EE25-4B87-AC06-3F4324BD4EAF}.Release Singlethreaded|x86.ActiveCfg = Release|Win32
		{4B662258-EE25-4B87-AC06-3F4324BD4EAF}.Release Singlethreaded|x86.Build.0 = Release|Win32
		{4B662258-EE25-4B87-AC06-3F4324BD4EAF}.Release|x64.ActiveCfg = Release|x64
		{4B662258-EE25-4B87-AC06-3F4324BD4EAF}.Release|x64.Build.0 = Release|x64
		{4B662258-EE25-4B87-AC06-3F4324BD4EAF}.Release|x86.ActiveCfg = Release|Win32
		{4B662258-EE25-4B87-AC06-3F4324BD4EAF}.Release|x86.Build.0 = Release|Win32
		{8AD714BB-EF78-441B-BC81-0B5ABDB41FA5}.Debug - DLL|x64.ActiveCfg = Debug|x64
		{8AD714BB-EF78-441B-BC81-0B5ABDB41FA5}.Debug - DLL|x64.Build.0 = Debug|x64
		{8AD714BB-EF78-441B-BC81-0B5ABDB41FA5}.Debug - DLL|x64.Deploy.0 = Debug|x64
		{8AD714BB-EF78-441B-BC81-0B5ABDB41FA5}.Debug - DLL|x86.ActiveCfg = Debug|Win32
		{8AD714BB-EF78-441B-BC81-0B5ABDB41FA5}.Debug - DLL|x86.Build.0 = Debug|Win32
		{8AD714BB-EF78-441B-BC81-0B5ABDB41FA5}.Debug - DLL|x86.Deploy.0 = Debug|Win32
		{8AD714BB-EF78-441B-BC81-0B5ABDB41FA5}.Debug - Static Lib with MEMTRACE|x64.ActiveCfg = Debug|x64
		{8AD714BB-EF78-441B-BC81-0B5ABDB41FA5}.Debug - Static Lib with MEMTRACE|x64.Build.0 = Debug|x64
		{8AD714BB-EF78-441B-BC81-0B5ABDB41FA5}.Debug - Static Lib with MEMTRACE|x64.Deploy.0 = Debug|x64
		{8AD714BB-EF78-441B-BC81-0B5ABDB41FA5}.Debug - Static Lib with MEMTRACE|x86.ActiveCfg = Debug|Win32
		{8AD714BB-EF78-441B-BC81-0B5ABDB41FA5}.Debug - Static Lib with MEMTRACE|x86.Build.0 = Debug|Win32
		{8AD714BB-EF78-441B-BC81-0B5ABDB41FA5}.Debug - Static Lib with MEMTRACE|x86.Deploy.0 = Debug|Win32
		{8AD714BB-EF78-441B-BC81-0B5ABDB41FA5}.Debug - Static Lib|x64.ActiveCfg = Debug|x64
		{8AD714BB-EF78-441B-BC81-0B5ABDB41FA5}.Debug - Static Lib|x64.Build.0 = Debug|x64
		{8AD714BB-EF78-441B-BC81-0B5ABDB41FA5}.Debug - Static Lib|x64.Deploy.0 = Debug|x64
		{8AD714BB-EF78-441B-BC81-0B5ABDB41FA5}.Debug - Static Lib|x86.ActiveCfg = Debug|Win32
		{8AD714BB-EF78-441B-BC81-0B5ABDB41FA5}.Debug - Static Lib|x86.Build.0 = Debug|Win32
		{8AD714BB-EF78-441B-BC81-0B5ABDB41FA5}.Debug - Static Lib|x86.Deploy.0 = Debug|Win32
		{8AD714BB-EF78-441B-BC81-0B5ABDB41FA5}.Debug Multithreaded|x64.ActiveCfg = Debug|x64
		{8AD714BB-EF78-441B-BC81-0B5ABDB41FA5}.Debug Multithreaded|x64.Build.0 = Debug|x64
		{8AD714BB-EF78-441B-BC81-0B5ABDB41FA5}.Debug Multithreaded|x64.Deploy.0 = Debug|x64
		{8AD714BB-EF78-441B-BC81-0B5ABDB41FA5}.Debug Multithreaded|x86.ActiveCfg = Debug|Win32
		{8AD714BB-EF78-441B-BC81-0B5ABDB41FA5}.Debug Multithreaded|x86.Build.0 = Debug|Win32
		{8AD714BB-EF78-441B-BC81-0B5ABDB41FA5}.Debug Multithreaded|x86.Deploy.0 = Debug|Win32
		{8AD714BB-EF78-441B-BC81-0B5ABDB41FA5}.Debug Singlethreaded|x64.ActiveCfg = Debug|x64
		{8AD714BB-EF78-441B-BC81-0B5ABDB41FA5}.Debug Singlethreaded|x64.Build.0 = Debug|x64
		{8AD714BB-EF78-441B-BC81-0B5ABDB41FA5}.Debug Singlethreaded|x64.Deploy.0 = Debug|x64
		{8AD714BB-EF78-441B-BC81-0B5ABDB41FA5}.Debug Singlethreaded|x86.ActiveCfg = Debug|Win32
		{8AD714BB-EF78-441B-BC81-0B5ABDB41FA5}.Debug Singlethreaded|x86.Build.0 = Debug|Win32
		{8AD714BB-EF78-441B-BC81-0B5ABDB41FA5}.Debug Singlethreaded|x86.Deploy.0 = Debug|Win32
		{8AD714BB-EF78-441B-BC81-0B5ABDB41FA5}.Debug|x64.ActiveCfg = Debug|x64
		{8AD714BB-EF78-441B-BC81-0B5ABDB41FA5}.Debug|x64.Build.0 = Debug|x64
		{8AD714BB-EF78-441B-BC81-0B5ABDB41FA5}.Debug|x86.ActiveCfg = Debug|Win32
		{8AD714BB-EF78-441B-BC81-0B5ABDB41FA5}.Debug|x86.Build.0 = Debug|Win32
		{8AD714BB-EF78-441B-BC81-0B5ABDB41FA5}.Release - DLL|x64.ActiveCfg = Release|x64
		{8AD714BB-EF78-441B-BC81-0B5ABDB41FA5}.Release - DLL|x64.Build.0 = Release|x64
		{8AD714BB-EF78-441B-BC81-0B5ABDB41FA5}.Release - DLL|x64.Deploy.0 = Release|x64
		{8AD714BB-EF78-441B-BC81-0B5ABDB41FA5}.Release - DLL|x86.ActiveCfg = Release|Win32
		{8AD714BB-EF78-441B-BC81-0B5ABDB41FA5}.Release - DLL|x86.Build.0 = Release|Win32
		{8AD714BB-EF78-441B-BC81-0B5ABDB41FA5}.Release - DLL|x86.Deploy.0 = Release|Win32
		{8AD714BB-EF78-441B-BC81-0B5ABDB41FA5}.Release - Static Lib|x64.ActiveCfg = Release|x64
		{8AD714BB-EF78-441B-BC81-0B5ABDB41FA5}.Release - Static Lib|x64.Build.0 = Release|x64
		{8AD714BB-EF78-441B-BC81-0B5ABDB41FA5}.Release - Static Lib|x64.Deploy.0 = Release|x64
		{8AD714BB-EF78-441B-BC81-0B5ABDB41FA5}.Release - Static Lib|x86.ActiveCfg = Release|Win32
		{8AD714BB-EF78-441B-BC81-0B5ABDB41FA5}.Release - Static Lib|x86.Build.0 = Release|Win32
		{8AD714BB-EF78-441B-BC81-0B5ABDB41FA5}.Release - Static Lib|x86.Deploy.0 = Release|Win32
		{8AD714BB-EF78-441B-BC81-0B5ABDB41FA5}.Release Multithreaded|x64.ActiveCfg = Release|x64
		{8AD714BB-EF78-441B-BC81-0B5ABDB41FA5}.Release Multithreaded|x64.Build.0 = Release|x64
		{8AD714BB-EF78-441B-BC81-0B5ABDB41FA5}.Release Multithreaded|x64.Deploy.0 = Release|x64
		{8AD714BB-EF78-441B-BC81-0B5ABDB41FA5}.Release Multithreaded|x86.ActiveCfg = Release|Win32
		{8AD714BB-EF78-441B-BC81-0B5ABDB41FA5}.Release Multithreaded|x86.Build.0 = Release|Win32
		{8AD714BB-EF78-441B-BC81-0B5ABDB41FA5}.Release Multithreaded|x86.Deploy.0 = Release|Win32
		{8AD714BB-EF78-441B-BC81-0B5ABDB41FA5}.Release Singlethreaded|x64.ActiveCfg = Release|x64
		{8AD714BB-EF78-441B-BC81-0B5ABDB41FA5}.Release Singlethreaded|x64.Build.0 = Release|x64
		{8AD714BB-EF78-441B-BC81-0B5ABDB41FA5}.Release Singlethreaded|x64.Deploy.0 = Release|x64
		{8AD714BB-EF78-441B-BC81-0B5ABDB41FA5}.Release Singlethreaded|x86.ActiveCfg = Release|Win32
		{8AD714BB-EF78-441B-BC81-0B5ABDB41FA5}.Release Singlethreaded|x86.Build.0 = Release|Win32
		{8AD714BB-EF78-441B-BC81-0B5ABDB41FA5}.Release Singlethreaded|x86.Deploy.0 = Release|Win32
		{8AD714BB-EF78-441B-BC81-0B5ABDB41FA5}.Release|x64.ActiveCfg = Release|x64
		{8AD714BB-EF78-441B-BC81-0B5ABDB41FA5}.Release|x64.Build.0 = Release|x64
		{8AD714BB-EF78-441B-BC81-0B5ABDB41FA5}.Release|x86.ActiveCfg = Release|Win32
		{8AD714BB-EF78-441B-BC81-0B5ABDB41FA5}.Release|x86.Build.0 = Release|Win32
		{4692AF85-E696-481E-8FFB-5135BDCE2326}.Debug - DLL|x64.ActiveCfg = Debug|x64
		{4692AF85-E696-481E-8FFB-5135BDCE2326}.Debug - DLL|x64.Build.0 = Debug|x64
		{4692AF85-E696-481E-8FFB-5135BDCE2326}.Debug - DLL|x64.Deploy.0 = Debug|x64
		{4692AF85-E696-481E-8FFB-5135BDCE2326}.Debug - DLL|x86.ActiveCfg = Debug|Win32
		{4692AF85-E696-481E-8FFB-5135BDCE2326}.Debug - DLL|x86.Build.0 = Debug|Win32
		{4692AF85-E696-481E-8FFB-5135BDCE2326}.Debug - DLL|x86.Deploy.0 = Debug|Win32
		{4692AF85-E696-481E-8FFB-5135BDCE2326}.Debug - Static Lib with MEMTRACE|x64.ActiveCfg = Debug|x64
		{4692AF85-E696-481E-8FFB-5135BDCE2326}.Debug - Static Lib with MEMTRACE|x64.Build.0 = Debug|x64
		{4692AF85-E696-481E-8FFB-5135BDCE2326}.Debug - Static Lib with MEMTRACE|x64.Deploy.0 = Debug|x64
		{4692AF85-E696-481E-8FFB-5135BDCE2326}.Debug - Static Lib with MEMTRACE|x86.ActiveCfg = Debug|Win32
		{4692AF85-E696-481E-8FFB-5135BDCE2326}.Debug - Static Lib with MEMTRACE|x86.Build.0 = Debug|Win32
		{4692AF85-E696-481E-8FFB-5135BDCE2326}.Debug - Static Lib with MEMTRACE|x86.Deploy.0 = Debug|Win32
		{4692AF85-E696-481E-8FFB-5135BDCE2326}.Debug - Static Lib|x64.ActiveCfg = Debug|x64
		{4692AF85-E696-481E-8FFB-5135BDCE2326}.Debug - Static Lib|x64.Build.0 = Debug|x64
		{4692AF85-E696-481E-8FFB-5135BDCE2326}.Debug - Static Lib|x64.Deploy.0 = Debug|x64
		{4692AF85-E696-481E-8FFB-5135BDCE2326}.Debug - Static Lib|x86.ActiveCfg = Debug|Win32
		{4692AF85-E696-481E-8FFB-5135BDCE2326}.Debug - Static Lib|x86.Build.0 = Debug|Win32
		{4692AF85-E696-481E-8FFB-5135BDCE2326}.Debug - Static Lib|x86.Deploy.0 = Debug|Win32
		{4692AF85-E696-481E-8FFB-5135BDCE2326}.Debug Multithreaded|x64.ActiveCfg = Debug|x64
		{4692AF85-E696-481E-8FFB-5135BDCE2326}.Debug Multithreaded|x64.Build.0 = Debug|x64
		{4692AF85-E696-481E-8FFB-5135BDCE2326}.Debug Multithreaded|x64.Deploy.0 = Debug|x64
		{4692AF85-E696-481E-8FFB-5135BDCE2326}.Debug Multithreaded|x86.ActiveCfg = Debug|Win32
		{4692AF85-E696-481E-8FFB-5135BDCE2326}.Debug Multithreaded|x86.Build.0 = Debug|Win32
		{4692AF85-E696-481E-8FFB-5135BDCE2326}.Debug Multithreaded|x86.Deploy.0 = Debug|Win32
		{4692AF85-E696-481E-8FFB-5135BDCE2326}.Debug Singlethreaded|x64.ActiveCfg = Debug|x64
		{4692AF85-E696-481E-8FFB-5135BDCE2326}.Debug Singlethreaded|x64.Build.0 = Debug|x64
		{4692AF85-E696-481E-8FFB-5135BDCE2326}.Debug Singlethreaded|x64.Deploy.0 = Debug|x64
		{4692AF85-E696-481E-8FFB-5135BDCE2326}.Debug Singlethreaded|x86.ActiveCfg = Debug|Win32
		{4692AF85-E696-481E-8FFB-5135BDCE2326}.Debug Singlethreaded|x86.Build.0 = Debug|Win32
		{4692AF85-E696-481E-8FFB-5135BDCE2326}.Debug Singlethreaded|x86.Deploy.0 = Debug|Win32
		{4692AF85-E696-481E-8FFB-5135BDCE2326}.Debug|x64.ActiveCfg = Debug|x64
		{4692AF85-E696-481E-8FFB-5135BDCE2326}.Debug|x64.Build.0 = Debug|x64
		{4692AF85-E696-481E-8FFB-5135BDCE2326}.Debug|x86.ActiveCfg = Debug|Win32
		{4692AF85-E696-481E-8FFB-5135BDCE2326}.Debug|x86.Build.0 = Debug|Win32
		{4692AF85-E696-481E-8FFB-5135BDCE2326}.Release - DLL|x64.ActiveCfg = Release|x64
		{4692AF85-E696-481E-8FFB-5135BDCE2326}.Release - DLL|x64.Build.0 = Release|x64
		{4692AF85-E696-481E-8FFB-5135BDCE2326}.Release - DLL|x64.Deploy.0 = Release|x64
		{4692AF85-E696-481E-8FFB-5135BDCE2326}.Release - DLL|x86.ActiveCfg = Release|Win32
		{4692AF85-E696-481E-8FFB-5135BDCE2326}.Release - DLL|x86.Build.0 = Release|Win32
		{4692AF85-E696-481E-8FFB-5135BDCE2326}.Release - DLL|x86.Deploy.0 = Release|Win32
		{4692AF85-E696-481E-8FFB-5135BDCE2326}.Release - Static Lib|x64.ActiveCfg = Release|x64
		{4692AF85-E696-481E-8FFB-5135BDCE2326}.Release - Static Lib|x64.Build.0 = Release|x64
		{4692AF85-E696-481E-8FFB-5135BDCE2326}.Release - Static Lib|x64.Deploy.0 = Release|x64
		{4692AF85-E696-481E-8FFB-5135BDCE2326}.Release - Static Lib|x86.ActiveCfg = Release|Win32
		{4692AF85-E696-481E-8FFB-5135BDCE2326}.Release - Static Lib|x86.Build.0 = Release|Win32
		{4692AF85-E696-481E-8FFB-5135BDCE2326}.Release - Static Lib|x86.Deploy.0 = Release|Win32
		{4692AF85-E696-481E-8FFB-5135BDCE2326}.Release Multithreaded|x64.ActiveCfg = Release|x64
		{4692AF85-E696-481E-8FFB-5135BDCE2326}.Release Multithreaded|x64.Build.0 = Release|x64
		{4692AF85-E696-481E-8FFB-5135BDCE2326}.Release Multithreaded|x64.Deploy.0 = Release|x64
		{4692AF85-E696-481E-8FFB-5135BDCE2326}.Release Multithreaded|x86.ActiveCfg = Release|Win32
		{4692AF85-E696-481E-8FFB-5135BDCE2326}.Release Multithreaded|x86.Build.0 = Release|Win32
		{4692AF85-E696-481E-8FFB-5135BDCE2326}.Release Multithreaded|x86.Deploy.0 = Release|Win32
		{4692AF85-E696-481E-8FFB-5135BDCE2326}.Release Singlethreaded|x64.ActiveCfg = Release|x64
		{4692AF85-E696-481E-8FFB-5135BDCE2326}.Release Singlethreaded|x64.Build.0 = Release|x64
		{4692AF85-E696-481E-8FFB-5135BDCE2326}.Release Singlethreaded|x64.Deploy.0 = Release|x64
		{4692AF85-E696-481E-8FFB-5135BDCE2326}.Release Singlethreaded|x86.ActiveCfg = Release|Win32
		{4692AF85-E696-481E-8FFB-5135BDCE2326}.Release Singlethreaded|x86.Build.0 = Release|Win32
		{4692AF85-E696-481E-8FFB-5135BDCE2326}.Release Singlethreaded|x86.Deploy.0 = Release|Win32
		{4692AF85-E696-481E-8FFB-5135BDCE2326}.Release|x64.ActiveCfg = Release|x64
		{4692AF85-E696-481E-8FFB-5135BDCE2326}.Release|x64.Build.0 = Release|x64
		{4692AF85-E696-481E-8FFB-5135BDCE2326}.Release|x86.ActiveCfg = Release|Win32
		{4692AF85-E696-481E-8FFB-5135BDCE2326}.Release|x86.Build.0 = Release|Win32
		{EB965C9F-0179-46CE-9F33-F2991B423515}.Debug - DLL|x64.ActiveCfg = Debug|x64
		{EB965C9F-0179-46CE-9F33-F2991B423515}.Debug - DLL|x64.Build.0 = Debug|x64
		{EB965C9F-0179-46CE-9F33-F2991B423515}.Debug - DLL|x64.Deploy.0 = Debug|x64
		{EB965C9F-0179-46CE-9F33-F2991B423515}.Debug - DLL|x86.ActiveCfg = Debug|Win32
		{EB965C9F-0179-46CE-9F33-F2991B423515}.Debug - DLL|x86.Build.0 = Debug|Win32
		{EB965C9F-0179-46CE-9F33-F2991B423515}.Debug - DLL|x86.Deploy.0 = Debug|Win32
		{EB965C9F-0179-46CE-9F33-F2991B423515}.Debug - Static Lib with MEMTRACE|x64.ActiveCfg = Debug|x64
		{EB965C9F-0179-46CE-9F33-F2991B423515}.Debug - Static Lib with MEMTRACE|x64.Build.0 = Debug|x64
		{EB965C9F-0179-46CE-9F33-F2991B423515}.Debug - Static Lib with MEMTRACE|x64.Deploy.0 = Debug|x64
		{EB965C9F-0179-46CE-9F33-F2991B423515}.Debug - Static Lib with MEMTRACE|x86.ActiveCfg = Debug|Win32
		{EB965C9F-0179-46CE-9F33-F2991B423515}.Debug - Static Lib with MEMTRACE|x86.Build.0 = Debug|Win32
		{EB965C9F-0179-46CE-9F33-F2991B423515}.Debug - Static Lib with MEMTRACE|x86.Deploy.0 = Debug|Win32
		{EB965C9F-0179-46CE-9F33-F2991B423515}.Debug - Static Lib|x64.ActiveCfg = Debug|x64
		{EB965C9F-0179-46CE-9F33-F2991B423515}.Debug - Static Lib|x64.Build.0 = Debug|x64
		{EB965C9F-0179-46CE-9F33-F2991B423515}.Debug - Static Lib|x64.Deploy.0 = Debug|x64
		{EB965C9F-0179-46CE-9F33-F2991B423515}.Debug - Static Lib|x86.ActiveCfg = Debug|Win32
		{EB965C9F-0179-46CE-9F33-F2991B423515}.Debug - Static Lib|x86.Build.0 = Debug|Win32
		{EB965C9F-0179-46CE-9F33-F2991B423515}.Debug - Static Lib|x86.Deploy.0 = Debug|Win32
		{EB965C9F-0179-46CE-9F33-F2991B423515}.Debug Multithreaded|x64.ActiveCfg = Debug|x64
		{EB965C9F-0179-46CE-9F33-F2991B423515}.Debug Multithreaded|x64.Build.0 = Debug|x64
		{EB965C9F-0179-46CE-9F33-F2991B423515}.Debug Multithreaded|x64.Deploy.0 = Debug|x64
		{EB965C9F-0179-46CE-9F33-F2991B423515}.Debug Multithreaded|x86.ActiveCfg = Debug|Win32
		{EB965C9F-0179-46CE-9F33-F2991B423515}.Debug Multithreaded|x86.Build.0 = Debug|Win32
		{EB965C9F-0179-46CE-9F33-F2991B423515}.Debug Multithreaded|x86.Deploy.0 = Debug|Win32
		{EB965C9F-0179-46CE-9F33-F2991B423515}.Debug Singlethreaded|x64.ActiveCfg = Debug|x64
		{EB965C9F-0179-46CE-9F33-F2991B423515}.Debug Singlethreaded|x64.Build.0 = Debug|x64
		{EB965C9F-0179-46CE-9F33-F2991B423515}.Debug Singlethreaded|x64.Deploy.0 = Debug|x64
		{EB965C9F-0179-46CE-9F33-F2991B423515}.Debug Singlethreaded|x86.ActiveCfg = Debug|Win32
		{EB965C9F-0179-46CE-9F33-F2991B423515}.Debug Singlethreaded|x86.Build.0 = Debug|Win32
		{EB965C9F-0179-46CE-9F33-F2991B423515}.Debug Singlethreaded|x86.Deploy.0 = Debug|Win32
		{EB965C9F-0179-46CE-9F33-F2991B423515}.Debug|x64.ActiveCfg = Debug|x64
		{EB965C9F-0179-46CE-9F33-F2991B423515}.Debug|x64.Build.0 = Debug|x64
		{EB965C9F-0179-46CE-9F33-F2991B423515}.Debug|x86.ActiveCfg = Debug|Win32
		{EB965C9F-0179-46CE-9F33-F2991B423515}.Debug|x86.Build.0 = Debug|Win32
		{EB965C9F-0179-46CE-9F33-F2991B423515}.Release - DLL|x64.ActiveCfg = Release|x64
		{EB965C9F-0179-46CE-9F33-F2991B423515}.Release - DLL|x64.Build.0 = Release|x64
		{EB965C9F-0179-46CE-9F33-F2991B423515}.Release - DLL|x64.Deploy.0 = Release|x64
		{EB965C9F-0179-46CE-9F33-F2991B423515}.Release - DLL|x86.ActiveCfg = Release|Win32
		{EB965C9F-0179-46CE-9F33-F2991B423515}.Release - DLL|x86.Build.0 = Release|Win32
		{EB965C9F-0179-46CE-9F33-F2991B423515}.Release - DLL|x86.Deploy.0 = Release|Win32
		{EB965C9F-0179-46CE-9F33-F2991B423515}.Release - Static Lib|x64.ActiveCfg = Release|x64
		{EB965C9F-0179-46CE-9F33-F2991B423515}.Release - Static Lib|x64.Build.0 = Release|x64
		{EB965C9F-0179-46CE-9F33-F2991B423515}.Release - Static Lib|x64.Deploy.0 = Release|x64
		{EB965C9F-0179-46CE-9F33-F2991B423515}.Release - Static Lib|x86.ActiveCfg = Release|Win32
		{EB965C9F-0179-46CE-9F33-F2991B423515}.Release - Static Lib|x86.Build.0 = Release|Win32
		{EB965C9F-0179-46CE-9F33-F2991B423515}.Release - Static Lib|x86.Deploy.0 = Release|Win32
		{EB965C9F-0179-46CE-9F33-F2991B423515}.Release Multithreaded|x64.ActiveCfg = Release|x64
		{EB965C9F-0179-46CE-9F33-F2991B423515}.Release Multithreaded|x64.Build.0 = Release|x64
		{EB965C9F-0179-46CE-9F33-F2991B423515}.Release Multithreaded|x64.Deploy.0 = Release|x64
		{EB965C9F-0179-46CE-9F33-F2991B423515}.Release Multithreaded|x86.ActiveCfg = Release|Win32
		{EB965C9F-0179-46CE-9F33-F2991B423515}.Release Multithreaded|x86.Build.0 = Release|Win32
		{EB965C9F-0179-46CE-9F33-F2991B423515}.Release Multithreaded|x86.Deploy.0 = Release|Win32
		{EB965C9F-0179-46CE-9F33-F2991B423515}.Release Singlethreaded|x64.ActiveCfg = Release|x64
		{EB965C9F-0179-46CE-9F33-F2991B423515}.Release Singlethreaded|x64.Build.0 = Release|x64
		{EB965C9F-0179-46CE-9F33-F2991B423515}.Release Singlethreaded|x64.Deploy.0 = Release|x64
		{EB965C9F-0179-46CE-9F33-F2991B423515}.Release Singlethreaded|x86.ActiveCfg = Release|Win32
		{EB965C9F-0179-46CE-9F33-F2991B423515}.Release Singlethreaded|x86.Build.0 = Release|Win32
		{EB965C9F-0179-46CE-9F33-F2991B423515}.Release Singlethreaded|x86.Deploy.0 = Release|Win32
		{EB965C9F-0179-46CE-9F33-F2991B423515}.Release|x64.ActiveCfg = Release|x64
		{EB965C9F-0179-46CE-9F33-F2991B423515}.Release|x64.Build.0 = Release|x64
		{EB965C9F-0179-46CE-9F33-F2991B423515}.Release|x86.ActiveCfg = Release|Win32
		{EB965C9F-0179-46CE-9F33-F2991B423515}.Release|x86.Build.0 = Release|Win32
		{120B37D4-9F37-4FCB-9746-0FF887CE408B}.Debug - DLL|x64.ActiveCfg = Debug|x64
		{120B37D4-9F37-4FCB-9746-0FF887CE408B}.Debug - DLL|x64.Build.0 = Debug|x64
		{120B37D4-9F37-4FCB-9746-0FF887CE408B}.Debug - DLL|x64.Deploy.0 = Debug|x64
		{120B37D4-9F37-4FCB-9746-0FF887CE408B}.Debug - DLL|x86.ActiveCfg = Debug|Win32
		{120B37D4-9F37-4FCB-9746-0FF887CE408B}.Debug - DLL|x86.Build.0 = Debug|Win32
		{120B37D4-9F37-4FCB-9746-0FF887CE408B}.Debug - DLL|x86.Deploy.0 = Debug|Win32
		{120B37D4-9F37-4FCB-9746-0FF887CE408B}.Debug - Static Lib with MEMTRACE|x64.ActiveCfg = Debug|x64
		{120B37D4-9F37-4FCB-9746-0FF887CE408B}.Debug - Static Lib with MEMTRACE|x64.Build.0 = Debug|x64
		{120B37D4-9F37-4FCB-9746-0FF887CE408B}.Debug - Static Lib with MEMTRACE|x64.Deploy.0 = Debug|x64
		{120B37D4-9F37-4FCB-9746-0FF887CE408B}.Debug - Static Lib with MEMTRACE|x86.ActiveCfg = Debug|Win32
		{120B37D4-9F37-4FCB-9746-0FF887CE408B}.Debug - Static Lib with MEMTRACE|x86.Build.0 = Debug|Win32
		{120B37D4-9F37-4FCB-9746-0FF887CE408B}.Debug - Static Lib with MEMTRACE|x86.Deploy.0 = Debug|Win32
		{120B37D4-9F37-4FCB-9746-0FF887CE408B}.Debug - Static Lib|x64.ActiveCfg = Debug|x64
		{120B37D4-9F37-4FCB-9746-0FF887CE408B}.Debug - Static Lib|x64.Build.0 = Debug|x64
		{120B37D4-9F37-4FCB-9746-0FF887CE408B}.Debug - Static Lib|x64.Deploy.0 = Debug|x64
		{120B37D4-9F37-4FCB-9746-0FF887CE408B}.Debug - Static Lib|x86.ActiveCfg = Debug|Win32
		{120B37D4-9F37-4FCB-9746-0FF887CE408B}.Debug - Static Lib|x86.Build.0 = Debug|Win32
		{120B37D4-9F37-4FCB-9746-0FF887CE408B}.Debug - Static Lib|x86.Deploy.0 = Debug|Win32
		{120B37D4-9F37-4FCB-9746-0FF887CE408B}.Debug Multithreaded|x64.ActiveCfg = Debug|x64
		{120B37D4-9F37-4FCB-9746-0FF887CE408B}.Debug Multithreaded|x64.Build.0 = Debug|x64
		{120B37D4-9F37-4FCB-9746-0FF887CE408B}.Debug Multithreaded|x64.Deploy.0 = Debug|x64
		{120B37D4-9F37-4FCB-9746-0FF887CE408B}.Debug Multithreaded|x86.ActiveCfg = Debug|Win32
		{120B37D4-9F37-4FCB-9746-0FF887CE408B}.Debug Multithreaded|x86.Build.0 = Debug|Win32
		{120B37D4-9F37-4FCB-9746-0FF887CE408B}.Debug Multithreaded|x86.Deploy.0 = Debug|Win32
		{120B37D4-9F37-4FCB-9746-0FF887CE408B}.Debug Singlethreaded|x64.ActiveCfg = Debug|x64
		{120B37D4-9F37-4FCB-9746-0FF887CE408B}.Debug Singlethreaded|x64.Build.0 = Debug|x64
		{120B37D4-9F37-4FCB-9746-0FF887CE408B}.Debug Singlethreaded|x64.Deploy.0 = Debug|x64
		{120B37D4-9F37-4FCB-9746-0FF887CE408B}.Debug Singlethreaded|x86.ActiveCfg = Debug|Win32
		{120B37D4-9F37-4FCB-9746-0FF887CE408B}.Debug Singlethreaded|x86.Build.0 = Debug|Win32
		{120B37D4-9F37-4FCB-9746-0FF887CE408B}.Debug Singlethreaded|x86.Deploy.0 = Debug|Win32
		{120B37D4-9F37-4FCB-9746-0FF887CE408B}.Debug|x64.ActiveCfg = Debug|x64
		{120B37D4-9F37-4FCB-9746-0FF887CE408B}.Debug|x64.Build.0 = Debug|x64
		{120B37D4-9F37-4FCB-9746-0FF887CE408B}.Debug|x86.ActiveCfg = Debug|Win32
		{120B37D4-9F37-4FCB-9746-0FF887CE408B}.Debug|x86.Build.0 = Debug|Win32
		{120B37D4-9F37-4FCB-9746-0FF887CE408B}.Release - DLL|x64.ActiveCfg = Release|x64
		{120B37D4-9F37-4FCB-9746-0FF887CE408B}.Release - DLL|x64.Build.0 = Release|x64
		{120B37D4-9F37-4FCB-9746-0FF887CE408B}.Release - DLL|x64.Deploy.0 = Release|x64
		{120B37D4-9F37-4FCB-9746-0FF887CE408B}.Release - DLL|x86.ActiveCfg = Release|Win32
		{120B37D4-9F37-4FCB-9746-0FF887CE408B}.Release - DLL|x86.Build.0 = Release|Win32
		{120B37D4-9F37-4FCB-9746-0FF887CE408B}.Release - DLL|x86.Deploy.0 = Release|Win32
		{120B37D4-9F37-4FCB-9746-0FF887CE408B}.Release - Static Lib|x64.ActiveCfg = Release|x64
		{120B37D4-9F37-4FCB-9746-0FF887CE408B}.Release - Static Lib|x64.Build.0 = Release|x64
		{120B37D4-9F37-4FCB-9746-0FF887CE408B}.Release - Static Lib|x64.Deploy.0 = Release|x64
		{120B37D4-9F37-4FCB-9746-0FF887CE408B}.Release - Static Lib|x86.ActiveCfg = Release|Win32
		{120B37D4-9F37-4FCB-9746-0FF887CE408B}.Release - Static Lib|x86.Build.0 = Release|Win32
		{120B37D4-9F37-4FCB-9746-0FF887CE408B}.Release - Static Lib|x86.Deploy.0 = Release|Win32
		{120B37D4-9F37-4FCB-9746-0FF887CE408B}.Release Multithreaded|x64.ActiveCfg = Release|x64
		{120B37D4-9F37-4FCB-9746-0FF887CE408B}.Release Multithreaded|x64.Build.0 = Release|x64
		{120B37D4-9F37-4FCB-9746-0FF887CE408B}.Release Multithreaded|x64.Deploy.0 = Release|x64
		{120B37D4-9F37-4FCB-9746-0FF887CE408B}.Release Multithreaded|x86.ActiveCfg = Release|Win32
		{120B37D4-9F37-4FCB-9746-0FF887CE408B}.Release Multithreaded|x86.Build.0 = Release|Win32
		{120B37D4-9F37-4FCB-9746-0FF887CE408B}.Release Multithreaded|x86.Deploy.0 = Release|Win32
		{120B37D4-9F37-4FCB-9746-0FF887CE408B}.Release Singlethreaded|x64.ActiveCfg = Release|x64
		{120B37D4-9F37-4FCB-9746-0FF887CE408B}.Release Singlethreaded|x64.Build.0 = Release|x64
		{120B37D4-9F37-4FCB-9746-0FF887CE408B}.Release Singlethreaded|x64.Deploy.0 = Release|x64
		{120B37D4-9F37-4FCB-9746-0FF887CE408B}.Release Singlethreaded|x86.ActiveCfg = Release|Win32
		{120B37D4-9F37-4FCB-9746-0FF887CE408B}.Release Singlethreaded|x86.Build.0 = Release|Win32
		{120B37D4-9F37-4FCB-9746-0FF887CE408B}.Release Singlethreaded|x86.Deploy.0 = Release|Win32
		{120B37D4-9F37-4FCB-9746-0FF887CE408B}.Release|x64.ActiveCfg = Release|x64
		{120B37D4-9F37-4FCB-9746-0FF887CE408B}.Release|x64.Build.0 = Release|x64
		{120B37D4-9F37-4FCB-9746-0FF887CE408B}.Release|x86.ActiveCfg = Release|Win32
		{120B37D4-9F37-4FCB-9746-0FF887CE408B}.Release|x86.Build.0 = Release|Win32
		{EACCCFA7-BD61-449F-BA60-F398FF0780AE}.Debug - DLL|x64.ActiveCfg = Debug|x64
		{EACCCFA7-BD61-449F-BA60-F398FF0780AE}.Debug - DLL|x64.Build.0 = Debug|x64
		{EACCCFA7-BD61-449F-BA60-F398FF0780AE}.Debug - DLL|x64.Deploy.0 = Debug|x64
		{EACCCFA7-BD61-449F-BA60-F398FF0780AE}.Debug - DLL|x86.ActiveCfg = Debug|Win32
		{EACCCFA7-BD61-449F-BA60-F398FF0780AE}.Debug - DLL|x86.Build.0 = Debug|Win32
		{EACCCFA7-BD61-449F-BA60-F398FF0780AE}.Debug - DLL|x86.Deploy.0 = Debug|Win32
		{EACCCFA7-BD61-449F-BA60-F398FF0780AE}.Debug - Static Lib with MEMTRACE|x64.ActiveCfg = Debug|x64
		{EACCCFA7-BD61-449F-BA60-F398FF0780AE}.Debug - Static Lib with MEMTRACE|x64.Build.0 = Debug|x64
		{EACCCFA7-BD61-449F-BA60-F398FF0780AE}.Debug - Static Lib with MEMTRACE|x64.Deploy.0 = Debug|x64
		{EACCCFA7-BD61-449F-BA60-F398FF0780AE}.Debug - Static Lib with MEMTRACE|x86.ActiveCfg = Debug|Win32
		{EACCCFA7-BD61-449F-BA60-F398FF0780AE}.Debug - Static Lib with MEMTRACE|x86.Build.0 = Debug|Win32
		{EACCCFA7-BD61-449F-BA60-F398FF0780AE}.Debug - Static Lib with MEMTRACE|x86.Deploy.0 = Debug|Win32
		{EACCCFA7-BD61-449F-BA60-F398FF0780AE}.Debug - Static Lib|x64.ActiveCfg = Debug|x64
		{EACCCFA7-BD61-449F-BA60-F398FF0780AE}.Debug - Static Lib|x64.Build.0 = Debug|x64
		{EACCCFA7-BD61-449F-BA60-F398FF0780AE}.Debug - Static Lib|x64.Deploy.0 = Debug|x64
		{EACCCFA7-BD61-449F-BA60-F398FF0780AE}.Debug - Static Lib|x86.ActiveCfg = Debug|Win32
		{EACCCFA7-BD61-449F-BA60-F398FF0780AE}.Debug - Static Lib|x86.Build.0 = Debug|Win32
		{EACCCFA7-BD61-449F-BA60-F398FF0780AE}.Debug - Static Lib|x86.Deploy.0 = Debug|Win32
		{EACCCFA7-BD61-449F-BA60-F398FF0780AE}.Debug Multithreaded|x64.ActiveCfg = Debug|x64
		{EACCCFA7-BD61-449F-BA60-F398FF0780AE}.Debug Multithreaded|x64.Build.0 = Debug|x64
		{EACCCFA7-BD61-449F-BA60-F398FF0780AE}.Debug Multithreaded|x64.Deploy.0 = Debug|x64
		{EACCCFA7-BD61-449F-BA60-F398FF0780AE}.Debug Multithreaded|x86.ActiveCfg = Debug|Win32
		{EACCCFA7-BD61-449F-BA60-F398FF0780AE}.Debug Multithreaded|x86.Build.0 = Debug|Win32
		{EACCCFA7-BD61-449F-BA60-F398FF0780AE}.Debug Multithreaded|x86.Deploy.0 = Debug|Win32
		{EACCCFA7-BD61-449F-BA60-F398FF0780AE}.Debug Singlethreaded|x64.ActiveCfg = Debug|x64
		{EACCCFA7-BD61-449F-BA60-F398FF0780AE}.Debug Singlethreaded|x64.Build.0 = Debug|x64
		{EACCCFA7-BD61-449F-BA60-F398FF0780AE}.Debug Singlethreaded|x64.Deploy.0 = Debug|x64
		{EACCCFA7-BD61-449F-BA60-F398FF0780AE}.Debug Singlethreaded|x86.ActiveCfg = Debug|Win32
		{EACCCFA7-BD61-449F-BA60-F398FF0780AE}.Debug Singlethreaded|x86.Build.0 = Debug|Win32
		{EACCCFA7-BD61-449F-BA60-F398FF0780AE}.Debug Singlethreaded|x86.Deploy.0 = Debug|Win32
		{EACCCFA7-BD61-449F-BA60-F398FF0780AE}.Debug|x64.ActiveCfg = Debug|x64
		{EACCCFA7-BD61-449F-BA60-F398FF0780AE}.Debug|x64.Build.0 = Debug|x64
		{EACCCFA7-BD61-449F-BA60-F398FF0780AE}.Debug|x86.ActiveCfg = Debug|Win32
		{EACCCFA7-BD61-449F-BA60-F398FF0780AE}.Debug|x86.Build.0 = Debug|Win32
		{EACCCFA7-BD61-449F-BA60-F398FF0780AE}.Release - DLL|x64.ActiveCfg = Release|x64
		{EACCCFA7-BD61-449F-BA60-F398FF0780AE}.Release - DLL|x64.Build.0 = Release|x64
		{EACCCFA7-BD61-449F-BA60-F398FF0780AE}.Release - DLL|x64.Deploy.0 = Release|x64
		{EACCCFA7-BD61-449F-BA60-F398FF0780AE}.Release - DLL|x86.ActiveCfg = Release|Win32
		{EACCCFA7-BD61-449F-BA60-F398FF0780AE}.Release - DLL|x86.Build.0 = Release|Win32
		{EACCCFA7-BD61-449F-BA60-F398FF0780AE}.Release - DLL|x86.Deploy.0 = Release|Win32
		{EACCCFA7-BD61-449F-BA60-F398FF0780AE}.Release - Static Lib|x64.ActiveCfg = Release|x64
		{EACCCFA7-BD61-449F-BA60-F398FF0780AE}.Release - Static Lib|x64.Build.0 = Release|x64
		{EACCCFA7-BD61-449F-BA60-F398FF0780AE}.Release - Static Lib|x64.Deploy.0 = Release|x64
		{EACCCFA7-BD61-449F-BA60-F398FF0780AE}.Release - Static Lib|x86.ActiveCfg = Release|Win32
		{EACCCFA7-BD61-449F-BA60-F398FF0780AE}.Release - Static Lib|x86.Build.0 = Release|Win32
		{EACCCFA7-BD61-449F-BA60-F398FF0780AE}.Release - Static Lib|x86.Deploy.0 = Release|Win32
		{EACCCFA7-BD61-449F-BA60-F398FF0780AE}.Release Multithreaded|x64.ActiveCfg = Release|x64
		{EACCCFA7-BD61-449F-BA60-F398FF0780AE}.Release Multithreaded|x64.Build.0 = Release|x64
		{EACCCFA7-BD61-449F-BA60-F398FF0780AE}.Release Multithreaded|x64.Deploy.0 = Release|x64
		{EACCCFA7-BD61-449F-BA60-F398FF0780AE}.Release Multithreaded|x86.ActiveCfg = Release|Win32
		{EACCCFA7-BD61-449F-BA60-F398FF0780AE}.Release Multithreaded|x86.Build.0 = Release|Win32
		{EACCCFA7-BD61-449F-BA60-F398FF0780AE}.Release Multithreaded|x86.Deploy.0 = Release|Win32
		{EACCCFA7-BD61-449F-BA60-F398FF0780AE}.Release Singlethreaded|x64.ActiveCfg = Release|x64
		{EACCCFA7-BD61-449F-BA60-F398FF0780AE}.Release Singlethreaded|x64.Build.0 = Release|x64
		{EACCCFA7-BD61-449F-BA60-F398FF0780AE}.Release Singlethreaded|x64.Deploy.0 = Release|x64
		{EACCCFA7-BD61-449F-BA60-F398FF0780AE}.Release Singlethreaded|x86.ActiveCfg = Release|Win32
		{EACCCFA7-BD61-449F-BA60-F398FF0780AE}.Release Singlethreaded|x86.Build.0 = Release|Win32
		{EACCCFA7-BD61-449F-BA60-F398FF0780AE}.Release Singlethreaded|x86.Deploy.0 = Release|Win32
		{EACCCFA7-BD61-449F-BA60-F398FF0780AE}.Release|x64.ActiveCfg = Release|x64
		{EACCCFA7-BD61-449F-BA60-F398FF0780AE}.Release|x64.Build.0 = Release|x64
		{EACCCFA7-BD61-449F-BA60-F398FF0780AE}.Release|x86.ActiveCfg = Release|Win32
		{EACCCFA7-BD61-449F-BA60-F398FF0780AE}.Release|x86.Build.0 = Release|Win32
		{3424CA68-F0AF-48A9-80A3-E441C11DE3E9}.Debug - DLL|x64.ActiveCfg = Debug|x64
		{3424CA68-F0AF-48A9-80A3-E441C11DE3E9}.Debug - DLL|x64.Build.0 = Debug|x64
		{3424CA68-F0AF-48A9-80A3-E441C11DE3E9}.Debug - DLL|x64.Deploy.0 = Debug|x64
		{3424CA68-F0AF-48A9-80A3-E441C11DE3E9}.Debug - DLL|x86.ActiveCfg = Debug|Win32
		{3424CA68-F0AF-48A9-80A3-E441C11DE3E9}.Debug - DLL|x86.Build.0 = Debug|Win32
		{3424CA68-F0AF-48A9-80A3-E441C11DE3E9}.Debug - DLL|x86.Deploy.0 = Debug|Win32
		{3424CA68-F0AF-48A9-80A3-E441C11DE3E9}.Debug - Static Lib with MEMTRACE|x64.ActiveCfg = Debug|x64
		{3424CA68-F0AF-48A9-80A3-E441C11DE3E9}.Debug - Static Lib with MEMTRACE|x64.Build.0 = Debug|x64
		{3424CA68-F0AF-48A9-80A3-E441C11DE3E9}.Debug - Static Lib with MEMTRACE|x64.Deploy.0 = Debug|x64
		{3424CA68-F0AF-48A9-80A3-E441C11DE3E9}.Debug - Static Lib with MEMTRACE|x86.ActiveCfg = Debug|Win32
		{3424CA68-F0AF-48A9-80A3-E441C11DE3E9}.Debug - Static Lib with MEMTRACE|x86.Build.0 = Debug|Win32
		{3424CA68-F0AF-48A9-80A3-E441C11DE3E9}.Debug - Static Lib with MEMTRACE|x86.Deploy.0 = Debug|Win32
		{3424CA68-F0AF-48A9-80A3-E441C11DE3E9}.Debug - Static Lib|x64.ActiveCfg = Debug|x64
		{3424CA68-F0AF-48A9-80A3-E441C11DE3E9}.Debug - Static Lib|x64.Build.0 = Debug|x64
		{3424CA68-F0AF-48A9-80A3-E441C11DE3E9}.Debug - Static Lib|x64.Deploy.0 = Debug|x64
		{3424CA68-F0AF-48A9-80A3-E441C11DE3E9}.Debug - Static Lib|x86.ActiveCfg = Debug|Win32
		{3424CA68-F0AF-48A9-80A3-E441C11DE3E9}.Debug - Static Lib|x86.Build.0 = Debug|Win32
		{3424CA68-F0AF-48A9-80A3-E441C11DE3E9}.Debug - Static Lib|x86.Deploy.0 = Debug|Win32
		{3424CA68-F0AF-48A9-80A3-E441C11DE3E9}.Debug Multithreaded|x64.ActiveCfg = Debug|x64
		{3424CA68-F0AF-48A9-80A3-E441C11DE3E9}.Debug Multithreaded|x64.Build.0 = Debug|x64
		{3424CA68-F0AF-48A9-80A3-E441C11DE3E9}.Debug Multithreaded|x64.Deploy.0 = Debug|x64
		{3424CA68-F0AF-48A9-80A3-E441C11DE3E9}.Debug Multithreaded|x86.ActiveCfg = Debug|Win32
		{3424CA68-F0AF-48A9-80A3-E441C11DE3E9}.Debug Multithreaded|x86.Build.0 = Debug|Win32
		{3424CA68-F0AF-48A9-80A3-E441C11DE3E9}.Debug Multithreaded|x86.Deploy.0 = Debug|Win32
		{3424CA68-F0AF-48A9-80A3-E441C11DE3E9}.Debug Singlethreaded|x64.ActiveCfg = Debug|x64
		{3424CA68-F0AF-48A9-80A3-E441C11DE3E9}.Debug Singlethreaded|x64.Build.0 = Debug|x64
		{3424CA68-F0AF-48A9-80A3-E441C11DE3E9}.Debug Singlethreaded|x64.Deploy.0 = Debug|x64
		{3424CA68-F0AF-48A9-80A3-E441C11DE3E9}.Debug Singlethreaded|x86.ActiveCfg = Debug|Win32
		{3424CA68-F0AF-48A9-80A3-E441C11DE3E9}.Debug Singlethreaded|x86.Build.0 = Debug|Win32
		{3424CA68-F0AF-48A9-80A3-E441C11DE3E9}.Debug Singlethreaded|x86.Deploy.0 = Debug|Win32
		{3424CA68-F0AF-48A9-80A3-E441C11DE3E9}.Debug|x64.ActiveCfg = Debug|x64
		{3424CA68-F0AF-48A9-80A3-E441C11DE3E9}.Debug|x64.Build.0 = Debug|x64
		{3424CA68-F0AF-48A9-80A3-E441C11DE3E9}.Debug|x86.ActiveCfg = Debug|Win32
		{3424CA68-F0AF-48A9-80A3-E441C11DE3E9}.Debug|x86.Build.0 = Debug|Win32
		{3424CA68-F0AF-48A9-80A3-E441C11DE3E9}.Release - DLL|x64.ActiveCfg = Release|x64
		{3424CA68-F0AF-48A9-80A3-E441C11DE3E9}.Release - DLL|x64.Build.0 = Release|x64
		{3424CA68-F0AF-48A9-80A3-E441C11DE3E9}.Release - DLL|x64.Deploy.0 = Release|x64
		{3424CA68-F0AF-48A9-80A3-E441C11DE3E9}.Release - DLL|x86.ActiveCfg = Release|Win32
		{3424CA68-F0AF-48A9-80A3-E441C11DE3E9}.Release - DLL|x86.Build.0 = Release|Win32
		{3424CA68-F0AF-48A9-80A3-E441C11DE3E9}.Release - DLL|x86.Deploy.0 = Release|Win32
		{3424CA68-F0AF-48A9-80A3-E441C11DE3E9}.Release - Static Lib|x64.ActiveCfg = Release|x64
		{3424CA68-F0AF-48A9-80A3-E441C11DE3E9}.Release - Static Lib|x64.Build.0 = Release|x64
		{3424CA68-F0AF-48A9-80A3-E441C11DE3E9}.Release - Static Lib|x64.Deploy.0 = Release|x64
		{3424CA68-F0AF-48A9-80A3-E441C11DE3E9}.Release - Static Lib|x86.ActiveCfg = Release|Win32
		{3424CA68-F0AF-48A9-80A3-E441C11DE3E9}.Release - Static Lib|x86.Build.0 = Release|Win32
		{3424CA68-F0AF-48A9-80A3-E441C11DE3E9}.Release - Static Lib|x86.Deploy.0 = Release|Win32
		{3424CA68-F0AF-48A9-80A3-E441C11DE3E9}.Release Multithreaded|x64.ActiveCfg = Release|x64
		{3424CA68-F0AF-48A9-80A3-E441C11DE3E9}.Release Multithreaded|x64.Build.0 = Release|x64
		{3424CA68-F0AF-48A9-80A3-E441C11DE3E9}.Release Multithreaded|x64.Deploy.0 = Release|x64
		{3424CA68-F0AF-48A9-80A3-E441C11DE3E9}.Release Multithreaded|x86.ActiveCfg = Release|Win32
		{3424CA68-F0AF-48A9-80A3-E441C11DE3E9}.Release Multithreaded|x86.Build.0 = Release|Win32
		{3424CA68-F0AF-48A9-80A3-E441C11DE3E9}.Release Multithreaded|x86.Deploy.0 = Release|Win32
		{3424CA68-F0AF-48A9-80A3-E441C11DE3E9}.Release Singlethreaded|x64.ActiveCfg = Release|x64
		{3424CA68-F0AF-48A9-80A3-E441C11DE3E9}.Release Singlethreaded|x64.Build.0 = Release|x64
		{3424CA68-F0AF-48A9-80A3-E441C11DE3E9}.Release Singlethreaded|x64.Deploy.0 = Release|x64
		{3424CA68-F0AF-48A9-80A3-E441C11DE3E9}.Release Singlethreaded|x86.ActiveCfg = Release|Win32
		{3424CA68-F0AF-48A9-80A3-E441C11DE3E9}.Release Singlethreaded|x86.Build.0 = Release|Win32
		{3424CA68-F0AF-48A9-80A3-E441C11DE3E9}.Release Singlethreaded|x86.Deploy.0 = Release|Win32
		{3424CA68-F0AF-48A9-80A3-E441C11DE3E9}.Release|x64.ActiveCfg = Release|x64
		{3424CA68-F0AF-48A9-80A3-E441C11DE3E9}.Release|x64.Build.0 = Release|x64
		{3424CA68-F0AF-48A9-80A3-E441C11DE3E9}.Release|x86.ActiveCfg = Release|Win32
		{3424CA68-F0AF-48A9-80A3-E441C11DE3E9}.Release|x86.Build.0 = Release|Win32
		{943F213F-305D-4476-8B00-4E18BC7E0E16}.Debug - DLL|x64.ActiveCfg = Debug|x64
		{943F213F-305D-4476-8B00-4E18BC7E0E16}.Debug - DLL|x64.Build.0 = Debug|x64
		{943F213F-305D-4476-8B00-4E18BC7E0E16}.Debug - DLL|x64.Deploy.0 = Debug|x64
		{943F213F-305D-4476-8B00-4E18BC7E0E16}.Debug - DLL|x86.ActiveCfg = Debug|Win32
		{943F213F-305D-4476-8B00-4E18BC7E0E16}.Debug - DLL|x86.Build.0 = Debug|Win32
		{943F213F-305D-4476-8B00-4E18BC7E0E16}.Debug - DLL|x86.Deploy.0 = Debug|Win32
		{943F213F-305D-4476-8B00-4E18BC7E0E16}.Debug - Static Lib with MEMTRACE|x64.ActiveCfg = Debug|x64
		{943F213F-305D-4476-8B00-4E18BC7E0E16}.Debug - Static Lib with MEMTRACE|x64.Build.0 = Debug|x64
		{943F213F-305D-4476-8B00-4E18BC7E0E16}.Debug - Static Lib with MEMTRACE|x64.Deploy.0 = Debug|x64
		{943F213F-305D-4476-8B00-4E18BC7E0E16}.Debug - Static Lib with MEMTRACE|x86.ActiveCfg = Debug|Win32
		{943F213F-305D-4476-8B00-4E18BC7E0E16}.Debug - Static Lib with MEMTRACE|x86.Build.0 = Debug|Win32
		{943F213F-305D-4476-8B00-4E18BC7E0E16}.Debug - Static Lib with MEMTRACE|x86.Deploy.0 = Debug|Win32
		{943F213F-305D-4476-8B00-4E18BC7E0E16}.Debug - Static Lib|x64.ActiveCfg = Debug|x64
		{943F213F-305D-4476-8B00-4E18BC7E0E16}.Debug - Static Lib|x64.Build.0 = Debug|x64
		{943F213F-305D-4476-8B00-4E18BC7E0E16}.Debug - Static Lib|x64.Deploy.0 = Debug|x64
		{943F213F-305D-4476-8B00-4E18BC7E0E16}.Debug - Static Lib|x86.ActiveCfg = Debug|Win32
		{943F213F-305D-4476-8B00-4E18BC7E0E16}.Debug - Static Lib|x86.Build.0 = Debug|Win32
		{943F213F-305D-4476-8B00-4E18BC7E0E16}.Debug - Static Lib|x86.Deploy.0 = Debug|Win32
		{943F213F-305D-4476-8B00-4E18BC7E0E16}.Debug Multithreaded|x64.ActiveCfg = Debug|x64
		{943F213F-305D-4476-8B00-4E18BC7E0E16}.Debug Multithreaded|x64.Build.0 = Debug|x64
		{943F213F-305D-4476-8B00-4E18BC7E0E16}.Debug Multithreaded|x86.ActiveCfg = Debug|Win32
		{943F213F-305D-4476-8B00-4E18BC7E0E16}.Debug Multithreaded|x86.Build.0 = Debug|Win32
		{943F213F-305D-4476-8B00-4E18BC7E0E16}.Debug Singlethreaded|x64.ActiveCfg = Debug|x64
		{943F213F-305D-4476-8B00-4E18BC7E0E16}.Debug Singlethreaded|x64.Build.0 = Debug|x64
		{943F213F-305D-4476-8B00-4E18BC7E0E16}.Debug Singlethreaded|x86.ActiveCfg = Debug|Win32
		{943F213F-305D-4476-8B00-4E18BC7E0E16}.Debug Singlethreaded|x86.Build.0 = Debug|Win32
		{943F213F-305D-4476-8B00-4E18BC7E0E16}.Debug|x64.ActiveCfg = Debug|x64
		{943F213F-305D-4476-8B00-4E18BC7E0E16}.Debug|x64.Build.0 = Debug|x64
		{943F213F-305D-4476-8B00-4E18BC7E0E16}.Debug|x86.ActiveCfg = Debug|Win32
		{943F213F-305D-4476-8B00-4E18BC7E0E16}.Debug|x86.Build.0 = Debug|Win32
		{943F213F-305D-4476-8B00-4E18BC7E0E16}.Release - DLL|x64.ActiveCfg = Release|x64
		{943F213F-305D-4476-8B00-4E18BC7E0E16}.Release - DLL|x64.Build.0 = Release|x64
		{943F213F-305D-4476-8B00-4E18BC7E0E16}.Release - DLL|x64.Deploy.0 = Release|x64
		{943F213F-305D-4476-8B00-4E18BC7E0E16}.Release - DLL|x86.ActiveCfg = Release|Win32
		{943F213F-305D-4476-8B00-4E18BC7E0E16}.Release - DLL|x86.Build.0 = Release|Win32
		{943F213F-305D-4476-8B00-4E18BC7E0E16}.Release - DLL|x86.Deploy.0 = Release|Win32
		{943F213F-305D-4476-8B00-4E18BC7E0E16}.Release - Static Lib|x64.ActiveCfg = Release|x64
		{943F213F-305D-4476-8B00-4E18BC7E0E16}.Release - Static Lib|x64.Build.0 = Release|x64
		{943F213F-305D-4476-8B00-4E18BC7E0E16}.Release - Static Lib|x64.Deploy.0 = Release|x64
		{943F213F-305D-4476-8B00-4E18BC7E0E16}.Release - Static Lib|x86.ActiveCfg = Release|Win32
		{943F213F-305D-4476-8B00-4E18BC7E0E16}.Release - Static Lib|x86.Build.0 = Release|Win32
		{943F213F-305D-4476-8B00-4E18BC7E0E16}.Release - Static Lib|x86.Deploy.0 = Release|Win32
		{943F213F-305D-4476-8B00-4E18BC7E0E16}.Release Multithreaded|x64.ActiveCfg = Release|x64
		{943F213F-305D-4476-8B00-4E18BC7E0E16}.Release Multithreaded|x64.Build.0 = Release|x64
		{943F213F-305D-4476-8B00-4E18BC7E0E16}.Release Multithreaded|x86.ActiveCfg = Release|Win32
		{943F213F-305D-4476-8B00-4E18BC7E0E16}.Release Multithreaded|x86.Build.0 = Release|Win32
		{943F213F-305D-4476-8B00-4E18BC7E0E16}.Release Singlethreaded|x64.ActiveCfg = Release|x64
		{943F213F-305D-4476-8B00-4E18BC7E0E16}.Release Singlethreaded|x64.Build.0 = Release|x64
		{943F213F-305D-4476-8B00-4E18BC7E0E16}.Release Singlethreaded|x86.ActiveCfg = Release|Win32
		{943F213F-305D-4476-8B00-4E18BC7E0E16}.Release Singlethreaded|x86.Build.0 = Release|Win32
		{943F213F-305D-4476-8B00-4E18BC7E0E16}.Release|x64.ActiveCfg = Release|x64
		{943F213F-305D-4476-8B00-4E18BC7E0E16}.Release|x64.Build.0 = Release|x64
		{943F213F-305D-4476-8B00-4E18BC7E0E16}.Release|x86.ActiveCfg = Release|Win32
		{943F213F-305D-4476-8B00-4E18BC7E0E16}.Release|x86.Build.0 = Release|Win32
		{9C884165-DCBF-4262-8754-E59B30088C56}.Debug - DLL|x64.ActiveCfg = Debug|Win32
		{9C884165-DCBF-4262-8754-E59B30088C56}.Debug - DLL|x64.Build.0 = Debug|Win32
		{9C884165-DCBF-4262-8754-E59B30088C56}.Debug - DLL|x64.Deploy.0 = Debug|Win32
		{9C884165-DCBF-4262-8754-E59B30088C56}.Debug - DLL|x86.ActiveCfg = Debug|Win32
		{9C884165-DCBF-4262-8754-E59B30088C56}.Debug - DLL|x86.Build.0 = Debug|Win32
		{9C884165-DCBF-4262-8754-E59B30088C56}.Debug - DLL|x86.Deploy.0 = Debug|Win32
		{9C884165-DCBF-4262-8754-E59B30088C56}.Debug - Static Lib with MEMTRACE|x64.ActiveCfg = Debug|Win32
		{9C884165-DCBF-4262-8754-E59B30088C56}.Debug - Static Lib with MEMTRACE|x64.Build.0 = Debug|Win32
		{9C884165-DCBF-4262-8754-E59B30088C56}.Debug - Static Lib with MEMTRACE|x64.Deploy.0 = Debug|Win32
		{9C884165-DCBF-4262-8754-E59B30088C56}.Debug - Static Lib with MEMTRACE|x86.ActiveCfg = Debug|Win32
		{9C884165-DCBF-4262-8754-E59B30088C56}.Debug - Static Lib with MEMTRACE|x86.Build.0 = Debug|Win32
		{9C884165-DCBF-4262-8754-E59B30088C56}.Debug - Static Lib with MEMTRACE|x86.Deploy.0 = Debug|Win32
		{9C884165-DCBF-4262-8754-E59B30088C56}.Debug - Static Lib|x64.ActiveCfg = Debug|Win32
		{9C884165-DCBF-4262-8754-E59B30088C56}.Debug - Static Lib|x64.Build.0 = Debug|Win32
		{9C884165-DCBF-4262-8754-E59B30088C56}.Debug - Static Lib|x64.Deploy.0 = Debug|Win32
		{9C884165-DCBF-4262-8754-E59B30088C56}.Debug - Static Lib|x86.ActiveCfg = Debug|Win32
		{9C884165-DCBF-4262-8754-E59B30088C56}.Debug - Static Lib|x86.Build.0 = Debug|Win32
		{9C884165-DCBF-4262-8754-E59B30088C56}.Debug - Static Lib|x86.Deploy.0 = Debug|Win32
		{9C884165-DCBF-4262-8754-E59B30088C56}.Debug Multithreaded|x64.ActiveCfg = Release|Win32
		{9C884165-DCBF-4262-8754-E59B30088C56}.Debug Multithreaded|x64.Build.0 = Release|Win32
		{9C884165-DCBF-4262-8754-E59B30088C56}.Debug Multithreaded|x86.ActiveCfg = Debug|Win32
		{9C884165-DCBF-4262-8754-E59B30088C56}.Debug Multithreaded|x86.Build.0 = Debug|Win32
		{9C884165-DCBF-4262-8754-E59B30088C56}.Debug Singlethreaded|x64.ActiveCfg = Release|Win32
		{9C884165-DCBF-4262-8754-E59B30088C56}.Debug Singlethreaded|x64.Build.0 = Release|Win32
		{9C884165-DCBF-4262-8754-E59B30088C56}.Debug Singlethreaded|x86.ActiveCfg = Debug|Win32
		{9C884165-DCBF-4262-8754-E59B30088C56}.Debug Singlethreaded|x86.Build.0 = Debug|Win32
		{9C884165-DCBF-4262-8754-E59B30088C56}.Debug|x64.ActiveCfg = Debug|Win32
		{9C884165-DCBF-4262-8754-E59B30088C56}.Debug|x86.ActiveCfg = Debug|Win32
		{9C884165-DCBF-4262-8754-E59B30088C56}.Debug|x86.Build.0 = Debug|Win32
		{9C884165-DCBF-4262-8754-E59B30088C56}.Release - DLL|x64.ActiveCfg = Debug|Win32
		{9C884165-DCBF-4262-8754-E59B30088C56}.Release - DLL|x64.Build.0 = Debug|Win32
		{9C884165-DCBF-4262-8754-E59B30088C56}.Release - DLL|x64.Deploy.0 = Debug|Win32
		{9C884165-DCBF-4262-8754-E59B30088C56}.Release - DLL|x86.ActiveCfg = Release|Win32
		{9C884165-DCBF-4262-8754-E59B30088C56}.Release - DLL|x86.Build.0 = Release|Win32
		{9C884165-DCBF-4262-8754-E59B30088C56}.Release - DLL|x86.Deploy.0 = Release|Win32
		{9C884165-DCBF-4262-8754-E59B30088C56}.Release - Static Lib|x64.ActiveCfg = Debug|Win32
		{9C884165-DCBF-4262-8754-E59B30088C56}.Release - Static Lib|x64.Build.0 = Debug|Win32
		{9C884165-DCBF-4262-8754-E59B30088C56}.Release - Static Lib|x64.Deploy.0 = Debug|Win32
		{9C884165-DCBF-4262-8754-E59B30088C56}.Release - Static Lib|x86.ActiveCfg = Release|Win32
		{9C884165-DCBF-4262-8754-E59B30088C56}.Release - Static Lib|x86.Build.0 = Release|Win32
		{9C884165-DCBF-4262-8754-E59B30088C56}.Release - Static Lib|x86.Deploy.0 = Release|Win32
		{9C884165-DCBF-4262-8754-E59B30088C56}.Release Multithreaded|x64.ActiveCfg = Release|Win32
		{9C884165-DCBF-4262-8754-E59B30088C56}.Release Multithreaded|x64.Build.0 = Release|Win32
		{9C884165-DCBF-4262-8754-E59B30088C56}.Release Multithreaded|x86.ActiveCfg = Release|Win32
		{9C884165-DCBF-4262-8754-E59B30088C56}.Release Multithreaded|x86.Build.0 = Release|Win32
		{9C884165-DCBF-4262-8754-E59B30088C56}.Release Singlethreaded|x64.ActiveCfg = Release|Win32
		{9C884165-DCBF-4262-8754-E59B30088C56}.Release Singlethreaded|x64.Build.0 = Release|Win32
		{9C884165-DCBF-4262-8754-E59B30088C56}.Release Singlethreaded|x86.ActiveCfg = Release|Win32
		{9C884165-DCBF-4262-8754-E59B30088C56}.Release Singlethreaded|x86.Build.0 = Release|Win32
		{9C884165-DCBF-4262-8754-E59B30088C56}.Release|x64.ActiveCfg = Release|Win32
		{9C884165-DCBF-4262-8754-E59B30088C56}.Release|x86.ActiveCfg = Release|Win32
		{9C884165-DCBF-4262-8754-E59B30088C56}.Release|x86.Build.0 = Release|Win32
		{E88E5D8B-FAA8-41FA-B0A5-77C924300C0E}.Debug - DLL|x64.ActiveCfg = Release|Win32
		{E88E5D8B-FAA8-41FA-B0A5-77C924300C0E}.Debug - DLL|x64.Build.0 = Release|Win32
		{E88E5D8B-FAA8-41FA-B0A5-77C924300C0E}.Debug - DLL|x86.ActiveCfg = Debug|Win32
		{E88E5D8B-FAA8-41FA-B0A5-77C924300C0E}.Debug - DLL|x86.Build.0 = Debug|Win32
		{E88E5D8B-FAA8-41FA-B0A5-77C924300C0E}.Debug - Static Lib with MEMTRACE|x64.ActiveCfg = Release|Win32
		{E88E5D8B-FAA8-41FA-B0A5-77C924300C0E}.Debug - Static Lib with MEMTRACE|x64.Build.0 = Release|Win32
		{E88E5D8B-FAA8-41FA-B0A5-77C924300C0E}.Debug - Static Lib with MEMTRACE|x86.ActiveCfg = Debug|Win32
		{E88E5D8B-FAA8-41FA-B0A5-77C924300C0E}.Debug - Static Lib with MEMTRACE|x86.Build.0 = Debug|Win32
		{E88E5D8B-FAA8-41FA-B0A5-77C924300C0E}.Debug - Static Lib|x64.ActiveCfg = Debug|Win32
		{E88E5D8B-FAA8-41FA-B0A5-77C924300C0E}.Debug - Static Lib|x64.Build.0 = Debug|Win32
		{E88E5D8B-FAA8-41FA-B0A5-77C924300C0E}.Debug - Static Lib|x86.ActiveCfg = Debug|Win32
		{E88E5D8B-FAA8-41FA-B0A5-77C924300C0E}.Debug - Static Lib|x86.Build.0 = Debug|Win32
		{E88E5D8B-FAA8-41FA-B0A5-77C924300C0E}.Debug Multithreaded|x64.ActiveCfg = Release|Win32
		{E88E5D8B-FAA8-41FA-B0A5-77C924300C0E}.Debug Multithreaded|x64.Build.0 = Release|Win32
		{E88E5D8B-FAA8-41FA-B0A5-77C924300C0E}.Debug Multithreaded|x86.ActiveCfg = Debug|Win32
		{E88E5D8B-FAA8-41FA-B0A5-77C924300C0E}.Debug Multithreaded|x86.Build.0 = Debug|Win32
		{E88E5D8B-FAA8-41FA-B0A5-77C924300C0E}.Debug Singlethreaded|x64.ActiveCfg = Release|Win32
		{E88E5D8B-FAA8-41FA-B0A5-77C924300C0E}.Debug Singlethreaded|x64.Build.0 = Release|Win32
		{E88E5D8B-FAA8-41FA-B0A5-77C924300C0E}.Debug Singlethreaded|x86.ActiveCfg = Debug|Win32
		{E88E5D8B-FAA8-41FA-B0A5-77C924300C0E}.Debug Singlethreaded|x86.Build.0 = Debug|Win32
		{E88E5D8B-FAA8-41FA-B0A5-77C924300C0E}.Debug|x64.ActiveCfg = Debug|x64
		{E88E5D8B-FAA8-41FA-B0A5-77C924300C0E}.Debug|x86.ActiveCfg = Debug|Win32
		{E88E5D8B-FAA8-41FA-B0A5-77C924300C0E}.Debug|x86.Build.0 = Debug|Win32
		{E88E5D8B-FAA8-41FA-B0A5-77C924300C0E}.Release - DLL|x64.ActiveCfg = Release|Win32
		{E88E5D8B-FAA8-41FA-B0A5-77C924300C0E}.Release - DLL|x64.Build.0 = Release|Win32
		{E88E5D8B-FAA8-41FA-B0A5-77C924300C0E}.Release - DLL|x86.ActiveCfg = Release|Win32
		{E88E5D8B-FAA8-41FA-B0A5-77C924300C0E}.Release - DLL|x86.Build.0 = Release|Win32
		{E88E5D8B-FAA8-41FA-B0A5-77C924300C0E}.Release - Static Lib|x64.ActiveCfg = Release|Win32
		{E88E5D8B-FAA8-41FA-B0A5-77C924300C0E}.Release - Static Lib|x64.Build.0 = Release|Win32
		{E88E5D8B-FAA8-41FA-B0A5-77C924300C0E}.Release - Static Lib|x86.ActiveCfg = Release|Win32
		{E88E5D8B-FAA8-41FA-B0A5-77C924300C0E}.Release - Static Lib|x86.Build.0 = Release|Win32
		{E88E5D8B-FAA8-41FA-B0A5-77C924300C0E}.Release Multithreaded|x64.ActiveCfg = Release|Win32
		{E88E5D8B-FAA8-41FA-B0A5-77C924300C0E}.Release Multithreaded|x64.Build.0 = Release|Win32
		{E88E5D8B-FAA8-41FA-B0A5-77C924300C0E}.Release Multithreaded|x86.ActiveCfg = Release|Win32
		{E88E5D8B-FAA8-41FA-B0A5-77C924300C0E}.Release Multithreaded|x86.Build.0 = Release|Win32
		{E88E5D8B-FAA8-41FA-B0A5-77C924300C0E}.Release Singlethreaded|x64.ActiveCfg = Release|Win32
		{E88E5D8B-FAA8-41FA-B0A5-77C924300C0E}.Release Singlethreaded|x64.Build.0 = Release|Win32
		{E88E5D8B-FAA8-41FA-B0A5-77C924300C0E}.Release Singlethreaded|x86.ActiveCfg = Release|Win32
		{E88E5D8B-FAA8-41FA-B0A5-77C924300C0E}.Release Singlethreaded|x86.Build.0 = Release|Win32
		{E88E5D8B-FAA8-41FA-B0A5-77C924300C0E}.Release|x64.ActiveCfg = Release|Win32
		{E88E5D8B-FAA8-41FA-B0A5-77C924300C0E}.Release|x86.ActiveCfg = Release|Win32
		{E88E5D8B-FAA8-41FA-B0A5-77C924300C0E}.Release|x86.Build.0 = Release|Win32
		{D06597D3-5DEA-4B57-B05A-F827DD25D2DC}.Debug - DLL|x64.ActiveCfg = Debug|x64
		{D06597D3-5DEA-4B57-B05A-F827DD25D2DC}.Debug - DLL|x64.Build.0 = Debug|x64
		{D06597D3-5DEA-4B57-B05A-F827DD25D2DC}.Debug - DLL|x86.ActiveCfg = Debug|Win32
		{D06597D3-5DEA-4B57-B05A-F827DD25D2DC}.Debug - DLL|x86.Build.0 = Debug|Win32
		{D06597D3-5DEA-4B57-B05A-F827DD25D2DC}.Debug - Static Lib with MEMTRACE|x64.ActiveCfg = Debug|x64
		{D06597D3-5DEA-4B57-B05A-F827DD25D2DC}.Debug - Static Lib with MEMTRACE|x64.Build.0 = Debug|x64
		{D06597D3-5DEA-4B57-B05A-F827DD25D2DC}.Debug - Static Lib with MEMTRACE|x86.ActiveCfg = Debug|Win32
		{D06597D3-5DEA-4B57-B05A-F827DD25D2DC}.Debug - Static Lib with MEMTRACE|x86.Build.0 = Debug|Win32
		{D06597D3-5DEA-4B57-B05A-F827DD25D2DC}.Debug - Static Lib|x64.ActiveCfg = Debug|x64
		{D06597D3-5DEA-4B57-B05A-F827DD25D2DC}.Debug - Static Lib|x64.Build.0 = Debug|x64
		{D06597D3-5DEA-4B57-B05A-F827DD25D2DC}.Debug - Static Lib|x86.ActiveCfg = Debug|Win32
		{D06597D3-5DEA-4B57-B05A-F827DD25D2DC}.Debug - Static Lib|x86.Build.0 = Debug|Win32
		{D06597D3-5DEA-4B57-B05A-F827DD25D2DC}.Debug Multithreaded|x64.ActiveCfg = Debug|x64
		{D06597D3-5DEA-4B57-B05A-F827DD25D2DC}.Debug Multithreaded|x64.Build.0 = Debug|x64
		{D06597D3-5DEA-4B57-B05A-F827DD25D2DC}.Debug Multithreaded|x86.ActiveCfg = Debug|Win32
		{D06597D3-5DEA-4B57-B05A-F827DD25D2DC}.Debug Multithreaded|x86.Build.0 = Debug|Win32
		{D06597D3-5DEA-4B57-B05A-F827DD25D2DC}.Debug Singlethreaded|x64.ActiveCfg = Debug|x64
		{D06597D3-5DEA-4B57-B05A-F827DD25D2DC}.Debug Singlethreaded|x64.Build.0 = Debug|x64
		{D06597D3-5DEA-4B57-B05A-F827DD25D2DC}.Debug Singlethreaded|x86.ActiveCfg = Debug|Win32
		{D06597D3-5DEA-4B57-B05A-F827DD25D2DC}.Debug Singlethreaded|x86.Build.0 = Debug|Win32
		{D06597D3-5DEA-4B57-B05A-F827DD25D2DC}.Debug|x64.ActiveCfg = Debug|x64
		{D06597D3-5DEA-4B57-B05A-F827DD25D2DC}.Debug|x64.Build.0 = Debug|x64
		{D06597D3-5DEA-4B57-B05A-F827DD25D2DC}.Debug|x86.ActiveCfg = Debug|Win32
		{D06597D3-5DEA-4B57-B05A-F827DD25D2DC}.Debug|x86.Build.0 = Debug|Win32
		{D06597D3-5DEA-4B57-B05A-F827DD25D2DC}.Release - DLL|x64.ActiveCfg = Release|x64
		{D06597D3-5DEA-4B57-B05A-F827DD25D2DC}.Release - DLL|x64.Build.0 = Release|x64
		{D06597D3-5DEA-4B57-B05A-F827DD25D2DC}.Release - DLL|x86.ActiveCfg = Release|Win32
		{D06597D3-5DEA-4B57-B05A-F827DD25D2DC}.Release - DLL|x86.Build.0 = Release|Win32
		{D06597D3-5DEA-4B57-B05A-F827DD25D2DC}.Release - Static Lib|x64.ActiveCfg = Release|x64
		{D06597D3-5DEA-4B57-B05A-F827DD25D2DC}.Release - Static Lib|x64.Build.0 = Release|x64
		{D06597D3-5DEA-4B57-B05A-F827DD25D2DC}.Release - Static Lib|x86.ActiveCfg = Release|Win32
		{D06597D3-5DEA-4B57-B05A-F827DD25D2DC}.Release - Static Lib|x86.Build.0 = Release|Win32
		{D06597D3-5DEA-4B57-B05A-F827DD25D2DC}.Release Multithreaded|x64.ActiveCfg = Release|x64
		{D06597D3-5DEA-4B57-B05A-F827DD25D2DC}.Release Multithreaded|x64.Build.0 = Release|x64
		{D06597D3-5DEA-4B57-B05A-F827DD25D2DC}.Release Multithreaded|x86.ActiveCfg = Release|Win32
		{D06597D3-5DEA-4B57-B05A-F827DD25D2DC}.Release Multithreaded|x86.Build.0 = Release|Win32
		{D06597D3-5DEA-4B57-B05A-F827DD25D2DC}.Release Singlethreaded|x64.ActiveCfg = Release|x64
		{D06597D3-5DEA-4B57-B05A-F827DD25D2DC}.Release Singlethreaded|x64.Build.0 = Release|x64
		{D06597D3-5DEA-4B57-B05A-F827DD25D2DC}.Release Singlethreaded|x86.ActiveCfg = Release|Win32
		{D06597D3-5DEA-4B57-B05A-F827DD25D2DC}.Release Singlethreaded|x86.Build.0 = Release|Win32
		{D06597D3-5DEA-4B57-B05A-F827DD25D2DC}.Release|x64.ActiveCfg = Release|x64
		{D06597D3-5DEA-4B57-B05A-F827DD25D2DC}.Release|x64.Build.0 = Release|x64
		{D06597D3-5DEA-4B57-B05A-F827DD25D2DC}.Release|x86.ActiveCfg = Release|Win32
		{D06597D3-5DEA-4B57-B05A-F827DD25D2DC}.Release|x86.Build.0 = Release|Win32
		{9EAD2275-597A-4672-A837-987B63E9DED0}.Debug - DLL|x64.ActiveCfg = Debug|x64
		{9EAD2275-597A-4672-A837-987B63E9DED0}.Debug - DLL|x64.Build.0 = Debug|x64
		{9EAD2275-597A-4672-A837-987B63E9DED0}.Debug - DLL|x86.ActiveCfg = Debug|Win32
		{9EAD2275-597A-4672-A837-987B63E9DED0}.Debug - DLL|x86.Build.0 = Debug|Win32
		{9EAD2275-597A-4672-A837-987B63E9DED0}.Debug - Static Lib with MEMTRACE|x64.ActiveCfg = Debug|x64
		{9EAD2275-597A-4672-A837-987B63E9DED0}.Debug - Static Lib with MEMTRACE|x64.Build.0 = Debug|x64
		{9EAD2275-597A-4672-A837-987B63E9DED0}.Debug - Static Lib with MEMTRACE|x86.ActiveCfg = Debug|Win32
		{9EAD2275-597A-4672-A837-987B63E9DED0}.Debug - Static Lib with MEMTRACE|x86.Build.0 = Debug|Win32
		{9EAD2275-597A-4672-A837-987B63E9DED0}.Debug - Static Lib|x64.ActiveCfg = Debug|x64
		{9EAD2275-597A-4672-A837-987B63E9DED0}.Debug - Static Lib|x64.Build.0 = Debug|x64
		{9EAD2275-597A-4672-A837-987B63E9DED0}.Debug - Static Lib|x86.ActiveCfg = Debug|Win32
		{9EAD2275-597A-4672-A837-987B63E9DED0}.Debug - Static Lib|x86.Build.0 = Debug|Win32
		{9EAD2275-597A-4672-A837-987B63E9DED0}.Debug Multithreaded|x64.ActiveCfg = Debug|x64
		{9EAD2275-597A-4672-A837-987B63E9DED0}.Debug Multithreaded|x64.Build.0 = Debug|x64
		{9EAD2275-597A-4672-A837-987B63E9DED0}.Debug Multithreaded|x86.ActiveCfg = Debug|Win32
		{9EAD2275-597A-4672-A837-987B63E9DED0}.Debug Multithreaded|x86.Build.0 = Debug|Win32
		{9EAD2275-597A-4672-A837-987B63E9DED0}.Debug Singlethreaded|x64.ActiveCfg = Debug|x64
		{9EAD2275-597A-4672-A837-987B63E9DED0}.Debug Singlethreaded|x64.Build.0 = Debug|x64
		{9EAD2275-597A-4672-A837-987B63E9DED0}.Debug Singlethreaded|x86.ActiveCfg = Debug|Win32
		{9EAD2275-597A-4672-A837-987B63E9DED0}.Debug Singlethreaded|x86.Build.0 = Debug|Win32
		{9EAD2275-597A-4672-A837-987B63E9DED0}.Debug|x64.ActiveCfg = Debug|x64
		{9EAD2275-597A-4672-A837-987B63E9DED0}.Debug|x64.Build.0 = Debug|x64
		{9EAD2275-597A-4672-A837-987B63E9DED0}.Debug|x86.ActiveCfg = Debug|Win32
		{9EAD2275-597A-4672-A837-987B63E9DED0}.Debug|x86.Build.0 = Debug|Win32
		{9EAD2275-597A-4672-A837-987B63E9DED0}.Release - DLL|x64.ActiveCfg = Release|x64
		{9EAD2275-597A-4672-A837-987B63E9DED0}.Release - DLL|x64.Build.0 = Release|x64
		{9EAD2275-597A-4672-A837-987B63E9DED0}.Release - DLL|x86.ActiveCfg = Release|Win32
		{9EAD2275-597A-4672-A837-987B63E9DED0}.Release - DLL|x86.Build.0 = Release|Win32
		{9EAD2275-597A-4672-A837-987B63E9DED0}.Release - Static Lib|x64.ActiveCfg = Release|x64
		{9EAD2275-597A-4672-A837-987B63E9DED0}.Release - Static Lib|x64.Build.0 = Release|x64
		{9EAD2275-597A-4672-A837-987B63E9DED0}.Release - Static Lib|x86.ActiveCfg = Release|Win32
		{9EAD2275-597A-4672-A837-987B63E9DED0}.Release - Static Lib|x86.Build.0 = Release|Win32
		{9EAD2275-597A-4672-A837-987B63E9DED0}.Release Multithreaded|x64.ActiveCfg = Release|x64
		{9EAD2275-597A-4672-A837-987B63E9DED0}.Release Multithreaded|x64.Build.0 = Release|x64
		{9EAD2275-597A-4672-A837-987B63E9DED0}.Release Multithreaded|x86.ActiveCfg = Release|Win32
		{9EAD2275-597A-4672-A837-987B63E9DED0}.Release Multithreaded|x86.Build.0 = Release|Win32
		{9EAD2275-597A-4672-A837-987B63E9DED0}.Release Singlethreaded|x64.ActiveCfg = Release|x64
		{9EAD2275-597A-4672-A837-987B63E9DED0}.Release Singlethreaded|x64.Build.0 = Release|x64
		{9EAD2275-597A-4672-A837-987B63E9DED0}.Release Singlethreaded|x86.ActiveCfg = Release|Win32
		{9EAD2275-597A-4672-A837-987B63E9DED0}.Release Singlethreaded|x86.Build.0 = Release|Win32
		{9EAD2275-597A-4672-A837-987B63E9DED0}.Release|x64.ActiveCfg = Release|x64
		{9EAD2275-597A-4672-A837-987B63E9DED0}.Release|x64.Build.0 = Release|x64
		{9EAD2275-597A-4672-A837-987B63E9DED0}.Release|x86.ActiveCfg = Release|Win32
		{9EAD2275-597A-4672-A837-987B63E9DED0}.Release|x86.Build.0 = Release|Win32
	EndGlobalSection
	GlobalSection(SolutionProperties) = preSolution
		HideSolutionNode = FALSE
	EndGlobalSection
	GlobalSection(NestedProjects) = preSolution
		{4B662258-EE25-4B87-AC06-3F4324BD4EAF} = {6438D13E-3FAE-4D8F-9E4F-4E6EE70E4346}
		{8AD714BB-EF78-441B-BC81-0B5ABDB41FA5} = {CADEAC62-E28F-4545-83B3-2D7CA8EF0CBD}
		{4692AF85-E696-481E-8FFB-5135BDCE2326} = {CADEAC62-E28F-4545-83B3-2D7CA8EF0CBD}
		{EB965C9F-0179-46CE-9F33-F2991B423515} = {CADEAC62-E28F-4545-83B3-2D7CA8EF0CBD}
		{120B37D4-9F37-4FCB-9746-0FF887CE408B} = {6438D13E-3FAE-4D8F-9E4F-4E6EE70E4346}
		{EACCCFA7-BD61-449F-BA60-F398FF0780AE} = {CADEAC62-E28F-4545-83B3-2D7CA8EF0CBD}
		{3424CA68-F0AF-48A9-80A3-E441C11DE3E9} = {CADEAC62-E28F-4545-83B3-2D7CA8EF0CBD}
		{943F213F-305D-4476-8B00-4E18BC7E0E16} = {CADEAC62-E28F-4545-83B3-2D7CA8EF0CBD}
		{9C884165-DCBF-4262-8754-E59B30088C56} = {6438D13E-3FAE-4D8F-9E4F-4E6EE70E4346}
		{E88E5D8B-FAA8-41FA-B0A5-77C924300C0E} = {A03DF32A-E609-4026-B956-012340A1A216}
		{D06597D3-5DEA-4B57-B05A-F827DD25D2DC} = {A03DF32A-E609-4026-B956-012340A1A216}
		{9EAD2275-597A-4672-A837-987B63E9DED0} = {CADEAC62-E28F-4545-83B3-2D7CA8EF0CBD}
	EndGlobalSection
	GlobalSection(ExtensibilityGlobals) = postSolution
		SolutionGuid = {F5E45BE9-C085-4F05-A7C3-CF7D629E779B}
	EndGlobalSection
EndGlobal
