<?xml version="1.0" encoding="utf-8"?>
<Project ToolsVersion="4.0" xmlns="http://schemas.microsoft.com/developer/msbuild/2003">
  <ItemGroup>
    <Filter Include="Source Files">
      <UniqueIdentifier>{4FC737F1-C7A5-4376-A066-2A32D752A2FF}</UniqueIdentifier>
      <Extensions>cpp;c;cc;cxx;c++;cppm;ixx;def;odl;idl;hpj;bat;asm;asmx</Extensions>
    </Filter>
    <Filter Include="Header Files">
      <UniqueIdentifier>{93995380-89BD-4b04-88EB-625FBE52EBFB}</UniqueIdentifier>
      <Extensions>h;hh;hpp;hxx;h++;hm;inl;inc;ipp;xsd</Extensions>
    </Filter>
    <Filter Include="Resource Files">
      <UniqueIdentifier>{67DA6AB6-F800-4c08-8B7A-83BB121AAD01}</UniqueIdentifier>
      <Extensions>rc;ico;cur;bmp;dlg;rc2;rct;bin;rgs;gif;jpg;jpeg;jpe;resx;tiff;tif;png;wav;mfcribbon-ms</Extensions>
    </Filter>
  </ItemGroup>
  <ItemGroup>
    <ClCompile Include="..\..\libs\yaffs2\nanddrv.c">
      <Filter>Source Files</Filter>
    </ClCompile>
    <ClCompile Include="..\..\libs\yaffs2\yaffs_allocator.c">
      <Filter>Source Files</Filter>
    </ClCompile>
    <ClCompile Include="..\..\libs\yaffs2\yaffs_attribs.c">
      <Filter>Source Files</Filter>
    </ClCompile>
    <ClCompile Include="..\..\libs\yaffs2\yaffs_bitmap.c">
      <Filter>Source Files</Filter>
    </ClCompile>
    <ClCompile Include="..\..\libs\yaffs2\yaffs_checkptrw.c">
      <Filter>Source Files</Filter>
    </ClCompile>
    <ClCompile Include="..\..\libs\yaffs2\yaffs_ecc.c">
      <Filter>Source Files</Filter>
    </ClCompile>
    <ClCompile Include="..\..\libs\yaffs2\yaffs_endian.c">
      <Filter>Source Files</Filter>
    </ClCompile>
    <ClCompile Include="..\..\libs\yaffs2\yaffs_error.c">
      <Filter>Source Files</Filter>
    </ClCompile>
    <ClCompile Include="..\..\libs\yaffs2\yaffs_guts.c">
      <Filter>Source Files</Filter>
    </ClCompile>
    <ClCompile Include="..\..\libs\yaffs2\yaffs_hweight.c">
      <Filter>Source Files</Filter>
    </ClCompile>
    <ClCompile Include="..\..\libs\yaffs2\yaffs_nameval.c">
      <Filter>Source Files</Filter>
    </ClCompile>
    <ClCompile Include="..\..\libs\yaffs2\yaffs_nand.c">
      <Filter>Source Files</Filter>
    </ClCompile>
    <ClCompile Include="..\..\libs\yaffs2\yaffs_nand_drv.c">
      <Filter>Source Files</Filter>
    </ClCompile>
    <ClCompile Include="..\..\libs\yaffs2\yaffs_packedtags1.c">
      <Filter>Source Files</Filter>
    </ClCompile>
    <ClCompile Include="..\..\libs\yaffs2\yaffs_packedtags2.c">
      <Filter>Source Files</Filter>
    </ClCompile>
    <ClCompile Include="..\..\libs\yaffs2\yaffs_summary.c">
      <Filter>Source Files</Filter>
    </ClCompile>
    <ClCompile Include="..\..\libs\yaffs2\yaffs_tagscompat.c">
      <Filter>Source Files</Filter>
    </ClCompile>
    <ClCompile Include="..\..\libs\yaffs2\yaffs_tagsmarshall.c">
      <Filter>Source Files</Filter>
    </ClCompile>
    <ClCompile Include="..\..\libs\yaffs2\yaffs_verify.c">
      <Filter>Source Files</Filter>
    </ClCompile>
    <ClCompile Include="..\..\libs\yaffs2\yaffs_yaffs1.c">
      <Filter>Source Files</Filter>
    </ClCompile>
    <ClCompile Include="..\..\libs\yaffs2\yaffs_yaffs2.c">
      <Filter>Source Files</Filter>
    </ClCompile>
    <ClCompile Include="..\..\libs\yaffs2\yaffsfs.c">
      <Filter>Source Files</Filter>
    </ClCompile>
  </ItemGroup>
  <ItemGroup>
    <ClInclude Include="..\..\libs\yaffs2\nanddrv.h">
      <Filter>Header Files</Filter>
    </ClInclude>
    <ClInclude Include="..\..\libs\yaffs2\yaffs_allocator.h">
      <Filter>Header Files</Filter>
    </ClInclude>
    <ClInclude Include="..\..\libs\yaffs2\yaffs_attribs.h">
      <Filter>Header Files</Filter>
    </ClInclude>
    <ClInclude Include="..\..\libs\yaffs2\yaffs_bitmap.h">
      <Filter>Header Files</Filter>
    </ClInclude>
    <ClInclude Include="..\..\libs\yaffs2\yaffs_checkptrw.h">
      <Filter>Header Files</Filter>
    </ClInclude>
    <ClInclude Include="..\..\libs\yaffs2\yaffs_ecc.h">
      <Filter>Header Files</Filter>
    </ClInclude>
    <ClInclude Include="..\..\libs\yaffs2\yaffs_endian.h">
      <Filter>Header Files</Filter>
    </ClInclude>
    <ClInclude Include="..\..\libs\yaffs2\yaffs_flashif.h">
      <Filter>Header Files</Filter>
    </ClInclude>
    <ClInclude Include="..\..\libs\yaffs2\yaffs_flashif2.h">
      <Filter>Header Files</Filter>
    </ClInclude>
    <ClInclude Include="..\..\libs\yaffs2\yaffs_getblockinfo.h">
      <Filter>Header Files</Filter>
    </ClInclude>
    <ClInclude Include="..\..\libs\yaffs2\yaffs_guts.h">
      <Filter>Header Files</Filter>
    </ClInclude>
    <ClInclude Include="..\..\libs\yaffs2\yaffs_hweight.h">
      <Filter>Header Files</Filter>
    </ClInclude>
    <ClInclude Include="..\..\libs\yaffs2\yaffs_list.h">
      <Filter>Header Files</Filter>
    </ClInclude>
    <ClInclude Include="..\..\libs\yaffs2\yaffs_nameval.h">
      <Filter>Header Files</Filter>
    </ClInclude>
    <ClInclude Include="..\..\libs\yaffs2\yaffs_nand.h">
      <Filter>Header Files</Filter>
    </ClInclude>
    <ClInclude Include="..\..\libs\yaffs2\yaffs_nand_drv.h">
      <Filter>Header Files</Filter>
    </ClInclude>
    <ClInclude Include="..\..\libs\yaffs2\yaffs_nandemul2k.h">
      <Filter>Header Files</Filter>
    </ClInclude>
    <ClInclude Include="..\..\libs\yaffs2\yaffs_osglue.h">
      <Filter>Header Files</Filter>
    </ClInclude>
    <ClInclude Include="..\..\libs\yaffs2\yaffs_packedtags1.h">
      <Filter>Header Files</Filter>
    </ClInclude>
    <ClInclude Include="..\..\libs\yaffs2\yaffs_packedtags2.h">
      <Filter>Header Files</Filter>
    </ClInclude>
    <ClInclude Include="..\..\libs\yaffs2\yaffs_summary.h">
      <Filter>Header Files</Filter>
    </ClInclude>
    <ClInclude Include="..\..\libs\yaffs2\yaffs_tagscompat.h">
      <Filter>Header Files</Filter>
    </ClInclude>
    <ClInclude Include="..\..\libs\yaffs2\yaffs_tagsmarshall.h">
      <Filter>Header Files</Filter>
    </ClInclude>
    <ClInclude Include="..\..\libs\yaffs2\yaffs_trace.h">
      <Filter>Header Files</Filter>
    </ClInclude>
    <ClInclude Include="..\..\libs\yaffs2\yaffs_verify.h">
      <Filter>Header Files</Filter>
    </ClInclude>
    <ClInclude Include="..\..\libs\yaffs2\yaffs_yaffs1.h">
      <Filter>Header Files</Filter>
    </ClInclude>
    <ClInclude Include="..\..\libs\yaffs2\yaffs_yaffs2.h">
      <Filter>Header Files</Filter>
    </ClInclude>
    <ClInclude Include="..\..\libs\yaffs2\yaffscfg.h">
      <Filter>Header Files</Filter>
    </ClInclude>
    <ClInclude Include="..\..\libs\yaffs2\yaffsfs.h">
      <Filter>Header Files</Filter>
    </ClInclude>
    <ClInclude Include="..\..\libs\yaffs2\ydirectenv.h">
      <Filter>Header Files</Filter>
    </ClInclude>
    <ClInclude Include="..\..\libs\yaffs2\yportenv.h">
      <Filter>Header Files</Filter>
    </ClInclude>
  </ItemGroup>
</Project>