<?xml version="1.0" encoding="UTF-8" standalone="yes" ?>
<CodeBlocks_project_file>
	<FileVersion major="1" minor="6" />
	<Project>
		<Option title="proton" />
		<Option pch_mode="2" />
		<Option compiler="gcc" />
		<Build>
			<Target title="Debug">
				<Option output="bin/Debug/proton" prefix_auto="1" extension_auto="1" />
				<Option working_dir="" />
				<Option object_output="obj/Debug/" />
				<Option type="2" />
				<Option compiler="gcc" />
				<Compiler>
					<Add option="-g" />
				</Compiler>
			</Target>
			<Target title="Release">
				<Option output="bin/Release/proton" prefix_auto="1" extension_auto="1" />
				<Option object_output="obj/Release/" />
				<Option type="1" />
				<Option compiler="gcc" />
				<Compiler>
					<Add option="-O2" />
				</Compiler>
				<Linker>
					<Add option="-s" />
				</Linker>
			</Target>
		</Build>
		<Compiler>
			<Add option="-Wall" />
		</Compiler>
		<Unit filename="airspeed_window.c">
			<Option compilerVar="CC" />
		</Unit>
		<Unit filename="altitude_window.c">
			<Option compilerVar="CC" />
		</Unit>
		<Unit filename="annunciator_window.c">
			<Option compilerVar="CC" />
		</Unit>
		<Unit filename="arial_12.c">
			<Option compilerVar="CC" />
		</Unit>
		<Unit filename="arial_15.c">
			<Option compilerVar="CC" />
		</Unit>
		<Unit filename="arial_20.c">
			<Option compilerVar="CC" />
		</Unit>
		<Unit filename="arial_25.c">
			<Option compilerVar="CC" />
		</Unit>
		<Unit filename="arial_9.c">
			<Option compilerVar="CC" />
		</Unit>
		<Unit filename="attitude_window.c">
			<Option compilerVar="CC" />
		</Unit>
		<Unit filename="attitude_window_arial_9.c">
			<Option compilerVar="CC" />
		</Unit>
		<Unit filename="fonts.h" />
		<Unit filename="gauge_window.c">
			<Option compilerVar="CC" />
		</Unit>
		<Unit filename="gps_window.c">
			<Option compilerVar="CC" />
		</Unit>
		<Unit filename="hsi_window.c">
			<Option compilerVar="CC" />
		</Unit>
		<Unit filename="layout_window.c">
			<Option compilerVar="CC" />
		</Unit>
		<Unit filename="menu_window.c">
			<Option compilerVar="CC" />
		</Unit>
		<Unit filename="menu_window.h" />
		<Unit filename="navigation_window_arial_12.c">
			<Option compilerVar="CC" />
		</Unit>
		<Unit filename="pens.c">
			<Option compilerVar="CC" />
		</Unit>
		<Unit filename="pens.h" />
		<Unit filename="proton.c">
			<Option compilerVar="CC" />
		</Unit>
		<Unit filename="proton.h" />
		<Unit filename="regex.c">
			<Option compilerVar="CC" />
		</Unit>
		<Unit filename="regex.h" />
		<Unit filename="spatial.h" />
		<Unit filename="widget.c">
			<Option compilerVar="CC" />
		</Unit>
		<Unit filename="widget.h" />
		<Extensions>
			<code_completion />
			<debugger />
		</Extensions>
	</Project>
</CodeBlocks_project_file>
